
Microsoft Visual Studio Solution File, Format Version 12.00
# Visual Studio 15
VisualStudioVersion = 15.0.26328.2
MinimumVisualStudioVersion = 10.0.40219.1
Project("{FAE04EC0-301F-11D3-BF4B-00C04F79EFBC}") = "BindTestbedModel", "BindTestbedModel\BindTestbedModel.csproj", "{0748B16E-2455-494B-9D33-0231960FF58A}"
EndProject
Project("{8BC9CEB8-8B4A-11D0-8D11-00A0C91BC942}") = "BindTestbedCX", "BindTestbedCX\BindTestbedCX.vcxproj", "{0C50041D-0427-4969-BCE6-4C5A10A36DB6}"
EndProject
Project("{8BC9CEB8-8B4A-11D0-8D11-00A0C91BC942}") = "BindTestbedCXModel", "BindTestbedCXModel\BindTestbedCXModel.vcxproj", "{6EB67720-B6ED-486B-9BED-98A4C3696CEC}"
EndProject
Project("{8BC9CEB8-8B4A-11D0-8D11-00A0C91BC942}") = "BindTestbedCXIncremental", "BindTestbedCX\BindTestbedCXIncremental.vcxproj", "{5D17902C-AF47-499B-8A4C-E6DF327B8E98}"
EndProject
Global
	GlobalSection(SolutionConfigurationPlatforms) = preSolution
		Debug|x86 = Debug|x86
	EndGlobalSection
	GlobalSection(ProjectConfigurationPlatforms) = postSolution
		{0748B16E-2455-494B-9D33-0231960FF58A}.Debug|x86.ActiveCfg = Debug|x86
		{0748B16E-2455-494B-9D33-0231960FF58A}.Debug|x86.Build.0 = Debug|x86
		{0C50041D-0427-4969-BCE6-4C5A10A36DB6}.Debug|x86.ActiveCfg = Debug|Win32
		{0C50041D-0427-4969-BCE6-4C5A10A36DB6}.Debug|x86.Build.0 = Debug|Win32
		{0C50041D-0427-4969-BCE6-4C5A10A36DB6}.Debug|x86.Deploy.0 = Debug|Win32
		{6EB67720-B6ED-486B-9BED-98A4C3696CEC}.Debug|x86.ActiveCfg = Debug|Win32
		{6EB67720-B6ED-486B-9BED-98A4C3696CEC}.Debug|x86.Build.0 = Debug|Win32
		{5D17902C-AF47-499B-8A4C-E6DF327B8E98}.Debug|x86.ActiveCfg = Debug|Win32
		{5D17902C-AF47-499B-8A4C-E6DF327B8E98}.Debug|x86.Build.0 = Debug|Win32
		{5D17902C-AF47-499B-8A4C-E6DF327B8E98}.Debug|x86.Deploy.0 = Debug|Win32
	EndGlobalSection
	GlobalSection(SolutionProperties) = preSolution
		HideSolutionNode = FALSE
	EndGlobalSection
EndGlobal
