
Microsoft Visual Studio Solution File, Format Version 12.00
# Visual Studio Version 17
VisualStudioVersion = 17.2.32317.152
MinimumVisualStudioVersion = 10.0.40219.1
Project("{D954291E-2A0B-460D-934E-DC6B0785DB48}") = "System.Xaml", "BuildTasks\System.Xaml\System.Xaml.shproj", "{2F9ECEF0-F8C3-4F81-B6BE-29217E6CE9A4}"
EndProject
Project("{D954291E-2A0B-460D-934E-DC6B0785DB48}") = "Core", "BuildTasks\Core.shproj", "{33E682F2-AC0A-4027-B068-DF8858F34310}"
EndProject
Project("{9A19103F-16F7-4668-BE54-9A1E7A4F7556}") = "Microsoft.UI.Xaml.Markup.Compiler.Executable", "Exe\Microsoft.UI.Xaml.Markup.Compiler.Executable.csproj", "{5A98F9F4-BB19-428C-96B7-87FBF8FB91FE}"
EndProject
Project("{D954291E-2A0B-460D-934E-DC6B0785DB48}") = "Antlr4.Runtime", "BuildTasks\Antlr4.Runtime\Antlr4.Runtime.shproj", "{408F1391-EF36-41B6-934B-513CB820169D}"
EndProject
Project("{D954291E-2A0B-460D-934E-DC6B0785DB48}") = "BindingPath", "BuildTasks\BindingPath\BindingPath.shproj", "{06974793-A0B0-4339-AF27-158E26F15A85}"
EndProject
Project("{D954291E-2A0B-460D-934E-DC6B0785DB48}") = "ConditionalNamespace", "BuildTasks\ConditionalNamespace\ConditionalNamespace.shproj", "{06974794-A0B0-4339-AF27-158E26F15A85}"
EndProject
Project("{D954291E-2A0B-460D-934E-DC6B0785DB48}") = "Microsoft.UI.Xaml.Markup.Compiler.Core", "Microsoft.UI.Xaml.Markup.Compiler.Core\Microsoft.UI.Xaml.Markup.Compiler.Core.shproj", "{06974794-A0B0-4339-AF27-158E26F15A86}"
EndProject
Project("{D954291E-2A0B-460D-934E-DC6B0785DB48}") = "Microsoft.UI.Xaml.Markup.Compiler.Parsing", "Microsoft.UI.Xaml.Markup.Compiler.Parsing\Microsoft.UI.Xaml.Markup.Compiler.Parsing.shproj", "{06974794-A0B0-4339-AF27-158E26F15A87}"
EndProject
Project("{FAE04EC0-301F-11D3-BF4B-00C04F79EFBC}") = "Microsoft.UI.Xaml.Markup", "ReflectionLibrary\Microsoft.UI.Xaml.Markup.csproj", "{AAB997D1-4113-4B9F-A296-F4D07EC07F3A}"
EndProject
Project("{2150E333-8FDC-42A3-9474-1A3956D46DE8}") = "UnitTests", "UnitTests", "{AFD448F5-3DED-4DF4-89F5-656AE4FAF216}"
EndProject
Project("{FAE04EC0-301F-11D3-BF4B-00C04F79EFBC}") = "XamlCompilerUnitTests", "Tests\UnitTests\XamlCompilerUnitTests.csproj", "{6AC93711-0481-4941-A6B8-5C456D24A31F}"
	ProjectSection(ProjectDependencies) = postProject
		{42577057-854D-443D-AB59-F4E44C8F5207} = {42577057-854D-443D-AB59-F4E44C8F5207}
		{5D3B1E5D-9995-4FBE-88E9-2A36B2970307} = {5D3B1E5D-9995-4FBE-88E9-2A36B2970307}
		{9E20EC9E-B908-4245-87EA-C642ECDF843C} = {9E20EC9E-B908-4245-87EA-C642ECDF843C}
		{0CA38FA1-0403-4576-9EDF-7B1E81F60857} = {0CA38FA1-0403-4576-9EDF-7B1E81F60857}
		{CF0F4BDA-9030-4749-9102-7739049412F5} = {CF0F4BDA-9030-4749-9102-7739049412F5}
	EndProjectSection
EndProject
Project("{FAE04EC0-301F-11D3-BF4B-00C04F79EFBC}") = "LibManagedWinmd", "Tests\UnitTests\LibManagedWinmd\LibManagedWinmd.csproj", "{9E20EC9E-B908-4245-87EA-C642ECDF843C}"
	ProjectSection(ProjectDependencies) = postProject
		{CF0F4BDA-9030-4749-9102-7739049412F5} = {CF0F4BDA-9030-4749-9102-7739049412F5}
	EndProjectSection
EndProject
Project("{FAE04EC0-301F-11D3-BF4B-00C04F79EFBC}") = "LibManagedDllSatellite", "Tests\UnitTests\LibManagedDllSatellite\LibManagedDllSatellite.csproj", "{0CA38FA1-0403-4576-9EDF-7B1E81F60857}"
	ProjectSection(ProjectDependencies) = postProject
		{CF0F4BDA-9030-4749-9102-7739049412F5} = {CF0F4BDA-9030-4749-9102-7739049412F5}
	EndProjectSection
EndProject
Project("{FAE04EC0-301F-11D3-BF4B-00C04F79EFBC}") = "LibManagedDll", "Tests\UnitTests\LibManagedDll\LibManagedDll.csproj", "{5D3B1E5D-9995-4FBE-88E9-2A36B2970307}"
	ProjectSection(ProjectDependencies) = postProject
		{CF0F4BDA-9030-4749-9102-7739049412F5} = {CF0F4BDA-9030-4749-9102-7739049412F5}
	EndProjectSection
EndProject
Project("{FAE04EC0-301F-11D3-BF4B-00C04F79EFBC}") = "XamlCompilerProxies", "Tests\XamlCompilerProxies\XamlCompilerProxies.csproj", "{F292FA71-2B98-4CCF-9F2E-5F21936D3715}"
	ProjectSection(ProjectDependencies) = postProject
		{CF0F4BDA-9030-4749-9102-7739049412F5} = {CF0F4BDA-9030-4749-9102-7739049412F5}
	EndProjectSection
EndProject
Project("{8BC9CEB8-8B4A-11D0-8D11-00A0C91BC942}") = "MergedWinMD", "..\..\MergedWinMD\MergedWinMD.vcxproj", "{25CF9F3C-2B8C-438B-92AD-0FE7CC47C30E}"
	ProjectSection(ProjectDependencies) = postProject
		{F021A52A-6162-4E8D-B109-847EE5362DF9} = {F021A52A-6162-4E8D-B109-847EE5362DF9}
		{5876E568-B204-4219-8C08-9E8124EDAB9C} = {5876E568-B204-4219-8C08-9E8124EDAB9C}
		{84D22D7D-5FD0-4CCF-B8D2-C34506C6BA66} = {84D22D7D-5FD0-4CCF-B8D2-C34506C6BA66}
		{A1EB01C3-AC8B-45A8-97C8-C459B77ED690} = {A1EB01C3-AC8B-45A8-97C8-C459B77ED690}
		{F24B3ECB-BD87-4626-B17C-D8CC3E253F32} = {F24B3ECB-BD87-4626-B17C-D8CC3E253F32}
		{DE10DFE2-5EA3-452A-B055-FC60E330AFBB} = {DE10DFE2-5EA3-452A-B055-FC60E330AFBB}
	EndProjectSection
EndProject
Project("{8BC9CEB8-8B4A-11D0-8D11-00A0C91BC942}") = "microsoft.ui.xaml-com", "..\..\dxaml\xcp\dxaml\idl\com\microsoft.ui.xaml-com.vcxproj", "{A1EB01C3-AC8B-45A8-97C8-C459B77ED690}"
EndProject
Project("{8BC9CEB8-8B4A-11D0-8D11-00A0C91BC942}") = "GenXbf", "..\..\dxaml\xcp\tools\GenXbfDLL\GenXbf.vcxproj", "{42577057-854D-443D-AB59-F4E44C8F5207}"
	ProjectSection(ProjectDependencies) = postProject
		{F021A52A-6162-4E8D-B109-847EE5362DF9} = {F021A52A-6162-4E8D-B109-847EE5362DF9}
		{5876E568-B204-4219-8C08-9E8124EDAB9C} = {5876E568-B204-4219-8C08-9E8124EDAB9C}
		{CCC61973-BE99-4223-B935-353D03571E92} = {CCC61973-BE99-4223-B935-353D03571E92}
		{84D22D7D-5FD0-4CCF-B8D2-C34506C6BA66} = {84D22D7D-5FD0-4CCF-B8D2-C34506C6BA66}
		{0E9ADEA7-7E96-4F7C-9CE1-7B82FF6F70C4} = {0E9ADEA7-7E96-4F7C-9CE1-7B82FF6F70C4}
		{F1BEDBAB-6F95-4A90-8352-F54BF17F6FD0} = {F1BEDBAB-6F95-4A90-8352-F54BF17F6FD0}
		{F24B3ECB-BD87-4626-B17C-D8CC3E253F32} = {F24B3ECB-BD87-4626-B17C-D8CC3E253F32}
	EndProjectSection
EndProject
Project("{2150E333-8FDC-42A3-9474-1A3956D46DE8}") = "refs", "refs", "{17CC0F54-FF0B-4B37-92E3-D423CE96B6E1}"
EndProject
Project("{8BC9CEB8-8B4A-11D0-8D11-00A0C91BC942}") = "Microsoft.UI.Xaml.Allocation", "..\..\dxaml\xcp\components\allocation\lib\Microsoft.UI.Xaml.Allocation.vcxproj", "{502B46A0-DF35-4692-8275-CE66E7FDD741}"
EndProject
Project("{8BC9CEB8-8B4A-11D0-8D11-00A0C91BC942}") = "Microsoft.UI.Xaml.Precomp", "..\..\dxaml\xcp\components\pch\prod\Microsoft.UI.Xaml.Precomp.vcxproj", "{CCC61973-BE99-4223-B935-353D03571E92}"
EndProject
Project("{8BC9CEB8-8B4A-11D0-8D11-00A0C91BC942}") = "Microsoft.UI.Xaml.RuntimeEnabledFeatures", "..\..\dxaml\xcp\components\runtimeEnabledFeatures\lib\Microsoft.UI.Xaml.RuntimeEnabledFeatures.vcxproj", "{968DC6E1-0F0A-4211-97CC-57AB0754206B}"
EndProject
Project("{8BC9CEB8-8B4A-11D0-8D11-00A0C91BC942}") = "Microsoft.UI.Xaml.CriticalSection", "..\..\dxaml\xcp\components\criticalsection\lib\Microsoft.UI.Xaml.CriticalSection.vcxproj", "{EE89D265-0C07-49A3-B39C-D2A40ADF9D19}"
EndProject
Project("{8BC9CEB8-8B4A-11D0-8D11-00A0C91BC942}") = "Microsoft.UI.Xaml.Deferral", "..\..\dxaml\xcp\components\deferral\lib\Microsoft.UI.Xaml.Deferral.vcxproj", "{B686A4D4-EF60-411C-98C7-FD43225DC80F}"
EndProject
Project("{8BC9CEB8-8B4A-11D0-8D11-00A0C91BC942}") = "Microsoft.UI.Xaml.DependencyObjectMin", "..\..\dxaml\xcp\components\dependencyObject\minlib\Microsoft.UI.Xaml.DependencyObjectMin.vcxproj", "{E0DD7555-841B-40E4-967A-B6EC2DF39258}"
EndProject
Project("{8BC9CEB8-8B4A-11D0-8D11-00A0C91BC942}") = "Microsoft.UI.Xaml.XString", "..\..\dxaml\xcp\components\xstring\lib\Microsoft.UI.Xaml.XString.vcxproj", "{F9DA8380-5504-4ACC-BDE0-72CD5981826D}"
EndProject
Project("{8BC9CEB8-8B4A-11D0-8D11-00A0C91BC942}") = "Microsoft.UI.Xaml.Legacy", "..\..\dxaml\xcp\components\legacy\lib\Microsoft.UI.Xaml.Legacy.vcxproj", "{95D07701-4AF9-48E5-B726-0D42034811C8}"
EndProject
Project("{8BC9CEB8-8B4A-11D0-8D11-00A0C91BC942}") = "Microsoft.UI.Xaml.StaticPal", "..\..\dxaml\xcp\components\staticpal\lib\Microsoft.UI.Xaml.StaticPal.vcxproj", "{C766B284-6B02-474B-9A87-58B2A997BC59}"
EndProject
Project("{8BC9CEB8-8B4A-11D0-8D11-00A0C91BC942}") = "Microsoft.UI.Xaml.Com", "..\..\dxaml\xcp\components\com\lib\Microsoft.UI.Xaml.Com.vcxproj", "{38506CDD-C34A-404C-B6E2-4D1ED278DA88}"
EndProject
Project("{8BC9CEB8-8B4A-11D0-8D11-00A0C91BC942}") = "Microsoft.UI.Xaml.Metadata", "..\..\dxaml\xcp\components\metadata\lib\Microsoft.UI.Xaml.Metadata.vcxproj", "{23637F36-0CB9-4142-A60C-888B0EFE9A4C}"
EndProject
Project("{8BC9CEB8-8B4A-11D0-8D11-00A0C91BC942}") = "Microsoft.UI.Xaml.DynamicMetadataStorage", "..\..\dxaml\xcp\components\metadata\dynamicmetadatastorage\Microsoft.UI.Xaml.DynamicMetadataStorage.vcxproj", "{91CDC786-7B41-4339-B3DC-5854C6F04D4F}"
EndProject
Project("{8BC9CEB8-8B4A-11D0-8D11-00A0C91BC942}") = "Microsoft.UI.Xaml.CValue", "..\..\dxaml\xcp\components\CValue\lib\Microsoft.UI.Xaml.CValue.vcxproj", "{A96CF4EA-7170-4AFF-90A5-5FCE1055270F}"
EndProject
Project("{8BC9CEB8-8B4A-11D0-8D11-00A0C91BC942}") = "Microsoft.UI.Xaml.Colors", "..\..\dxaml\xcp\components\colors\lib\Microsoft.UI.Xaml.Colors.vcxproj", "{6B5AED1F-FD5D-47BC-9B9A-37D56E2C2E97}"
EndProject
Project("{8BC9CEB8-8B4A-11D0-8D11-00A0C91BC942}") = "Microsoft.UI.Xaml.NameScope", "..\..\dxaml\xcp\components\namescope\lib\Microsoft.UI.Xaml.NameScope.vcxproj", "{9589CB4A-53A6-42DC-A7EE-7E4374CD737D}"
EndProject
Project("{8BC9CEB8-8B4A-11D0-8D11-00A0C91BC942}") = "Microsoft.UI.Xaml.OneCoreTransforms", "..\..\dxaml\xcp\components\OneCoreTransforms\lib\Microsoft.UI.Xaml.OneCoreTransforms.vcxproj", "{4D59A898-7E24-4650-BAA0-7FE2BB6C82D4}"
EndProject
Project("{8BC9CEB8-8B4A-11D0-8D11-00A0C91BC942}") = "Microsoft.UI.Xaml.Flyweight", "..\..\dxaml\xcp\components\flyweight\lib\Microsoft.UI.Xaml.Flyweight.vcxproj", "{88536608-BAB9-49F1-9CC6-36B7F8E73D8A}"
EndProject
Project("{8BC9CEB8-8B4A-11D0-8D11-00A0C91BC942}") = "Microsoft.UI.Xaml.Framework.SimpleProperties", "..\..\dxaml\xcp\components\simple\lib\Microsoft.UI.Xaml.Framework.SimpleProperties.vcxproj", "{4A1F0CE8-0B6E-4D29-9799-A629C067543A}"
EndProject
Project("{8BC9CEB8-8B4A-11D0-8D11-00A0C91BC942}") = "PALDebug", "..\..\dxaml\xcp\pal\debug\PALDebug.vcxproj", "{F1BEDBAB-6F95-4A90-8352-F54BF17F6FD0}"
EndProject
Project("{8BC9CEB8-8B4A-11D0-8D11-00A0C91BC942}") = "Microsoft.UI.Xaml.Base", "..\..\dxaml\xcp\components\base\lib\Microsoft.UI.Xaml.Base.vcxproj", "{47C659B9-130A-4EB2-B367-C556A179D0CB}"
EndProject
Project("{8BC9CEB8-8B4A-11D0-8D11-00A0C91BC942}") = "Microsoft.UI.Xaml.DependencyLocator", "..\..\dxaml\xcp\components\dependencyLocator\lib\Microsoft.UI.Xaml.DependencyLocator.vcxproj", "{E2FFD843-5C31-491B-B58E-8A0BF55875CA}"
EndProject
Project("{8BC9CEB8-8B4A-11D0-8D11-00A0C91BC942}") = "Microsoft.UI.Xaml.Math", "..\..\dxaml\xcp\components\math\lib\Microsoft.UI.Xaml.Math.vcxproj", "{BBABDB8F-DB10-4CA7-9D8E-0634B5B2A183}"
EndProject
Project("{8BC9CEB8-8B4A-11D0-8D11-00A0C91BC942}") = "Microsoft.ui.xaml.controls.controls", "..\..\dxaml\xcp\dxaml\idl\winrt\controls\Microsoft.ui.xaml.controls.controls.vcxproj", "{F24B3ECB-BD87-4626-B17C-D8CC3E253F32}"
EndProject
Project("{8BC9CEB8-8B4A-11D0-8D11-00A0C91BC942}") = "Microsoft.ui.xaml.coretypes", "..\..\dxaml\xcp\dxaml\idl\winrt\core\Microsoft.ui.xaml.coretypes.vcxproj", "{F021A52A-6162-4E8D-B109-847EE5362DF9}"
EndProject
Project("{8BC9CEB8-8B4A-11D0-8D11-00A0C91BC942}") = "Microsoft.ui.xaml-main", "..\..\dxaml\xcp\dxaml\idl\winrt\main\Microsoft.ui.xaml-main.vcxproj", "{5876E568-B204-4219-8C08-9E8124EDAB9C}"
EndProject
Project("{8BC9CEB8-8B4A-11D0-8D11-00A0C91BC942}") = "Microsoft.UI.Xaml.Phone", "..\..\dxaml\phone\idl\phone.vcxproj", "{84D22D7D-5FD0-4CCF-B8D2-C34506C6BA66}"
EndProject
Project("{8BC9CEB8-8B4A-11D0-8D11-00A0C91BC942}") = "Parser.Core.Static", "..\..\dxaml\xcp\core\parser\staticcore\Parser.Core.Static.vcxproj", "{BC600EB1-A9FD-45D5-8DFF-28D793544E20}"
EndProject
Project("{8BC9CEB8-8B4A-11D0-8D11-00A0C91BC942}") = "Parser.pch", "..\..\dxaml\xcp\core\parser\staticpch\Parser.pch.vcxproj", "{0E9ADEA7-7E96-4F7C-9CE1-7B82FF6F70C4}"
	ProjectSection(ProjectDependencies) = postProject
		{D638A8EF-3A48-45F2-913C-88B29FED03CB} = {D638A8EF-3A48-45F2-913C-88B29FED03CB}
	EndProjectSection
EndProject
Project("{8BC9CEB8-8B4A-11D0-8D11-00A0C91BC942}") = "Microsoft.UI.Xaml", "..\..\dxaml\xcp\dxaml\idl\winrt\merged\private\Microsoft.UI.Xaml.vcxproj", "{D638A8EF-3A48-45F2-913C-88B29FED03CB}"
	ProjectSection(ProjectDependencies) = postProject
		{F021A52A-6162-4E8D-B109-847EE5362DF9} = {F021A52A-6162-4E8D-B109-847EE5362DF9}
		{5876E568-B204-4219-8C08-9E8124EDAB9C} = {5876E568-B204-4219-8C08-9E8124EDAB9C}
		{A1EB01C3-AC8B-45A8-97C8-C459B77ED690} = {A1EB01C3-AC8B-45A8-97C8-C459B77ED690}
		{F24B3ECB-BD87-4626-B17C-D8CC3E253F32} = {F24B3ECB-BD87-4626-B17C-D8CC3E253F32}
	EndProjectSection
EndProject
Project("{8BC9CEB8-8B4A-11D0-8D11-00A0C91BC942}") = "Microsoft.UI.Xaml.Controls.idl", "..\..\controls\idl\Microsoft.UI.Xaml.Controls.idl.vcxproj", "{DE10DFE2-5EA3-452A-B055-FC60E330AFBB}"
	ProjectSection(ProjectDependencies) = postProject
		{F021A52A-6162-4E8D-B109-847EE5362DF9} = {F021A52A-6162-4E8D-B109-847EE5362DF9}
		{F24B3ECB-BD87-4626-B17C-D8CC3E253F32} = {F24B3ECB-BD87-4626-B17C-D8CC3E253F32}
	EndProjectSection
EndProject
Project("{2150E333-8FDC-42A3-9474-1A3956D46DE8}") = "Executable Compiler", "Executable Compiler", "{F0DD2DD5-FA5B-44C7-9685-62849D42BBBC}"
EndProject
Project("{9A19103F-16F7-4668-BE54-9A1E7A4F7556}") = "Microsoft.UI.Xaml.Markup.Compiler.IO", "Exe\Microsoft.UI.Xaml.Markup.Compiler.IO\Microsoft.UI.Xaml.Markup.Compiler.IO.csproj", "{1FBDE93D-5C21-4761-87D6-2504F772BF28}"
EndProject
Project("{9A19103F-16F7-4668-BE54-9A1E7A4F7556}") = "Microsoft.UI.Xaml.Markup.Compiler.MSBuildInterop", "Exe\Microsoft.UI.Xaml.Markup.Compiler.MSBuildInterop\Microsoft.UI.Xaml.Markup.Compiler.MSBuildInterop.csproj", "{A1175D44-D47D-4D3E-A319-CEFC7170D29C}"
EndProject
Project("{9A19103F-16F7-4668-BE54-9A1E7A4F7556}") = "Microsoft.UI.Xaml.Markup.Compiler", "Microsoft.UI.Xaml.Markup.Compiler.csproj", "{CF0F4BDA-9030-4749-9102-7739049412F5}"
EndProject
Project("{D954291E-2A0B-460D-934E-DC6B0785DB48}") = "SuccinctCollectionSyntax", "BuildTasks\SuccinctCollectionSyntax\SuccinctCollectionSyntax.shproj", "{6B3A47EC-6204-40C1-A4EC-CEF1B1B9D2EA}"
EndProject
Global
	GlobalSection(SolutionConfigurationPlatforms) = preSolution
		Debug|Any CPU = Debug|Any CPU
		Debug|ARM64 = Debug|ARM64
		Debug|Win32 = Debug|Win32
		Debug|x64 = Debug|x64
		Release|Any CPU = Release|Any CPU
		Release|ARM64 = Release|ARM64
		Release|Win32 = Release|Win32
		Release|x64 = Release|x64
	EndGlobalSection
	GlobalSection(ProjectConfigurationPlatforms) = postSolution
		{5A98F9F4-BB19-428C-96B7-87FBF8FB91FE}.Debug|Any CPU.ActiveCfg = Debug|Any CPU
		{5A98F9F4-BB19-428C-96B7-87FBF8FB91FE}.Debug|ARM64.ActiveCfg = Debug|Any CPU
		{5A98F9F4-BB19-428C-96B7-87FBF8FB91FE}.Debug|Win32.ActiveCfg = Debug|Any CPU
		{5A98F9F4-BB19-428C-96B7-87FBF8FB91FE}.Debug|Win32.Build.0 = Debug|Any CPU
		{5A98F9F4-BB19-428C-96B7-87FBF8FB91FE}.Debug|x64.ActiveCfg = Debug|Any CPU
		{5A98F9F4-BB19-428C-96B7-87FBF8FB91FE}.Release|Any CPU.ActiveCfg = Release|Any CPU
		{5A98F9F4-BB19-428C-96B7-87FBF8FB91FE}.Release|ARM64.ActiveCfg = Release|Any CPU
		{5A98F9F4-BB19-428C-96B7-87FBF8FB91FE}.Release|Win32.ActiveCfg = Release|Any CPU
		{5A98F9F4-BB19-428C-96B7-87FBF8FB91FE}.Release|x64.ActiveCfg = Release|Any CPU
		{AAB997D1-4113-4B9F-A296-F4D07EC07F3A}.Debug|Any CPU.ActiveCfg = Debug|Any CPU
		{AAB997D1-4113-4B9F-A296-F4D07EC07F3A}.Debug|Any CPU.Build.0 = Debug|Any CPU
		{AAB997D1-4113-4B9F-A296-F4D07EC07F3A}.Debug|ARM64.ActiveCfg = Debug|ARM64
		{AAB997D1-4113-4B9F-A296-F4D07EC07F3A}.Debug|Win32.ActiveCfg = Debug|Any CPU
		{AAB997D1-4113-4B9F-A296-F4D07EC07F3A}.Debug|Win32.Build.0 = Debug|Any CPU
		{AAB997D1-4113-4B9F-A296-F4D07EC07F3A}.Debug|x64.ActiveCfg = Debug|x64
		{AAB997D1-4113-4B9F-A296-F4D07EC07F3A}.Debug|x64.Build.0 = Debug|x64
		{AAB997D1-4113-4B9F-A296-F4D07EC07F3A}.Release|Any CPU.ActiveCfg = Release|Any CPU
		{AAB997D1-4113-4B9F-A296-F4D07EC07F3A}.Release|Any CPU.Build.0 = Release|Any CPU
		{AAB997D1-4113-4B9F-A296-F4D07EC07F3A}.Release|ARM64.ActiveCfg = Debug|ARM64
		{AAB997D1-4113-4B9F-A296-F4D07EC07F3A}.Release|Win32.ActiveCfg = Release|Any CPU
		{AAB997D1-4113-4B9F-A296-F4D07EC07F3A}.Release|Win32.Build.0 = Release|Any CPU
		{AAB997D1-4113-4B9F-A296-F4D07EC07F3A}.Release|x64.ActiveCfg = Release|x64
		{AAB997D1-4113-4B9F-A296-F4D07EC07F3A}.Release|x64.Build.0 = Release|x64
		{6AC93711-0481-4941-A6B8-5C456D24A31F}.Debug|Any CPU.ActiveCfg = Debug|Any CPU
		{6AC93711-0481-4941-A6B8-5C456D24A31F}.Debug|ARM64.ActiveCfg = Debug|Any CPU
		{6AC93711-0481-4941-A6B8-5C456D24A31F}.Debug|Win32.ActiveCfg = Debug|Win32
		{6AC93711-0481-4941-A6B8-5C456D24A31F}.Debug|x64.ActiveCfg = Debug|x64
		{6AC93711-0481-4941-A6B8-5C456D24A31F}.Release|Any CPU.ActiveCfg = Release|Any CPU
		{6AC93711-0481-4941-A6B8-5C456D24A31F}.Release|ARM64.ActiveCfg = Debug|Any CPU
		{6AC93711-0481-4941-A6B8-5C456D24A31F}.Release|Win32.ActiveCfg = Release|Win32
		{6AC93711-0481-4941-A6B8-5C456D24A31F}.Release|x64.ActiveCfg = Release|x64
		{9E20EC9E-B908-4245-87EA-C642ECDF843C}.Debug|Any CPU.ActiveCfg = Debug|Any CPU
		{9E20EC9E-B908-4245-87EA-C642ECDF843C}.Debug|ARM64.ActiveCfg = Debug|Any CPU
		{9E20EC9E-B908-4245-87EA-C642ECDF843C}.Debug|Win32.ActiveCfg = Debug|x86
		{9E20EC9E-B908-4245-87EA-C642ECDF843C}.Debug|x64.ActiveCfg = Debug|x64
		{9E20EC9E-B908-4245-87EA-C642ECDF843C}.Release|Any CPU.ActiveCfg = Release|Any CPU
		{9E20EC9E-B908-4245-87EA-C642ECDF843C}.Release|ARM64.ActiveCfg = Debug|Any CPU
		{9E20EC9E-B908-4245-87EA-C642ECDF843C}.Release|Win32.ActiveCfg = Release|Any CPU
		{9E20EC9E-B908-4245-87EA-C642ECDF843C}.Release|x64.ActiveCfg = Release|x64
		{0CA38FA1-0403-4576-9EDF-7B1E81F60857}.Debug|Any CPU.ActiveCfg = Debug|Any CPU
		{0CA38FA1-0403-4576-9EDF-7B1E81F60857}.Debug|ARM64.ActiveCfg = Debug|Any CPU
		{0CA38FA1-0403-4576-9EDF-7B1E81F60857}.Debug|Win32.ActiveCfg = Debug|x86
		{0CA38FA1-0403-4576-9EDF-7B1E81F60857}.Debug|x64.ActiveCfg = Debug|x64
		{0CA38FA1-0403-4576-9EDF-7B1E81F60857}.Release|Any CPU.ActiveCfg = Release|Any CPU
		{0CA38FA1-0403-4576-9EDF-7B1E81F60857}.Release|ARM64.ActiveCfg = Debug|Any CPU
		{0CA38FA1-0403-4576-9EDF-7B1E81F60857}.Release|Win32.ActiveCfg = Release|Any CPU
		{0CA38FA1-0403-4576-9EDF-7B1E81F60857}.Release|x64.ActiveCfg = Release|x64
		{5D3B1E5D-9995-4FBE-88E9-2A36B2970307}.Debug|Any CPU.ActiveCfg = Debug|Any CPU
		{5D3B1E5D-9995-4FBE-88E9-2A36B2970307}.Debug|ARM64.ActiveCfg = Debug|Any CPU
		{5D3B1E5D-9995-4FBE-88E9-2A36B2970307}.Debug|Win32.ActiveCfg = Debug|x86
		{5D3B1E5D-9995-4FBE-88E9-2A36B2970307}.Debug|x64.ActiveCfg = Debug|x64
		{5D3B1E5D-9995-4FBE-88E9-2A36B2970307}.Release|Any CPU.ActiveCfg = Release|Any CPU
		{5D3B1E5D-9995-4FBE-88E9-2A36B2970307}.Release|ARM64.ActiveCfg = Release|Any CPU
		{5D3B1E5D-9995-4FBE-88E9-2A36B2970307}.Release|Win32.ActiveCfg = Release|Any CPU
		{5D3B1E5D-9995-4FBE-88E9-2A36B2970307}.Release|x64.ActiveCfg = Release|x64
		{F292FA71-2B98-4CCF-9F2E-5F21936D3715}.Debug|Any CPU.ActiveCfg = Debug|Any CPU
		{F292FA71-2B98-4CCF-9F2E-5F21936D3715}.Debug|ARM64.ActiveCfg = Debug|Any CPU
		{F292FA71-2B98-4CCF-9F2E-5F21936D3715}.Debug|Win32.ActiveCfg = Debug|Any CPU
		{F292FA71-2B98-4CCF-9F2E-5F21936D3715}.Debug|x64.ActiveCfg = Debug|Any CPU
		{F292FA71-2B98-4CCF-9F2E-5F21936D3715}.Release|Any CPU.ActiveCfg = Release|Any CPU
		{F292FA71-2B98-4CCF-9F2E-5F21936D3715}.Release|ARM64.ActiveCfg = Debug|Any CPU
		{F292FA71-2B98-4CCF-9F2E-5F21936D3715}.Release|Win32.ActiveCfg = Release|Any CPU
		{F292FA71-2B98-4CCF-9F2E-5F21936D3715}.Release|x64.ActiveCfg = Release|Any CPU
		{25CF9F3C-2B8C-438B-92AD-0FE7CC47C30E}.Debug|Any CPU.ActiveCfg = Debug|Win32
		{25CF9F3C-2B8C-438B-92AD-0FE7CC47C30E}.Debug|Any CPU.Build.0 = Debug|Win32
		{25CF9F3C-2B8C-438B-92AD-0FE7CC47C30E}.Debug|ARM64.ActiveCfg = Debug|ARM64
		{25CF9F3C-2B8C-438B-92AD-0FE7CC47C30E}.Debug|Win32.ActiveCfg = Debug|Win32
		{25CF9F3C-2B8C-438B-92AD-0FE7CC47C30E}.Debug|Win32.Build.0 = Debug|Win32
		{25CF9F3C-2B8C-438B-92AD-0FE7CC47C30E}.Debug|x64.ActiveCfg = Debug|x64
		{25CF9F3C-2B8C-438B-92AD-0FE7CC47C30E}.Debug|x64.Build.0 = Debug|x64
		{25CF9F3C-2B8C-438B-92AD-0FE7CC47C30E}.Release|Any CPU.ActiveCfg = Release|Win32
		{25CF9F3C-2B8C-438B-92AD-0FE7CC47C30E}.Release|Any CPU.Build.0 = Release|Win32
		{25CF9F3C-2B8C-438B-92AD-0FE7CC47C30E}.Release|ARM64.ActiveCfg = Release|ARM64
		{25CF9F3C-2B8C-438B-92AD-0FE7CC47C30E}.Release|Win32.ActiveCfg = Release|Win32
		{25CF9F3C-2B8C-438B-92AD-0FE7CC47C30E}.Release|Win32.Build.0 = Release|Win32
		{25CF9F3C-2B8C-438B-92AD-0FE7CC47C30E}.Release|x64.ActiveCfg = Release|x64
		{25CF9F3C-2B8C-438B-92AD-0FE7CC47C30E}.Release|x64.Build.0 = Release|x64
		{A1EB01C3-AC8B-45A8-97C8-C459B77ED690}.Debug|Any CPU.ActiveCfg = Debug|Win32
		{A1EB01C3-AC8B-45A8-97C8-C459B77ED690}.Debug|Any CPU.Build.0 = Debug|Win32
		{A1EB01C3-AC8B-45A8-97C8-C459B77ED690}.Debug|ARM64.ActiveCfg = Debug|ARM64
		{A1EB01C3-AC8B-45A8-97C8-C459B77ED690}.Debug|Win32.ActiveCfg = Debug|Win32
		{A1EB01C3-AC8B-45A8-97C8-C459B77ED690}.Debug|Win32.Build.0 = Debug|Win32
		{A1EB01C3-AC8B-45A8-97C8-C459B77ED690}.Debug|x64.ActiveCfg = Debug|x64
		{A1EB01C3-AC8B-45A8-97C8-C459B77ED690}.Debug|x64.Build.0 = Debug|x64
		{A1EB01C3-AC8B-45A8-97C8-C459B77ED690}.Release|Any CPU.ActiveCfg = Release|Win32
		{A1EB01C3-AC8B-45A8-97C8-C459B77ED690}.Release|Any CPU.Build.0 = Release|Win32
		{A1EB01C3-AC8B-45A8-97C8-C459B77ED690}.Release|ARM64.ActiveCfg = Release|ARM64
		{A1EB01C3-AC8B-45A8-97C8-C459B77ED690}.Release|Win32.ActiveCfg = Release|Win32
		{A1EB01C3-AC8B-45A8-97C8-C459B77ED690}.Release|Win32.Build.0 = Release|Win32
		{A1EB01C3-AC8B-45A8-97C8-C459B77ED690}.Release|x64.ActiveCfg = Release|x64
		{A1EB01C3-AC8B-45A8-97C8-C459B77ED690}.Release|x64.Build.0 = Release|x64
		{42577057-854D-443D-AB59-F4E44C8F5207}.Debug|Any CPU.ActiveCfg = Debug|Win32
		{42577057-854D-443D-AB59-F4E44C8F5207}.Debug|Any CPU.Build.0 = Debug|Win32
		{42577057-854D-443D-AB59-F4E44C8F5207}.Debug|ARM64.ActiveCfg = Debug|ARM64
		{42577057-854D-443D-AB59-F4E44C8F5207}.Debug|Win32.ActiveCfg = Debug|Win32
		{42577057-854D-443D-AB59-F4E44C8F5207}.Debug|Win32.Build.0 = Debug|Win32
		{42577057-854D-443D-AB59-F4E44C8F5207}.Debug|x64.ActiveCfg = Debug|x64
		{42577057-854D-443D-AB59-F4E44C8F5207}.Debug|x64.Build.0 = Debug|x64
		{42577057-854D-443D-AB59-F4E44C8F5207}.Release|Any CPU.ActiveCfg = Release|Win32
		{42577057-854D-443D-AB59-F4E44C8F5207}.Release|Any CPU.Build.0 = Release|Win32
		{42577057-854D-443D-AB59-F4E44C8F5207}.Release|ARM64.ActiveCfg = Release|ARM64
		{42577057-854D-443D-AB59-F4E44C8F5207}.Release|Win32.ActiveCfg = Release|Win32
		{42577057-854D-443D-AB59-F4E44C8F5207}.Release|Win32.Build.0 = Release|Win32
		{42577057-854D-443D-AB59-F4E44C8F5207}.Release|x64.ActiveCfg = Release|x64
		{42577057-854D-443D-AB59-F4E44C8F5207}.Release|x64.Build.0 = Release|x64
		{502B46A0-DF35-4692-8275-CE66E7FDD741}.Debug|Any CPU.ActiveCfg = Debug|Win32
		{502B46A0-DF35-4692-8275-CE66E7FDD741}.Debug|Any CPU.Build.0 = Debug|Win32
		{502B46A0-DF35-4692-8275-CE66E7FDD741}.Debug|ARM64.ActiveCfg = Debug|ARM64
		{502B46A0-DF35-4692-8275-CE66E7FDD741}.Debug|Win32.ActiveCfg = Debug|Win32
		{502B46A0-DF35-4692-8275-CE66E7FDD741}.Debug|Win32.Build.0 = Debug|Win32
		{502B46A0-DF35-4692-8275-CE66E7FDD741}.Debug|x64.ActiveCfg = Debug|x64
		{502B46A0-DF35-4692-8275-CE66E7FDD741}.Debug|x64.Build.0 = Debug|x64
		{502B46A0-DF35-4692-8275-CE66E7FDD741}.Release|Any CPU.ActiveCfg = Release|Win32
		{502B46A0-DF35-4692-8275-CE66E7FDD741}.Release|Any CPU.Build.0 = Release|Win32
		{502B46A0-DF35-4692-8275-CE66E7FDD741}.Release|ARM64.ActiveCfg = Debug|ARM64
		{502B46A0-DF35-4692-8275-CE66E7FDD741}.Release|Win32.ActiveCfg = Release|Win32
		{502B46A0-DF35-4692-8275-CE66E7FDD741}.Release|Win32.Build.0 = Release|Win32
		{502B46A0-DF35-4692-8275-CE66E7FDD741}.Release|x64.ActiveCfg = Release|x64
		{502B46A0-DF35-4692-8275-CE66E7FDD741}.Release|x64.Build.0 = Release|x64
		{CCC61973-BE99-4223-B935-353D03571E92}.Debug|Any CPU.ActiveCfg = Debug|Win32
		{CCC61973-BE99-4223-B935-353D03571E92}.Debug|Any CPU.Build.0 = Debug|Win32
		{CCC61973-BE99-4223-B935-353D03571E92}.Debug|ARM64.ActiveCfg = Debug|ARM64
		{CCC61973-BE99-4223-B935-353D03571E92}.Debug|Win32.ActiveCfg = Debug|Win32
		{CCC61973-BE99-4223-B935-353D03571E92}.Debug|Win32.Build.0 = Debug|Win32
		{CCC61973-BE99-4223-B935-353D03571E92}.Debug|x64.ActiveCfg = Debug|x64
		{CCC61973-BE99-4223-B935-353D03571E92}.Debug|x64.Build.0 = Debug|x64
		{CCC61973-BE99-4223-B935-353D03571E92}.Release|Any CPU.ActiveCfg = Release|Win32
		{CCC61973-BE99-4223-B935-353D03571E92}.Release|Any CPU.Build.0 = Release|Win32
		{CCC61973-BE99-4223-B935-353D03571E92}.Release|ARM64.ActiveCfg = Release|ARM64
		{CCC61973-BE99-4223-B935-353D03571E92}.Release|Win32.ActiveCfg = Release|Win32
		{CCC61973-BE99-4223-B935-353D03571E92}.Release|Win32.Build.0 = Release|Win32
		{CCC61973-BE99-4223-B935-353D03571E92}.Release|x64.ActiveCfg = Release|x64
		{CCC61973-BE99-4223-B935-353D03571E92}.Release|x64.Build.0 = Release|x64
		{968DC6E1-0F0A-4211-97CC-57AB0754206B}.Debug|Any CPU.ActiveCfg = Debug|Win32
		{968DC6E1-0F0A-4211-97CC-57AB0754206B}.Debug|Any CPU.Build.0 = Debug|Win32
		{968DC6E1-0F0A-4211-97CC-57AB0754206B}.Debug|ARM64.ActiveCfg = Debug|ARM64
		{968DC6E1-0F0A-4211-97CC-57AB0754206B}.Debug|Win32.ActiveCfg = Debug|Win32
		{968DC6E1-0F0A-4211-97CC-57AB0754206B}.Debug|Win32.Build.0 = Debug|Win32
		{968DC6E1-0F0A-4211-97CC-57AB0754206B}.Debug|x64.ActiveCfg = Debug|x64
		{968DC6E1-0F0A-4211-97CC-57AB0754206B}.Debug|x64.Build.0 = Debug|x64
		{968DC6E1-0F0A-4211-97CC-57AB0754206B}.Release|Any CPU.ActiveCfg = Release|Win32
		{968DC6E1-0F0A-4211-97CC-57AB0754206B}.Release|Any CPU.Build.0 = Release|Win32
		{968DC6E1-0F0A-4211-97CC-57AB0754206B}.Release|ARM64.ActiveCfg = Debug|ARM64
		{968DC6E1-0F0A-4211-97CC-57AB0754206B}.Release|Win32.ActiveCfg = Release|Win32
		{968DC6E1-0F0A-4211-97CC-57AB0754206B}.Release|Win32.Build.0 = Release|Win32
		{968DC6E1-0F0A-4211-97CC-57AB0754206B}.Release|x64.ActiveCfg = Release|x64
		{968DC6E1-0F0A-4211-97CC-57AB0754206B}.Release|x64.Build.0 = Release|x64
		{EE89D265-0C07-49A3-B39C-D2A40ADF9D19}.Debug|Any CPU.ActiveCfg = Debug|Win32
		{EE89D265-0C07-49A3-B39C-D2A40ADF9D19}.Debug|Any CPU.Build.0 = Debug|Win32
		{EE89D265-0C07-49A3-B39C-D2A40ADF9D19}.Debug|ARM64.ActiveCfg = Debug|ARM64
		{EE89D265-0C07-49A3-B39C-D2A40ADF9D19}.Debug|Win32.ActiveCfg = Debug|Win32
		{EE89D265-0C07-49A3-B39C-D2A40ADF9D19}.Debug|Win32.Build.0 = Debug|Win32
		{EE89D265-0C07-49A3-B39C-D2A40ADF9D19}.Debug|x64.ActiveCfg = Debug|x64
		{EE89D265-0C07-49A3-B39C-D2A40ADF9D19}.Debug|x64.Build.0 = Debug|x64
		{EE89D265-0C07-49A3-B39C-D2A40ADF9D19}.Release|Any CPU.ActiveCfg = Release|Win32
		{EE89D265-0C07-49A3-B39C-D2A40ADF9D19}.Release|Any CPU.Build.0 = Release|Win32
		{EE89D265-0C07-49A3-B39C-D2A40ADF9D19}.Release|ARM64.ActiveCfg = Debug|ARM64
		{EE89D265-0C07-49A3-B39C-D2A40ADF9D19}.Release|Win32.ActiveCfg = Release|Win32
		{EE89D265-0C07-49A3-B39C-D2A40ADF9D19}.Release|Win32.Build.0 = Release|Win32
		{EE89D265-0C07-49A3-B39C-D2A40ADF9D19}.Release|x64.ActiveCfg = Release|x64
		{EE89D265-0C07-49A3-B39C-D2A40ADF9D19}.Release|x64.Build.0 = Release|x64
		{B686A4D4-EF60-411C-98C7-FD43225DC80F}.Debug|Any CPU.ActiveCfg = Debug|Win32
		{B686A4D4-EF60-411C-98C7-FD43225DC80F}.Debug|Any CPU.Build.0 = Debug|Win32
		{B686A4D4-EF60-411C-98C7-FD43225DC80F}.Debug|ARM64.ActiveCfg = Debug|ARM64
		{B686A4D4-EF60-411C-98C7-FD43225DC80F}.Debug|Win32.ActiveCfg = Debug|Win32
		{B686A4D4-EF60-411C-98C7-FD43225DC80F}.Debug|Win32.Build.0 = Debug|Win32
		{B686A4D4-EF60-411C-98C7-FD43225DC80F}.Debug|x64.ActiveCfg = Debug|x64
		{B686A4D4-EF60-411C-98C7-FD43225DC80F}.Debug|x64.Build.0 = Debug|x64
		{B686A4D4-EF60-411C-98C7-FD43225DC80F}.Release|Any CPU.ActiveCfg = Release|Win32
		{B686A4D4-EF60-411C-98C7-FD43225DC80F}.Release|Any CPU.Build.0 = Release|Win32
		{B686A4D4-EF60-411C-98C7-FD43225DC80F}.Release|ARM64.ActiveCfg = Debug|ARM64
		{B686A4D4-EF60-411C-98C7-FD43225DC80F}.Release|Win32.ActiveCfg = Release|Win32
		{B686A4D4-EF60-411C-98C7-FD43225DC80F}.Release|Win32.Build.0 = Release|Win32
		{B686A4D4-EF60-411C-98C7-FD43225DC80F}.Release|x64.ActiveCfg = Release|x64
		{B686A4D4-EF60-411C-98C7-FD43225DC80F}.Release|x64.Build.0 = Release|x64
		{E0DD7555-841B-40E4-967A-B6EC2DF39258}.Debug|Any CPU.ActiveCfg = Debug|Win32
		{E0DD7555-841B-40E4-967A-B6EC2DF39258}.Debug|Any CPU.Build.0 = Debug|Win32
		{E0DD7555-841B-40E4-967A-B6EC2DF39258}.Debug|ARM64.ActiveCfg = Debug|ARM64
		{E0DD7555-841B-40E4-967A-B6EC2DF39258}.Debug|Win32.ActiveCfg = Debug|Win32
		{E0DD7555-841B-40E4-967A-B6EC2DF39258}.Debug|Win32.Build.0 = Debug|Win32
		{E0DD7555-841B-40E4-967A-B6EC2DF39258}.Debug|x64.ActiveCfg = Debug|x64
		{E0DD7555-841B-40E4-967A-B6EC2DF39258}.Debug|x64.Build.0 = Debug|x64
		{E0DD7555-841B-40E4-967A-B6EC2DF39258}.Release|Any CPU.ActiveCfg = Release|Win32
		{E0DD7555-841B-40E4-967A-B6EC2DF39258}.Release|Any CPU.Build.0 = Release|Win32
		{E0DD7555-841B-40E4-967A-B6EC2DF39258}.Release|ARM64.ActiveCfg = Debug|ARM64
		{E0DD7555-841B-40E4-967A-B6EC2DF39258}.Release|Win32.ActiveCfg = Release|Win32
		{E0DD7555-841B-40E4-967A-B6EC2DF39258}.Release|Win32.Build.0 = Release|Win32
		{E0DD7555-841B-40E4-967A-B6EC2DF39258}.Release|x64.ActiveCfg = Release|x64
		{E0DD7555-841B-40E4-967A-B6EC2DF39258}.Release|x64.Build.0 = Release|x64
		{F9DA8380-5504-4ACC-BDE0-72CD5981826D}.Debug|Any CPU.ActiveCfg = Debug|Win32
		{F9DA8380-5504-4ACC-BDE0-72CD5981826D}.Debug|Any CPU.Build.0 = Debug|Win32
		{F9DA8380-5504-4ACC-BDE0-72CD5981826D}.Debug|ARM64.ActiveCfg = Debug|ARM64
		{F9DA8380-5504-4ACC-BDE0-72CD5981826D}.Debug|Win32.ActiveCfg = Debug|Win32
		{F9DA8380-5504-4ACC-BDE0-72CD5981826D}.Debug|Win32.Build.0 = Debug|Win32
		{F9DA8380-5504-4ACC-BDE0-72CD5981826D}.Debug|x64.ActiveCfg = Debug|x64
		{F9DA8380-5504-4ACC-BDE0-72CD5981826D}.Debug|x64.Build.0 = Debug|x64
		{F9DA8380-5504-4ACC-BDE0-72CD5981826D}.Release|Any CPU.ActiveCfg = Release|Win32
		{F9DA8380-5504-4ACC-BDE0-72CD5981826D}.Release|Any CPU.Build.0 = Release|Win32
		{F9DA8380-5504-4ACC-BDE0-72CD5981826D}.Release|ARM64.ActiveCfg = Release|ARM64
		{F9DA8380-5504-4ACC-BDE0-72CD5981826D}.Release|Win32.ActiveCfg = Release|Win32
		{F9DA8380-5504-4ACC-BDE0-72CD5981826D}.Release|Win32.Build.0 = Release|Win32
		{F9DA8380-5504-4ACC-BDE0-72CD5981826D}.Release|x64.ActiveCfg = Release|x64
		{F9DA8380-5504-4ACC-BDE0-72CD5981826D}.Release|x64.Build.0 = Release|x64
		{95D07701-4AF9-48E5-B726-0D42034811C8}.Debug|Any CPU.ActiveCfg = Debug|Win32
		{95D07701-4AF9-48E5-B726-0D42034811C8}.Debug|Any CPU.Build.0 = Debug|Win32
		{95D07701-4AF9-48E5-B726-0D42034811C8}.Debug|ARM64.ActiveCfg = Debug|ARM64
		{95D07701-4AF9-48E5-B726-0D42034811C8}.Debug|Win32.ActiveCfg = Debug|Win32
		{95D07701-4AF9-48E5-B726-0D42034811C8}.Debug|Win32.Build.0 = Debug|Win32
		{95D07701-4AF9-48E5-B726-0D42034811C8}.Debug|x64.ActiveCfg = Debug|x64
		{95D07701-4AF9-48E5-B726-0D42034811C8}.Debug|x64.Build.0 = Debug|x64
		{95D07701-4AF9-48E5-B726-0D42034811C8}.Release|Any CPU.ActiveCfg = Release|Win32
		{95D07701-4AF9-48E5-B726-0D42034811C8}.Release|Any CPU.Build.0 = Release|Win32
		{95D07701-4AF9-48E5-B726-0D42034811C8}.Release|ARM64.ActiveCfg = Release|ARM64
		{95D07701-4AF9-48E5-B726-0D42034811C8}.Release|Win32.ActiveCfg = Release|Win32
		{95D07701-4AF9-48E5-B726-0D42034811C8}.Release|Win32.Build.0 = Release|Win32
		{95D07701-4AF9-48E5-B726-0D42034811C8}.Release|x64.ActiveCfg = Release|x64
		{95D07701-4AF9-48E5-B726-0D42034811C8}.Release|x64.Build.0 = Release|x64
		{C766B284-6B02-474B-9A87-58B2A997BC59}.Debug|Any CPU.ActiveCfg = Debug|Win32
		{C766B284-6B02-474B-9A87-58B2A997BC59}.Debug|Any CPU.Build.0 = Debug|Win32
		{C766B284-6B02-474B-9A87-58B2A997BC59}.Debug|ARM64.ActiveCfg = Debug|ARM64
		{C766B284-6B02-474B-9A87-58B2A997BC59}.Debug|Win32.ActiveCfg = Debug|Win32
		{C766B284-6B02-474B-9A87-58B2A997BC59}.Debug|Win32.Build.0 = Debug|Win32
		{C766B284-6B02-474B-9A87-58B2A997BC59}.Debug|x64.ActiveCfg = Debug|x64
		{C766B284-6B02-474B-9A87-58B2A997BC59}.Debug|x64.Build.0 = Debug|x64
		{C766B284-6B02-474B-9A87-58B2A997BC59}.Release|Any CPU.ActiveCfg = Release|Win32
		{C766B284-6B02-474B-9A87-58B2A997BC59}.Release|Any CPU.Build.0 = Release|Win32
		{C766B284-6B02-474B-9A87-58B2A997BC59}.Release|ARM64.ActiveCfg = Release|ARM64
		{C766B284-6B02-474B-9A87-58B2A997BC59}.Release|Win32.ActiveCfg = Release|Win32
		{C766B284-6B02-474B-9A87-58B2A997BC59}.Release|Win32.Build.0 = Release|Win32
		{C766B284-6B02-474B-9A87-58B2A997BC59}.Release|x64.ActiveCfg = Release|x64
		{C766B284-6B02-474B-9A87-58B2A997BC59}.Release|x64.Build.0 = Release|x64
		{38506CDD-C34A-404C-B6E2-4D1ED278DA88}.Debug|Any CPU.ActiveCfg = Debug|Win32
		{38506CDD-C34A-404C-B6E2-4D1ED278DA88}.Debug|Any CPU.Build.0 = Debug|Win32
		{38506CDD-C34A-404C-B6E2-4D1ED278DA88}.Debug|ARM64.ActiveCfg = Debug|ARM64
		{38506CDD-C34A-404C-B6E2-4D1ED278DA88}.Debug|Win32.ActiveCfg = Debug|Win32
		{38506CDD-C34A-404C-B6E2-4D1ED278DA88}.Debug|Win32.Build.0 = Debug|Win32
		{38506CDD-C34A-404C-B6E2-4D1ED278DA88}.Debug|x64.ActiveCfg = Debug|x64
		{38506CDD-C34A-404C-B6E2-4D1ED278DA88}.Debug|x64.Build.0 = Debug|x64
		{38506CDD-C34A-404C-B6E2-4D1ED278DA88}.Release|Any CPU.ActiveCfg = Release|Win32
		{38506CDD-C34A-404C-B6E2-4D1ED278DA88}.Release|Any CPU.Build.0 = Release|Win32
		{38506CDD-C34A-404C-B6E2-4D1ED278DA88}.Release|ARM64.ActiveCfg = Debug|ARM64
		{38506CDD-C34A-404C-B6E2-4D1ED278DA88}.Release|Win32.ActiveCfg = Release|Win32
		{38506CDD-C34A-404C-B6E2-4D1ED278DA88}.Release|Win32.Build.0 = Release|Win32
		{38506CDD-C34A-404C-B6E2-4D1ED278DA88}.Release|x64.ActiveCfg = Release|x64
		{38506CDD-C34A-404C-B6E2-4D1ED278DA88}.Release|x64.Build.0 = Release|x64
		{23637F36-0CB9-4142-A60C-888B0EFE9A4C}.Debug|Any CPU.ActiveCfg = Debug|Win32
		{23637F36-0CB9-4142-A60C-888B0EFE9A4C}.Debug|Any CPU.Build.0 = Debug|Win32
		{23637F36-0CB9-4142-A60C-888B0EFE9A4C}.Debug|ARM64.ActiveCfg = Debug|ARM64
		{23637F36-0CB9-4142-A60C-888B0EFE9A4C}.Debug|Win32.ActiveCfg = Debug|Win32
		{23637F36-0CB9-4142-A60C-888B0EFE9A4C}.Debug|Win32.Build.0 = Debug|Win32
		{23637F36-0CB9-4142-A60C-888B0EFE9A4C}.Debug|x64.ActiveCfg = Debug|x64
		{23637F36-0CB9-4142-A60C-888B0EFE9A4C}.Debug|x64.Build.0 = Debug|x64
		{23637F36-0CB9-4142-A60C-888B0EFE9A4C}.Release|Any CPU.ActiveCfg = Release|Win32
		{23637F36-0CB9-4142-A60C-888B0EFE9A4C}.Release|Any CPU.Build.0 = Release|Win32
		{23637F36-0CB9-4142-A60C-888B0EFE9A4C}.Release|ARM64.ActiveCfg = Release|ARM64
		{23637F36-0CB9-4142-A60C-888B0EFE9A4C}.Release|Win32.ActiveCfg = Release|Win32
		{23637F36-0CB9-4142-A60C-888B0EFE9A4C}.Release|Win32.Build.0 = Release|Win32
		{23637F36-0CB9-4142-A60C-888B0EFE9A4C}.Release|x64.ActiveCfg = Release|x64
		{23637F36-0CB9-4142-A60C-888B0EFE9A4C}.Release|x64.Build.0 = Release|x64
		{91CDC786-7B41-4339-B3DC-5854C6F04D4F}.Debug|Any CPU.ActiveCfg = Debug|Win32
		{91CDC786-7B41-4339-B3DC-5854C6F04D4F}.Debug|Any CPU.Build.0 = Debug|Win32
		{91CDC786-7B41-4339-B3DC-5854C6F04D4F}.Debug|ARM64.ActiveCfg = Debug|ARM64
		{91CDC786-7B41-4339-B3DC-5854C6F04D4F}.Debug|Win32.ActiveCfg = Debug|Win32
		{91CDC786-7B41-4339-B3DC-5854C6F04D4F}.Debug|Win32.Build.0 = Debug|Win32
		{91CDC786-7B41-4339-B3DC-5854C6F04D4F}.Debug|x64.ActiveCfg = Debug|x64
		{91CDC786-7B41-4339-B3DC-5854C6F04D4F}.Debug|x64.Build.0 = Debug|x64
		{91CDC786-7B41-4339-B3DC-5854C6F04D4F}.Release|Any CPU.ActiveCfg = Release|Win32
		{91CDC786-7B41-4339-B3DC-5854C6F04D4F}.Release|Any CPU.Build.0 = Release|Win32
		{91CDC786-7B41-4339-B3DC-5854C6F04D4F}.Release|ARM64.ActiveCfg = Release|ARM64
		{91CDC786-7B41-4339-B3DC-5854C6F04D4F}.Release|Win32.ActiveCfg = Release|Win32
		{91CDC786-7B41-4339-B3DC-5854C6F04D4F}.Release|Win32.Build.0 = Release|Win32
		{91CDC786-7B41-4339-B3DC-5854C6F04D4F}.Release|x64.ActiveCfg = Release|x64
		{91CDC786-7B41-4339-B3DC-5854C6F04D4F}.Release|x64.Build.0 = Release|x64
		{A96CF4EA-7170-4AFF-90A5-5FCE1055270F}.Debug|Any CPU.ActiveCfg = Debug|Win32
		{A96CF4EA-7170-4AFF-90A5-5FCE1055270F}.Debug|Any CPU.Build.0 = Debug|Win32
		{A96CF4EA-7170-4AFF-90A5-5FCE1055270F}.Debug|ARM64.ActiveCfg = Debug|ARM64
		{A96CF4EA-7170-4AFF-90A5-5FCE1055270F}.Debug|Win32.ActiveCfg = Debug|Win32
		{A96CF4EA-7170-4AFF-90A5-5FCE1055270F}.Debug|Win32.Build.0 = Debug|Win32
		{A96CF4EA-7170-4AFF-90A5-5FCE1055270F}.Debug|x64.ActiveCfg = Debug|x64
		{A96CF4EA-7170-4AFF-90A5-5FCE1055270F}.Debug|x64.Build.0 = Debug|x64
		{A96CF4EA-7170-4AFF-90A5-5FCE1055270F}.Release|Any CPU.ActiveCfg = Release|Win32
		{A96CF4EA-7170-4AFF-90A5-5FCE1055270F}.Release|Any CPU.Build.0 = Release|Win32
		{A96CF4EA-7170-4AFF-90A5-5FCE1055270F}.Release|ARM64.ActiveCfg = Release|ARM64
		{A96CF4EA-7170-4AFF-90A5-5FCE1055270F}.Release|Win32.ActiveCfg = Release|Win32
		{A96CF4EA-7170-4AFF-90A5-5FCE1055270F}.Release|Win32.Build.0 = Release|Win32
		{A96CF4EA-7170-4AFF-90A5-5FCE1055270F}.Release|x64.ActiveCfg = Release|x64
		{A96CF4EA-7170-4AFF-90A5-5FCE1055270F}.Release|x64.Build.0 = Release|x64
		{6B5AED1F-FD5D-47BC-9B9A-37D56E2C2E97}.Debug|Any CPU.ActiveCfg = Debug|Win32
		{6B5AED1F-FD5D-47BC-9B9A-37D56E2C2E97}.Debug|Any CPU.Build.0 = Debug|Win32
		{6B5AED1F-FD5D-47BC-9B9A-37D56E2C2E97}.Debug|ARM64.ActiveCfg = Debug|ARM64
		{6B5AED1F-FD5D-47BC-9B9A-37D56E2C2E97}.Debug|Win32.ActiveCfg = Debug|Win32
		{6B5AED1F-FD5D-47BC-9B9A-37D56E2C2E97}.Debug|Win32.Build.0 = Debug|Win32
		{6B5AED1F-FD5D-47BC-9B9A-37D56E2C2E97}.Debug|x64.ActiveCfg = Debug|x64
		{6B5AED1F-FD5D-47BC-9B9A-37D56E2C2E97}.Debug|x64.Build.0 = Debug|x64
		{6B5AED1F-FD5D-47BC-9B9A-37D56E2C2E97}.Release|Any CPU.ActiveCfg = Release|Win32
		{6B5AED1F-FD5D-47BC-9B9A-37D56E2C2E97}.Release|Any CPU.Build.0 = Release|Win32
		{6B5AED1F-FD5D-47BC-9B9A-37D56E2C2E97}.Release|ARM64.ActiveCfg = Debug|ARM64
		{6B5AED1F-FD5D-47BC-9B9A-37D56E2C2E97}.Release|Win32.ActiveCfg = Release|Win32
		{6B5AED1F-FD5D-47BC-9B9A-37D56E2C2E97}.Release|Win32.Build.0 = Release|Win32
		{6B5AED1F-FD5D-47BC-9B9A-37D56E2C2E97}.Release|x64.ActiveCfg = Release|x64
		{6B5AED1F-FD5D-47BC-9B9A-37D56E2C2E97}.Release|x64.Build.0 = Release|x64
		{9589CB4A-53A6-42DC-A7EE-7E4374CD737D}.Debug|Any CPU.ActiveCfg = Debug|Win32
		{9589CB4A-53A6-42DC-A7EE-7E4374CD737D}.Debug|Any CPU.Build.0 = Debug|Win32
		{9589CB4A-53A6-42DC-A7EE-7E4374CD737D}.Debug|ARM64.ActiveCfg = Debug|ARM64
		{9589CB4A-53A6-42DC-A7EE-7E4374CD737D}.Debug|Win32.ActiveCfg = Debug|Win32
		{9589CB4A-53A6-42DC-A7EE-7E4374CD737D}.Debug|Win32.Build.0 = Debug|Win32
		{9589CB4A-53A6-42DC-A7EE-7E4374CD737D}.Debug|x64.ActiveCfg = Debug|x64
		{9589CB4A-53A6-42DC-A7EE-7E4374CD737D}.Debug|x64.Build.0 = Debug|x64
		{9589CB4A-53A6-42DC-A7EE-7E4374CD737D}.Release|Any CPU.ActiveCfg = Release|Win32
		{9589CB4A-53A6-42DC-A7EE-7E4374CD737D}.Release|Any CPU.Build.0 = Release|Win32
		{9589CB4A-53A6-42DC-A7EE-7E4374CD737D}.Release|ARM64.ActiveCfg = Release|ARM64
		{9589CB4A-53A6-42DC-A7EE-7E4374CD737D}.Release|Win32.ActiveCfg = Release|Win32
		{9589CB4A-53A6-42DC-A7EE-7E4374CD737D}.Release|Win32.Build.0 = Release|Win32
		{9589CB4A-53A6-42DC-A7EE-7E4374CD737D}.Release|x64.ActiveCfg = Release|x64
		{9589CB4A-53A6-42DC-A7EE-7E4374CD737D}.Release|x64.Build.0 = Release|x64
		{4D59A898-7E24-4650-BAA0-7FE2BB6C82D4}.Debug|Any CPU.ActiveCfg = Debug|Win32
		{4D59A898-7E24-4650-BAA0-7FE2BB6C82D4}.Debug|ARM64.ActiveCfg = Debug|ARM64
		{4D59A898-7E24-4650-BAA0-7FE2BB6C82D4}.Debug|ARM64.Build.0 = Debug|ARM64
		{4D59A898-7E24-4650-BAA0-7FE2BB6C82D4}.Debug|Win32.ActiveCfg = Debug|Win32
		{4D59A898-7E24-4650-BAA0-7FE2BB6C82D4}.Debug|Win32.Build.0 = Debug|Win32
		{4D59A898-7E24-4650-BAA0-7FE2BB6C82D4}.Debug|x64.ActiveCfg = Debug|x64
		{4D59A898-7E24-4650-BAA0-7FE2BB6C82D4}.Debug|x64.Build.0 = Debug|x64
		{4D59A898-7E24-4650-BAA0-7FE2BB6C82D4}.Release|Any CPU.ActiveCfg = Release|Win32
		{4D59A898-7E24-4650-BAA0-7FE2BB6C82D4}.Release|ARM64.ActiveCfg = Release|ARM64
		{4D59A898-7E24-4650-BAA0-7FE2BB6C82D4}.Release|ARM64.Build.0 = Release|ARM64
		{4D59A898-7E24-4650-BAA0-7FE2BB6C82D4}.Release|Win32.ActiveCfg = Release|Win32
		{4D59A898-7E24-4650-BAA0-7FE2BB6C82D4}.Release|Win32.Build.0 = Release|Win32
		{4D59A898-7E24-4650-BAA0-7FE2BB6C82D4}.Release|x64.ActiveCfg = Release|x64
		{4D59A898-7E24-4650-BAA0-7FE2BB6C82D4}.Release|x64.Build.0 = Release|x64
		{88536608-BAB9-49F1-9CC6-36B7F8E73D8A}.Debug|Any CPU.ActiveCfg = Debug|Win32
		{88536608-BAB9-49F1-9CC6-36B7F8E73D8A}.Debug|Any CPU.Build.0 = Debug|Win32
		{88536608-BAB9-49F1-9CC6-36B7F8E73D8A}.Debug|ARM64.ActiveCfg = Debug|ARM64
		{88536608-BAB9-49F1-9CC6-36B7F8E73D8A}.Debug|Win32.ActiveCfg = Debug|Win32
		{88536608-BAB9-49F1-9CC6-36B7F8E73D8A}.Debug|Win32.Build.0 = Debug|Win32
		{88536608-BAB9-49F1-9CC6-36B7F8E73D8A}.Debug|x64.ActiveCfg = Debug|x64
		{88536608-BAB9-49F1-9CC6-36B7F8E73D8A}.Debug|x64.Build.0 = Debug|x64
		{88536608-BAB9-49F1-9CC6-36B7F8E73D8A}.Release|Any CPU.ActiveCfg = Release|Win32
		{88536608-BAB9-49F1-9CC6-36B7F8E73D8A}.Release|Any CPU.Build.0 = Release|Win32
		{88536608-BAB9-49F1-9CC6-36B7F8E73D8A}.Release|ARM64.ActiveCfg = Release|ARM64
		{88536608-BAB9-49F1-9CC6-36B7F8E73D8A}.Release|Win32.ActiveCfg = Release|Win32
		{88536608-BAB9-49F1-9CC6-36B7F8E73D8A}.Release|Win32.Build.0 = Release|Win32
		{88536608-BAB9-49F1-9CC6-36B7F8E73D8A}.Release|x64.ActiveCfg = Release|x64
		{88536608-BAB9-49F1-9CC6-36B7F8E73D8A}.Release|x64.Build.0 = Release|x64
		{4A1F0CE8-0B6E-4D29-9799-A629C067543A}.Debug|Any CPU.ActiveCfg = Debug|Win32
		{4A1F0CE8-0B6E-4D29-9799-A629C067543A}.Debug|Any CPU.Build.0 = Debug|Win32
		{4A1F0CE8-0B6E-4D29-9799-A629C067543A}.Debug|ARM64.ActiveCfg = Debug|ARM64
		{4A1F0CE8-0B6E-4D29-9799-A629C067543A}.Debug|Win32.ActiveCfg = Debug|Win32
		{4A1F0CE8-0B6E-4D29-9799-A629C067543A}.Debug|Win32.Build.0 = Debug|Win32
		{4A1F0CE8-0B6E-4D29-9799-A629C067543A}.Debug|x64.ActiveCfg = Debug|x64
		{4A1F0CE8-0B6E-4D29-9799-A629C067543A}.Debug|x64.Build.0 = Debug|x64
		{4A1F0CE8-0B6E-4D29-9799-A629C067543A}.Release|Any CPU.ActiveCfg = Release|Win32
		{4A1F0CE8-0B6E-4D29-9799-A629C067543A}.Release|Any CPU.Build.0 = Release|Win32
		{4A1F0CE8-0B6E-4D29-9799-A629C067543A}.Release|ARM64.ActiveCfg = Debug|ARM64
		{4A1F0CE8-0B6E-4D29-9799-A629C067543A}.Release|Win32.ActiveCfg = Release|Win32
		{4A1F0CE8-0B6E-4D29-9799-A629C067543A}.Release|Win32.Build.0 = Release|Win32
		{4A1F0CE8-0B6E-4D29-9799-A629C067543A}.Release|x64.ActiveCfg = Release|x64
		{4A1F0CE8-0B6E-4D29-9799-A629C067543A}.Release|x64.Build.0 = Release|x64
		{F1BEDBAB-6F95-4A90-8352-F54BF17F6FD0}.Debug|Any CPU.ActiveCfg = Debug|Win32
		{F1BEDBAB-6F95-4A90-8352-F54BF17F6FD0}.Debug|Any CPU.Build.0 = Debug|Win32
		{F1BEDBAB-6F95-4A90-8352-F54BF17F6FD0}.Debug|ARM64.ActiveCfg = Debug|ARM64
		{F1BEDBAB-6F95-4A90-8352-F54BF17F6FD0}.Debug|Win32.ActiveCfg = Debug|Win32
		{F1BEDBAB-6F95-4A90-8352-F54BF17F6FD0}.Debug|Win32.Build.0 = Debug|Win32
		{F1BEDBAB-6F95-4A90-8352-F54BF17F6FD0}.Debug|x64.ActiveCfg = Debug|x64
		{F1BEDBAB-6F95-4A90-8352-F54BF17F6FD0}.Debug|x64.Build.0 = Debug|x64
		{F1BEDBAB-6F95-4A90-8352-F54BF17F6FD0}.Release|Any CPU.ActiveCfg = Release|Win32
		{F1BEDBAB-6F95-4A90-8352-F54BF17F6FD0}.Release|Any CPU.Build.0 = Release|Win32
		{F1BEDBAB-6F95-4A90-8352-F54BF17F6FD0}.Release|ARM64.ActiveCfg = Debug|ARM64
		{F1BEDBAB-6F95-4A90-8352-F54BF17F6FD0}.Release|Win32.ActiveCfg = Release|Win32
		{F1BEDBAB-6F95-4A90-8352-F54BF17F6FD0}.Release|Win32.Build.0 = Release|Win32
		{F1BEDBAB-6F95-4A90-8352-F54BF17F6FD0}.Release|x64.ActiveCfg = Release|x64
		{F1BEDBAB-6F95-4A90-8352-F54BF17F6FD0}.Release|x64.Build.0 = Release|x64
		{47C659B9-130A-4EB2-B367-C556A179D0CB}.Debug|Any CPU.ActiveCfg = Debug|Win32
		{47C659B9-130A-4EB2-B367-C556A179D0CB}.Debug|Any CPU.Build.0 = Debug|Win32
		{47C659B9-130A-4EB2-B367-C556A179D0CB}.Debug|ARM64.ActiveCfg = Debug|ARM64
		{47C659B9-130A-4EB2-B367-C556A179D0CB}.Debug|Win32.ActiveCfg = Debug|Win32
		{47C659B9-130A-4EB2-B367-C556A179D0CB}.Debug|Win32.Build.0 = Debug|Win32
		{47C659B9-130A-4EB2-B367-C556A179D0CB}.Debug|x64.ActiveCfg = Debug|x64
		{47C659B9-130A-4EB2-B367-C556A179D0CB}.Debug|x64.Build.0 = Debug|x64
		{47C659B9-130A-4EB2-B367-C556A179D0CB}.Release|Any CPU.ActiveCfg = Release|Win32
		{47C659B9-130A-4EB2-B367-C556A179D0CB}.Release|Any CPU.Build.0 = Release|Win32
		{47C659B9-130A-4EB2-B367-C556A179D0CB}.Release|ARM64.ActiveCfg = Debug|ARM64
		{47C659B9-130A-4EB2-B367-C556A179D0CB}.Release|Win32.ActiveCfg = Release|Win32
		{47C659B9-130A-4EB2-B367-C556A179D0CB}.Release|Win32.Build.0 = Release|Win32
		{47C659B9-130A-4EB2-B367-C556A179D0CB}.Release|x64.ActiveCfg = Release|x64
		{47C659B9-130A-4EB2-B367-C556A179D0CB}.Release|x64.Build.0 = Release|x64
		{E2FFD843-5C31-491B-B58E-8A0BF55875CA}.Debug|Any CPU.ActiveCfg = Debug|Win32
		{E2FFD843-5C31-491B-B58E-8A0BF55875CA}.Debug|Any CPU.Build.0 = Debug|Win32
		{E2FFD843-5C31-491B-B58E-8A0BF55875CA}.Debug|ARM64.ActiveCfg = Debug|ARM64
		{E2FFD843-5C31-491B-B58E-8A0BF55875CA}.Debug|Win32.ActiveCfg = Debug|Win32
		{E2FFD843-5C31-491B-B58E-8A0BF55875CA}.Debug|Win32.Build.0 = Debug|Win32
		{E2FFD843-5C31-491B-B58E-8A0BF55875CA}.Debug|x64.ActiveCfg = Debug|x64
		{E2FFD843-5C31-491B-B58E-8A0BF55875CA}.Debug|x64.Build.0 = Debug|x64
		{E2FFD843-5C31-491B-B58E-8A0BF55875CA}.Release|Any CPU.ActiveCfg = Release|Win32
		{E2FFD843-5C31-491B-B58E-8A0BF55875CA}.Release|Any CPU.Build.0 = Release|Win32
		{E2FFD843-5C31-491B-B58E-8A0BF55875CA}.Release|ARM64.ActiveCfg = Debug|ARM64
		{E2FFD843-5C31-491B-B58E-8A0BF55875CA}.Release|Win32.ActiveCfg = Release|Win32
		{E2FFD843-5C31-491B-B58E-8A0BF55875CA}.Release|Win32.Build.0 = Release|Win32
		{E2FFD843-5C31-491B-B58E-8A0BF55875CA}.Release|x64.ActiveCfg = Release|x64
		{E2FFD843-5C31-491B-B58E-8A0BF55875CA}.Release|x64.Build.0 = Release|x64
		{BBABDB8F-DB10-4CA7-9D8E-0634B5B2A183}.Debug|Any CPU.ActiveCfg = Debug|Win32
		{BBABDB8F-DB10-4CA7-9D8E-0634B5B2A183}.Debug|Any CPU.Build.0 = Debug|Win32
		{BBABDB8F-DB10-4CA7-9D8E-0634B5B2A183}.Debug|ARM64.ActiveCfg = Debug|ARM64
		{BBABDB8F-DB10-4CA7-9D8E-0634B5B2A183}.Debug|Win32.ActiveCfg = Debug|Win32
		{BBABDB8F-DB10-4CA7-9D8E-0634B5B2A183}.Debug|Win32.Build.0 = Debug|Win32
		{BBABDB8F-DB10-4CA7-9D8E-0634B5B2A183}.Debug|x64.ActiveCfg = Debug|x64
		{BBABDB8F-DB10-4CA7-9D8E-0634B5B2A183}.Debug|x64.Build.0 = Debug|x64
		{BBABDB8F-DB10-4CA7-9D8E-0634B5B2A183}.Release|Any CPU.ActiveCfg = Release|Win32
		{BBABDB8F-DB10-4CA7-9D8E-0634B5B2A183}.Release|Any CPU.Build.0 = Release|Win32
		{BBABDB8F-DB10-4CA7-9D8E-0634B5B2A183}.Release|ARM64.ActiveCfg = Release|ARM64
		{BBABDB8F-DB10-4CA7-9D8E-0634B5B2A183}.Release|Win32.ActiveCfg = Release|Win32
		{BBABDB8F-DB10-4CA7-9D8E-0634B5B2A183}.Release|Win32.Build.0 = Release|Win32
		{BBABDB8F-DB10-4CA7-9D8E-0634B5B2A183}.Release|x64.ActiveCfg = Release|x64
		{BBABDB8F-DB10-4CA7-9D8E-0634B5B2A183}.Release|x64.Build.0 = Release|x64
		{F24B3ECB-BD87-4626-B17C-D8CC3E253F32}.Debug|Any CPU.ActiveCfg = Debug|Win32
		{F24B3ECB-BD87-4626-B17C-D8CC3E253F32}.Debug|Any CPU.Build.0 = Debug|Win32
		{F24B3ECB-BD87-4626-B17C-D8CC3E253F32}.Debug|ARM64.ActiveCfg = Debug|ARM64
		{F24B3ECB-BD87-4626-B17C-D8CC3E253F32}.Debug|Win32.ActiveCfg = Debug|Win32
		{F24B3ECB-BD87-4626-B17C-D8CC3E253F32}.Debug|Win32.Build.0 = Debug|Win32
		{F24B3ECB-BD87-4626-B17C-D8CC3E253F32}.Debug|x64.ActiveCfg = Debug|x64
		{F24B3ECB-BD87-4626-B17C-D8CC3E253F32}.Debug|x64.Build.0 = Debug|x64
		{F24B3ECB-BD87-4626-B17C-D8CC3E253F32}.Release|Any CPU.ActiveCfg = Release|Win32
		{F24B3ECB-BD87-4626-B17C-D8CC3E253F32}.Release|Any CPU.Build.0 = Release|Win32
		{F24B3ECB-BD87-4626-B17C-D8CC3E253F32}.Release|ARM64.ActiveCfg = Release|ARM64
		{F24B3ECB-BD87-4626-B17C-D8CC3E253F32}.Release|Win32.ActiveCfg = Release|Win32
		{F24B3ECB-BD87-4626-B17C-D8CC3E253F32}.Release|Win32.Build.0 = Release|Win32
		{F24B3ECB-BD87-4626-B17C-D8CC3E253F32}.Release|x64.ActiveCfg = Release|x64
		{F24B3ECB-BD87-4626-B17C-D8CC3E253F32}.Release|x64.Build.0 = Release|x64
		{F021A52A-6162-4E8D-B109-847EE5362DF9}.Debug|Any CPU.ActiveCfg = Debug|Win32
		{F021A52A-6162-4E8D-B109-847EE5362DF9}.Debug|Any CPU.Build.0 = Debug|Win32
		{F021A52A-6162-4E8D-B109-847EE5362DF9}.Debug|ARM64.ActiveCfg = Debug|ARM64
		{F021A52A-6162-4E8D-B109-847EE5362DF9}.Debug|Win32.ActiveCfg = Debug|Win32
		{F021A52A-6162-4E8D-B109-847EE5362DF9}.Debug|Win32.Build.0 = Debug|Win32
		{F021A52A-6162-4E8D-B109-847EE5362DF9}.Debug|x64.ActiveCfg = Debug|x64
		{F021A52A-6162-4E8D-B109-847EE5362DF9}.Debug|x64.Build.0 = Debug|x64
		{F021A52A-6162-4E8D-B109-847EE5362DF9}.Release|Any CPU.ActiveCfg = Release|Win32
		{F021A52A-6162-4E8D-B109-847EE5362DF9}.Release|Any CPU.Build.0 = Release|Win32
		{F021A52A-6162-4E8D-B109-847EE5362DF9}.Release|ARM64.ActiveCfg = Release|ARM64
		{F021A52A-6162-4E8D-B109-847EE5362DF9}.Release|Win32.ActiveCfg = Release|Win32
		{F021A52A-6162-4E8D-B109-847EE5362DF9}.Release|Win32.Build.0 = Release|Win32
		{F021A52A-6162-4E8D-B109-847EE5362DF9}.Release|x64.ActiveCfg = Release|x64
		{F021A52A-6162-4E8D-B109-847EE5362DF9}.Release|x64.Build.0 = Release|x64
		{5876E568-B204-4219-8C08-9E8124EDAB9C}.Debug|Any CPU.ActiveCfg = Debug|Win32
		{5876E568-B204-4219-8C08-9E8124EDAB9C}.Debug|Any CPU.Build.0 = Debug|Win32
		{5876E568-B204-4219-8C08-9E8124EDAB9C}.Debug|ARM64.ActiveCfg = Debug|ARM64
		{5876E568-B204-4219-8C08-9E8124EDAB9C}.Debug|Win32.ActiveCfg = Debug|Win32
		{5876E568-B204-4219-8C08-9E8124EDAB9C}.Debug|Win32.Build.0 = Debug|Win32
		{5876E568-B204-4219-8C08-9E8124EDAB9C}.Debug|x64.ActiveCfg = Debug|x64
		{5876E568-B204-4219-8C08-9E8124EDAB9C}.Debug|x64.Build.0 = Debug|x64
		{5876E568-B204-4219-8C08-9E8124EDAB9C}.Release|Any CPU.ActiveCfg = Release|Win32
		{5876E568-B204-4219-8C08-9E8124EDAB9C}.Release|Any CPU.Build.0 = Release|Win32
		{5876E568-B204-4219-8C08-9E8124EDAB9C}.Release|ARM64.ActiveCfg = Release|ARM64
		{5876E568-B204-4219-8C08-9E8124EDAB9C}.Release|Win32.ActiveCfg = Release|Win32
		{5876E568-B204-4219-8C08-9E8124EDAB9C}.Release|Win32.Build.0 = Release|Win32
		{5876E568-B204-4219-8C08-9E8124EDAB9C}.Release|x64.ActiveCfg = Release|x64
		{5876E568-B204-4219-8C08-9E8124EDAB9C}.Release|x64.Build.0 = Release|x64
		{84D22D7D-5FD0-4CCF-B8D2-C34506C6BA66}.Debug|Any CPU.ActiveCfg = Debug|Win32
		{84D22D7D-5FD0-4CCF-B8D2-C34506C6BA66}.Debug|Any CPU.Build.0 = Debug|Win32
		{84D22D7D-5FD0-4CCF-B8D2-C34506C6BA66}.Debug|ARM64.ActiveCfg = Debug|ARM64
		{84D22D7D-5FD0-4CCF-B8D2-C34506C6BA66}.Debug|Win32.ActiveCfg = Debug|Win32
		{84D22D7D-5FD0-4CCF-B8D2-C34506C6BA66}.Debug|Win32.Build.0 = Debug|Win32
		{84D22D7D-5FD0-4CCF-B8D2-C34506C6BA66}.Debug|x64.ActiveCfg = Debug|x64
		{84D22D7D-5FD0-4CCF-B8D2-C34506C6BA66}.Debug|x64.Build.0 = Debug|x64
		{84D22D7D-5FD0-4CCF-B8D2-C34506C6BA66}.Release|Any CPU.ActiveCfg = Release|Win32
		{84D22D7D-5FD0-4CCF-B8D2-C34506C6BA66}.Release|Any CPU.Build.0 = Release|Win32
		{84D22D7D-5FD0-4CCF-B8D2-C34506C6BA66}.Release|ARM64.ActiveCfg = Release|ARM64
		{84D22D7D-5FD0-4CCF-B8D2-C34506C6BA66}.Release|Win32.ActiveCfg = Release|Win32
		{84D22D7D-5FD0-4CCF-B8D2-C34506C6BA66}.Release|Win32.Build.0 = Release|Win32
		{84D22D7D-5FD0-4CCF-B8D2-C34506C6BA66}.Release|x64.ActiveCfg = Release|x64
		{84D22D7D-5FD0-4CCF-B8D2-C34506C6BA66}.Release|x64.Build.0 = Release|x64
		{BC600EB1-A9FD-45D5-8DFF-28D793544E20}.Debug|Any CPU.ActiveCfg = Debug|Win32
		{BC600EB1-A9FD-45D5-8DFF-28D793544E20}.Debug|Any CPU.Build.0 = Debug|Win32
		{BC600EB1-A9FD-45D5-8DFF-28D793544E20}.Debug|ARM64.ActiveCfg = Debug|ARM64
		{BC600EB1-A9FD-45D5-8DFF-28D793544E20}.Debug|Win32.ActiveCfg = Debug|Win32
		{BC600EB1-A9FD-45D5-8DFF-28D793544E20}.Debug|Win32.Build.0 = Debug|Win32
		{BC600EB1-A9FD-45D5-8DFF-28D793544E20}.Debug|x64.ActiveCfg = Debug|x64
		{BC600EB1-A9FD-45D5-8DFF-28D793544E20}.Debug|x64.Build.0 = Debug|x64
		{BC600EB1-A9FD-45D5-8DFF-28D793544E20}.Release|Any CPU.ActiveCfg = Release|Win32
		{BC600EB1-A9FD-45D5-8DFF-28D793544E20}.Release|Any CPU.Build.0 = Release|Win32
		{BC600EB1-A9FD-45D5-8DFF-28D793544E20}.Release|ARM64.ActiveCfg = Release|ARM64
		{BC600EB1-A9FD-45D5-8DFF-28D793544E20}.Release|Win32.ActiveCfg = Release|Win32
		{BC600EB1-A9FD-45D5-8DFF-28D793544E20}.Release|Win32.Build.0 = Release|Win32
		{BC600EB1-A9FD-45D5-8DFF-28D793544E20}.Release|x64.ActiveCfg = Release|x64
		{BC600EB1-A9FD-45D5-8DFF-28D793544E20}.Release|x64.Build.0 = Release|x64
		{0E9ADEA7-7E96-4F7C-9CE1-7B82FF6F70C4}.Debug|Any CPU.ActiveCfg = Debug|Win32
		{0E9ADEA7-7E96-4F7C-9CE1-7B82FF6F70C4}.Debug|Any CPU.Build.0 = Debug|Win32
		{0E9ADEA7-7E96-4F7C-9CE1-7B82FF6F70C4}.Debug|ARM64.ActiveCfg = Debug|ARM64
		{0E9ADEA7-7E96-4F7C-9CE1-7B82FF6F70C4}.Debug|Win32.ActiveCfg = Debug|Win32
		{0E9ADEA7-7E96-4F7C-9CE1-7B82FF6F70C4}.Debug|Win32.Build.0 = Debug|Win32
		{0E9ADEA7-7E96-4F7C-9CE1-7B82FF6F70C4}.Debug|x64.ActiveCfg = Debug|x64
		{0E9ADEA7-7E96-4F7C-9CE1-7B82FF6F70C4}.Debug|x64.Build.0 = Debug|x64
		{0E9ADEA7-7E96-4F7C-9CE1-7B82FF6F70C4}.Release|Any CPU.ActiveCfg = Release|Win32
		{0E9ADEA7-7E96-4F7C-9CE1-7B82FF6F70C4}.Release|Any CPU.Build.0 = Release|Win32
		{0E9ADEA7-7E96-4F7C-9CE1-7B82FF6F70C4}.Release|ARM64.ActiveCfg = Release|ARM64
		{0E9ADEA7-7E96-4F7C-9CE1-7B82FF6F70C4}.Release|Win32.ActiveCfg = Release|Win32
		{0E9ADEA7-7E96-4F7C-9CE1-7B82FF6F70C4}.Release|Win32.Build.0 = Release|Win32
		{0E9ADEA7-7E96-4F7C-9CE1-7B82FF6F70C4}.Release|x64.ActiveCfg = Release|x64
		{0E9ADEA7-7E96-4F7C-9CE1-7B82FF6F70C4}.Release|x64.Build.0 = Release|x64
		{D638A8EF-3A48-45F2-913C-88B29FED03CB}.Debug|Any CPU.ActiveCfg = Debug|Win32
		{D638A8EF-3A48-45F2-913C-88B29FED03CB}.Debug|ARM64.ActiveCfg = Debug|ARM64
		{D638A8EF-3A48-45F2-913C-88B29FED03CB}.Debug|ARM64.Build.0 = Debug|ARM64
		{D638A8EF-3A48-45F2-913C-88B29FED03CB}.Debug|Win32.ActiveCfg = Debug|Win32
		{D638A8EF-3A48-45F2-913C-88B29FED03CB}.Debug|Win32.Build.0 = Debug|Win32
		{D638A8EF-3A48-45F2-913C-88B29FED03CB}.Debug|x64.ActiveCfg = Debug|x64
		{D638A8EF-3A48-45F2-913C-88B29FED03CB}.Debug|x64.Build.0 = Debug|x64
		{D638A8EF-3A48-45F2-913C-88B29FED03CB}.Release|Any CPU.ActiveCfg = Release|Win32
		{D638A8EF-3A48-45F2-913C-88B29FED03CB}.Release|ARM64.ActiveCfg = Release|ARM64
		{D638A8EF-3A48-45F2-913C-88B29FED03CB}.Release|ARM64.Build.0 = Release|ARM64
		{D638A8EF-3A48-45F2-913C-88B29FED03CB}.Release|Win32.ActiveCfg = Release|Win32
		{D638A8EF-3A48-45F2-913C-88B29FED03CB}.Release|Win32.Build.0 = Release|Win32
		{D638A8EF-3A48-45F2-913C-88B29FED03CB}.Release|x64.ActiveCfg = Release|x64
		{D638A8EF-3A48-45F2-913C-88B29FED03CB}.Release|x64.Build.0 = Release|x64
		{DE10DFE2-5EA3-452A-B055-FC60E330AFBB}.Debug|Any CPU.ActiveCfg = Debug|Win32
		{DE10DFE2-5EA3-452A-B055-FC60E330AFBB}.Debug|Any CPU.Build.0 = Debug|Win32
		{DE10DFE2-5EA3-452A-B055-FC60E330AFBB}.Debug|ARM64.ActiveCfg = Debug|ARM64
		{DE10DFE2-5EA3-452A-B055-FC60E330AFBB}.Debug|Win32.ActiveCfg = Debug|Win32
		{DE10DFE2-5EA3-452A-B055-FC60E330AFBB}.Debug|Win32.Build.0 = Debug|Win32
		{DE10DFE2-5EA3-452A-B055-FC60E330AFBB}.Debug|x64.ActiveCfg = Debug|x64
		{DE10DFE2-5EA3-452A-B055-FC60E330AFBB}.Debug|x64.Build.0 = Debug|x64
		{DE10DFE2-5EA3-452A-B055-FC60E330AFBB}.Release|Any CPU.ActiveCfg = Release|Win32
		{DE10DFE2-5EA3-452A-B055-FC60E330AFBB}.Release|Any CPU.Build.0 = Release|Win32
		{DE10DFE2-5EA3-452A-B055-FC60E330AFBB}.Release|ARM64.ActiveCfg = Release|ARM64
		{DE10DFE2-5EA3-452A-B055-FC60E330AFBB}.Release|Win32.ActiveCfg = Release|Win32
		{DE10DFE2-5EA3-452A-B055-FC60E330AFBB}.Release|Win32.Build.0 = Release|Win32
		{DE10DFE2-5EA3-452A-B055-FC60E330AFBB}.Release|x64.ActiveCfg = Release|x64
		{DE10DFE2-5EA3-452A-B055-FC60E330AFBB}.Release|x64.Build.0 = Release|x64
		{1FBDE93D-5C21-4761-87D6-2504F772BF28}.Debug|Any CPU.ActiveCfg = Debug|Any CPU
		{1FBDE93D-5C21-4761-87D6-2504F772BF28}.Debug|Any CPU.Build.0 = Debug|Any CPU
		{1FBDE93D-5C21-4761-87D6-2504F772BF28}.Debug|ARM64.ActiveCfg = Debug|Any CPU
		{1FBDE93D-5C21-4761-87D6-2504F772BF28}.Debug|ARM64.Build.0 = Debug|Any CPU
		{1FBDE93D-5C21-4761-87D6-2504F772BF28}.Debug|Win32.ActiveCfg = Debug|Any CPU
		{1FBDE93D-5C21-4761-87D6-2504F772BF28}.Debug|Win32.Build.0 = Debug|Any CPU
		{1FBDE93D-5C21-4761-87D6-2504F772BF28}.Debug|x64.ActiveCfg = Debug|Any CPU
		{1FBDE93D-5C21-4761-87D6-2504F772BF28}.Debug|x64.Build.0 = Debug|Any CPU
		{1FBDE93D-5C21-4761-87D6-2504F772BF28}.Release|Any CPU.ActiveCfg = Release|Any CPU
		{1FBDE93D-5C21-4761-87D6-2504F772BF28}.Release|Any CPU.Build.0 = Release|Any CPU
		{1FBDE93D-5C21-4761-87D6-2504F772BF28}.Release|ARM64.ActiveCfg = Release|Any CPU
		{1FBDE93D-5C21-4761-87D6-2504F772BF28}.Release|ARM64.Build.0 = Release|Any CPU
		{1FBDE93D-5C21-4761-87D6-2504F772BF28}.Release|Win32.ActiveCfg = Release|Any CPU
		{1FBDE93D-5C21-4761-87D6-2504F772BF28}.Release|Win32.Build.0 = Release|Any CPU
		{1FBDE93D-5C21-4761-87D6-2504F772BF28}.Release|x64.ActiveCfg = Release|Any CPU
		{1FBDE93D-5C21-4761-87D6-2504F772BF28}.Release|x64.Build.0 = Release|Any CPU
		{A1175D44-D47D-4D3E-A319-CEFC7170D29C}.Debug|Any CPU.ActiveCfg = Debug|Any CPU
		{A1175D44-D47D-4D3E-A319-CEFC7170D29C}.Debug|Any CPU.Build.0 = Debug|Any CPU
		{A1175D44-D47D-4D3E-A319-CEFC7170D29C}.Debug|ARM64.ActiveCfg = Debug|Any CPU
		{A1175D44-D47D-4D3E-A319-CEFC7170D29C}.Debug|ARM64.Build.0 = Debug|Any CPU
		{A1175D44-D47D-4D3E-A319-CEFC7170D29C}.Debug|Win32.ActiveCfg = Debug|Any CPU
		{A1175D44-D47D-4D3E-A319-CEFC7170D29C}.Debug|Win32.Build.0 = Debug|Any CPU
		{A1175D44-D47D-4D3E-A319-CEFC7170D29C}.Debug|x64.ActiveCfg = Debug|Any CPU
		{A1175D44-D47D-4D3E-A319-CEFC7170D29C}.Debug|x64.Build.0 = Debug|Any CPU
		{A1175D44-D47D-4D3E-A319-CEFC7170D29C}.Release|Any CPU.ActiveCfg = Release|Any CPU
		{A1175D44-D47D-4D3E-A319-CEFC7170D29C}.Release|Any CPU.Build.0 = Release|Any CPU
		{A1175D44-D47D-4D3E-A319-CEFC7170D29C}.Release|ARM64.ActiveCfg = Release|Any CPU
		{A1175D44-D47D-4D3E-A319-CEFC7170D29C}.Release|ARM64.Build.0 = Release|Any CPU
		{A1175D44-D47D-4D3E-A319-CEFC7170D29C}.Release|Win32.ActiveCfg = Release|Any CPU
		{A1175D44-D47D-4D3E-A319-CEFC7170D29C}.Release|Win32.Build.0 = Release|Any CPU
		{A1175D44-D47D-4D3E-A319-CEFC7170D29C}.Release|x64.ActiveCfg = Release|Any CPU
		{A1175D44-D47D-4D3E-A319-CEFC7170D29C}.Release|x64.Build.0 = Release|Any CPU
		{CF0F4BDA-9030-4749-9102-7739049412F5}.Debug|Any CPU.ActiveCfg = Debug|Any CPU
		{CF0F4BDA-9030-4749-9102-7739049412F5}.Debug|Any CPU.Build.0 = Debug|Any CPU
		{CF0F4BDA-9030-4749-9102-7739049412F5}.Debug|ARM64.ActiveCfg = Debug|Any CPU
		{CF0F4BDA-9030-4749-9102-7739049412F5}.Debug|ARM64.Build.0 = Debug|Any CPU
		{CF0F4BDA-9030-4749-9102-7739049412F5}.Debug|Win32.ActiveCfg = Debug|Any CPU
		{CF0F4BDA-9030-4749-9102-7739049412F5}.Debug|Win32.Build.0 = Debug|Any CPU
		{CF0F4BDA-9030-4749-9102-7739049412F5}.Debug|x64.ActiveCfg = Debug|Any CPU
		{CF0F4BDA-9030-4749-9102-7739049412F5}.Debug|x64.Build.0 = Debug|Any CPU
		{CF0F4BDA-9030-4749-9102-7739049412F5}.Release|Any CPU.ActiveCfg = Release|Any CPU
		{CF0F4BDA-9030-4749-9102-7739049412F5}.Release|Any CPU.Build.0 = Release|Any CPU
		{CF0F4BDA-9030-4749-9102-7739049412F5}.Release|ARM64.ActiveCfg = Release|Any CPU
		{CF0F4BDA-9030-4749-9102-7739049412F5}.Release|ARM64.Build.0 = Release|Any CPU
		{CF0F4BDA-9030-4749-9102-7739049412F5}.Release|Win32.ActiveCfg = Release|Any CPU
		{CF0F4BDA-9030-4749-9102-7739049412F5}.Release|Win32.Build.0 = Release|Any CPU
		{CF0F4BDA-9030-4749-9102-7739049412F5}.Release|x64.ActiveCfg = Release|Any CPU
		{CF0F4BDA-9030-4749-9102-7739049412F5}.Release|x64.Build.0 = Release|Any CPU
	EndGlobalSection
	GlobalSection(SolutionProperties) = preSolution
		HideSolutionNode = FALSE
	EndGlobalSection
	GlobalSection(NestedProjects) = preSolution
		{5A98F9F4-BB19-428C-96B7-87FBF8FB91FE} = {F0DD2DD5-FA5B-44C7-9685-62849D42BBBC}
		{6AC93711-0481-4941-A6B8-5C456D24A31F} = {AFD448F5-3DED-4DF4-89F5-656AE4FAF216}
		{9E20EC9E-B908-4245-87EA-C642ECDF843C} = {AFD448F5-3DED-4DF4-89F5-656AE4FAF216}
		{0CA38FA1-0403-4576-9EDF-7B1E81F60857} = {AFD448F5-3DED-4DF4-89F5-656AE4FAF216}
		{5D3B1E5D-9995-4FBE-88E9-2A36B2970307} = {AFD448F5-3DED-4DF4-89F5-656AE4FAF216}
		{F292FA71-2B98-4CCF-9F2E-5F21936D3715} = {AFD448F5-3DED-4DF4-89F5-656AE4FAF216}
		{25CF9F3C-2B8C-438B-92AD-0FE7CC47C30E} = {17CC0F54-FF0B-4B37-92E3-D423CE96B6E1}
		{A1EB01C3-AC8B-45A8-97C8-C459B77ED690} = {17CC0F54-FF0B-4B37-92E3-D423CE96B6E1}
		{42577057-854D-443D-AB59-F4E44C8F5207} = {17CC0F54-FF0B-4B37-92E3-D423CE96B6E1}
		{502B46A0-DF35-4692-8275-CE66E7FDD741} = {17CC0F54-FF0B-4B37-92E3-D423CE96B6E1}
		{CCC61973-BE99-4223-B935-353D03571E92} = {17CC0F54-FF0B-4B37-92E3-D423CE96B6E1}
		{968DC6E1-0F0A-4211-97CC-57AB0754206B} = {17CC0F54-FF0B-4B37-92E3-D423CE96B6E1}
		{EE89D265-0C07-49A3-B39C-D2A40ADF9D19} = {17CC0F54-FF0B-4B37-92E3-D423CE96B6E1}
		{B686A4D4-EF60-411C-98C7-FD43225DC80F} = {17CC0F54-FF0B-4B37-92E3-D423CE96B6E1}
		{E0DD7555-841B-40E4-967A-B6EC2DF39258} = {17CC0F54-FF0B-4B37-92E3-D423CE96B6E1}
		{F9DA8380-5504-4ACC-BDE0-72CD5981826D} = {17CC0F54-FF0B-4B37-92E3-D423CE96B6E1}
		{95D07701-4AF9-48E5-B726-0D42034811C8} = {17CC0F54-FF0B-4B37-92E3-D423CE96B6E1}
		{C766B284-6B02-474B-9A87-58B2A997BC59} = {17CC0F54-FF0B-4B37-92E3-D423CE96B6E1}
		{38506CDD-C34A-404C-B6E2-4D1ED278DA88} = {17CC0F54-FF0B-4B37-92E3-D423CE96B6E1}
		{23637F36-0CB9-4142-A60C-888B0EFE9A4C} = {17CC0F54-FF0B-4B37-92E3-D423CE96B6E1}
		{91CDC786-7B41-4339-B3DC-5854C6F04D4F} = {17CC0F54-FF0B-4B37-92E3-D423CE96B6E1}
		{A96CF4EA-7170-4AFF-90A5-5FCE1055270F} = {17CC0F54-FF0B-4B37-92E3-D423CE96B6E1}
		{6B5AED1F-FD5D-47BC-9B9A-37D56E2C2E97} = {17CC0F54-FF0B-4B37-92E3-D423CE96B6E1}
		{9589CB4A-53A6-42DC-A7EE-7E4374CD737D} = {17CC0F54-FF0B-4B37-92E3-D423CE96B6E1}
		{4D59A898-7E24-4650-BAA0-7FE2BB6C82D4} = {17CC0F54-FF0B-4B37-92E3-D423CE96B6E1}
		{88536608-BAB9-49F1-9CC6-36B7F8E73D8A} = {17CC0F54-FF0B-4B37-92E3-D423CE96B6E1}
		{4A1F0CE8-0B6E-4D29-9799-A629C067543A} = {17CC0F54-FF0B-4B37-92E3-D423CE96B6E1}
		{F1BEDBAB-6F95-4A90-8352-F54BF17F6FD0} = {17CC0F54-FF0B-4B37-92E3-D423CE96B6E1}
		{47C659B9-130A-4EB2-B367-C556A179D0CB} = {17CC0F54-FF0B-4B37-92E3-D423CE96B6E1}
		{E2FFD843-5C31-491B-B58E-8A0BF55875CA} = {17CC0F54-FF0B-4B37-92E3-D423CE96B6E1}
		{BBABDB8F-DB10-4CA7-9D8E-0634B5B2A183} = {17CC0F54-FF0B-4B37-92E3-D423CE96B6E1}
		{F24B3ECB-BD87-4626-B17C-D8CC3E253F32} = {17CC0F54-FF0B-4B37-92E3-D423CE96B6E1}
		{F021A52A-6162-4E8D-B109-847EE5362DF9} = {17CC0F54-FF0B-4B37-92E3-D423CE96B6E1}
		{5876E568-B204-4219-8C08-9E8124EDAB9C} = {17CC0F54-FF0B-4B37-92E3-D423CE96B6E1}
		{84D22D7D-5FD0-4CCF-B8D2-C34506C6BA66} = {17CC0F54-FF0B-4B37-92E3-D423CE96B6E1}
		{BC600EB1-A9FD-45D5-8DFF-28D793544E20} = {17CC0F54-FF0B-4B37-92E3-D423CE96B6E1}
		{0E9ADEA7-7E96-4F7C-9CE1-7B82FF6F70C4} = {17CC0F54-FF0B-4B37-92E3-D423CE96B6E1}
		{D638A8EF-3A48-45F2-913C-88B29FED03CB} = {17CC0F54-FF0B-4B37-92E3-D423CE96B6E1}
		{DE10DFE2-5EA3-452A-B055-FC60E330AFBB} = {17CC0F54-FF0B-4B37-92E3-D423CE96B6E1}
		{1FBDE93D-5C21-4761-87D6-2504F772BF28} = {F0DD2DD5-FA5B-44C7-9685-62849D42BBBC}
		{A1175D44-D47D-4D3E-A319-CEFC7170D29C} = {F0DD2DD5-FA5B-44C7-9685-62849D42BBBC}
	EndGlobalSection
	GlobalSection(ExtensibilityGlobals) = postSolution
		SolutionGuid = {5720DC1A-E465-47DE-8300-37000A511ABB}
	EndGlobalSection
	GlobalSection(SharedMSBuildProjectFiles) = preSolution
		BuildTasks\BindingPath\BindingPath.projitems*{06974793-a0b0-4339-af27-158e26f15a85}*SharedItemsImports = 13
		BuildTasks\ConditionalNamespace\ConditionalNamespace.projitems*{06974794-a0b0-4339-af27-158e26f15a85}*SharedItemsImports = 13
		Microsoft.UI.Xaml.Markup.Compiler.Core\Microsoft.UI.Xaml.Markup.Compiler.Core.projitems*{06974794-a0b0-4339-af27-158e26f15a86}*SharedItemsImports = 13
		Microsoft.UI.Xaml.Markup.Compiler.Parsing\Microsoft.UI.Xaml.Markup.Compiler.Parsing.projitems*{06974794-a0b0-4339-af27-158e26f15a87}*SharedItemsImports = 13
		BuildTasks\System.Xaml\System.Xaml.projitems*{2f9ecef0-f8c3-4f81-b6be-29217e6ce9a4}*SharedItemsImports = 13
		BuildTasks\Core.projitems*{33e682f2-ac0a-4027-b068-df8858f34310}*SharedItemsImports = 13
		BuildTasks\Antlr4.Runtime\Antlr4.Runtime.projitems*{408f1391-ef36-41b6-934b-513cb820169d}*SharedItemsImports = 13
		BuildTasks\Antlr4.Runtime\Antlr4.Runtime.projitems*{5a98f9f4-bb19-428c-96b7-87fbf8fb91fe}*SharedItemsImports = 5
		BuildTasks\BindingPath\BindingPath.projitems*{5a98f9f4-bb19-428c-96b7-87fbf8fb91fe}*SharedItemsImports = 5
		BuildTasks\ConditionalNamespace\ConditionalNamespace.projitems*{5a98f9f4-bb19-428c-96b7-87fbf8fb91fe}*SharedItemsImports = 5
		BuildTasks\Core.projitems*{5a98f9f4-bb19-428c-96b7-87fbf8fb91fe}*SharedItemsImports = 5
		BuildTasks\SuccinctCollectionSyntax\SuccinctCollectionSyntax.projitems*{5a98f9f4-bb19-428c-96b7-87fbf8fb91fe}*SharedItemsImports = 5
		BuildTasks\System.Xaml\System.Xaml.projitems*{5a98f9f4-bb19-428c-96b7-87fbf8fb91fe}*SharedItemsImports = 5
		Microsoft.UI.Xaml.Markup.Compiler.Core\Microsoft.UI.Xaml.Markup.Compiler.Core.projitems*{5a98f9f4-bb19-428c-96b7-87fbf8fb91fe}*SharedItemsImports = 5
		Microsoft.UI.Xaml.Markup.Compiler.Parsing\Microsoft.UI.Xaml.Markup.Compiler.Parsing.projitems*{5a98f9f4-bb19-428c-96b7-87fbf8fb91fe}*SharedItemsImports = 5
		BuildTasks\SuccinctCollectionSyntax\SuccinctCollectionSyntax.projitems*{6b3a47ec-6204-40c1-a4ec-cef1b1b9d2ea}*SharedItemsImports = 13
		BuildTasks\Antlr4.Runtime\Antlr4.Runtime.projitems*{cf0f4bda-9030-4749-9102-7739049412f5}*SharedItemsImports = 5
		BuildTasks\BindingPath\BindingPath.projitems*{cf0f4bda-9030-4749-9102-7739049412f5}*SharedItemsImports = 5
		BuildTasks\ConditionalNamespace\ConditionalNamespace.projitems*{cf0f4bda-9030-4749-9102-7739049412f5}*SharedItemsImports = 5
		BuildTasks\Core.projitems*{cf0f4bda-9030-4749-9102-7739049412f5}*SharedItemsImports = 5
		BuildTasks\SuccinctCollectionSyntax\SuccinctCollectionSyntax.projitems*{cf0f4bda-9030-4749-9102-7739049412f5}*SharedItemsImports = 5
		BuildTasks\System.Xaml\System.Xaml.projitems*{cf0f4bda-9030-4749-9102-7739049412f5}*SharedItemsImports = 5
		Microsoft.UI.Xaml.Markup.Compiler.Core\Microsoft.UI.Xaml.Markup.Compiler.Core.projitems*{cf0f4bda-9030-4749-9102-7739049412f5}*SharedItemsImports = 5
		Microsoft.UI.Xaml.Markup.Compiler.Parsing\Microsoft.UI.Xaml.Markup.Compiler.Parsing.projitems*{cf0f4bda-9030-4749-9102-7739049412f5}*SharedItemsImports = 5
	EndGlobalSection
EndGlobal
