
Microsoft Visual Studio Solution File, Format Version 12.00
# Visual Studio Version 17
VisualStudioVersion = 17.6.33829.357
MinimumVisualStudioVersion = 10.0.40219.1
Project("{9A19103F-16F7-4668-BE54-9A1E7A4F7556}") = "WinUICsDesktopSampleApp", "WinUICsDesktopSampleApp\WinUICsDesktopSampleApp\WinUICsDesktopSampleApp.csproj", "{79A8BBAA-0F75-411D-9216-B67BB062A241}"
	ProjectSection(ProjectDependencies) = postProject
		{4A1CB0BC-5A0F-488D-AD8F-FA3642D18DB8} = {4A1CB0BC-5A0F-488D-AD8F-FA3642D18DB8}
	EndProjectSection
EndProject
Project("{8BC9CEB8-8B4A-11D0-8D11-00A0C91BC942}") = "AppTestAutomationHelpers", "..\AppTestAutomationHelpers\AppTestAutomationHelpers.vcxproj", "{4A1CB0BC-5A0F-488D-AD8F-FA3642D18DB8}"
	ProjectSection(ProjectDependencies) = postProject
	EndProjectSection
EndProject
Project("{9A19103F-16F7-4668-BE54-9A1E7A4F7556}") = "WinUICsDesktopClassLibrary", "WinUICsDesktopClassLibrary\WinUICsDesktopClassLibrary.csproj", "{794A9F41-F9F8-4A86-9EFD-98BCDB5AEF8F}"
EndProject
Project("{2150E333-8FDC-42A3-9474-1A3956D46DE8}") = "Solution Items", "Solution Items", "{273787B6-DC50-4229-8E55-D70FD041829F}"
	ProjectSection(SolutionItems) = preProject
		..\Directory.Build.props = ..\Directory.Build.props
	EndProjectSection
EndProject
Project("{9A19103F-16F7-4668-BE54-9A1E7A4F7556}") = "WinUICsUnitTestApp", "WinUICsUnitTestApp\WinUICsUnitTestApp.csproj", "{F784621A-12BF-4A49-9560-F197B874580B}"
EndProject
Global
	GlobalSection(SolutionConfigurationPlatforms) = preSolution
		Debug_test|Any CPU = Debug_test|Any CPU
		Debug_test|ARM64 = Debug_test|ARM64
		Debug_test|ARM64EC = Debug_test|ARM64EC
		Debug_test|Win32 = Debug_test|Win32
		Debug_test|x64 = Debug_test|x64
		Debug_test|x86 = Debug_test|x86
		Debug|Any CPU = Debug|Any CPU
		Debug|ARM64 = Debug|ARM64
		Debug|ARM64EC = Debug|ARM64EC
		Debug|Win32 = Debug|Win32
		Debug|x64 = Debug|x64
		Debug|x86 = Debug|x86
		Release|Any CPU = Release|Any CPU
		Release|ARM64 = Release|ARM64
		Release|ARM64EC = Release|ARM64EC
		Release|Win32 = Release|Win32
		Release|x64 = Release|x64
		Release|x86 = Release|x86
	EndGlobalSection
	GlobalSection(ProjectConfigurationPlatforms) = postSolution
		{79A8BBAA-0F75-411D-9216-B67BB062A241}.Debug_test|Any CPU.ActiveCfg = Debug|x64
		{79A8BBAA-0F75-411D-9216-B67BB062A241}.Debug_test|Any CPU.Build.0 = Debug|x64
		{79A8BBAA-0F75-411D-9216-B67BB062A241}.Debug_test|Any CPU.Deploy.0 = Debug|x64
		{79A8BBAA-0F75-411D-9216-B67BB062A241}.Debug_test|ARM64.ActiveCfg = Debug|ARM64
		{79A8BBAA-0F75-411D-9216-B67BB062A241}.Debug_test|ARM64.Build.0 = Debug|ARM64
		{79A8BBAA-0F75-411D-9216-B67BB062A241}.Debug_test|ARM64.Deploy.0 = Debug|ARM64
		{79A8BBAA-0F75-411D-9216-B67BB062A241}.Debug_test|ARM64EC.ActiveCfg = Debug|ARM64EC
		{79A8BBAA-0F75-411D-9216-B67BB062A241}.Debug_test|ARM64EC.Build.0 = Debug|ARM64EC
		{79A8BBAA-0F75-411D-9216-B67BB062A241}.Debug_test|ARM64EC.Deploy.0 = Debug|ARM64EC
		{79A8BBAA-0F75-411D-9216-B67BB062A241}.Debug_test|Win32.ActiveCfg = Debug|x86
		{79A8BBAA-0F75-411D-9216-B67BB062A241}.Debug_test|Win32.Build.0 = Debug|x86
		{79A8BBAA-0F75-411D-9216-B67BB062A241}.Debug_test|Win32.Deploy.0 = Debug|x86
		{79A8BBAA-0F75-411D-9216-B67BB062A241}.Debug_test|x64.ActiveCfg = Debug|x64
		{79A8BBAA-0F75-411D-9216-B67BB062A241}.Debug_test|x64.Build.0 = Debug|x64
		{79A8BBAA-0F75-411D-9216-B67BB062A241}.Debug_test|x64.Deploy.0 = Debug|x64
		{79A8BBAA-0F75-411D-9216-B67BB062A241}.Debug_test|x86.ActiveCfg = Debug|x86
		{79A8BBAA-0F75-411D-9216-B67BB062A241}.Debug_test|x86.Build.0 = Debug|x86
		{79A8BBAA-0F75-411D-9216-B67BB062A241}.Debug_test|x86.Deploy.0 = Debug|x86
		{79A8BBAA-0F75-411D-9216-B67BB062A241}.Debug|Any CPU.ActiveCfg = Debug|x64
		{79A8BBAA-0F75-411D-9216-B67BB062A241}.Debug|Any CPU.Build.0 = Debug|x64
		{79A8BBAA-0F75-411D-9216-B67BB062A241}.Debug|Any CPU.Deploy.0 = Debug|x64
		{79A8BBAA-0F75-411D-9216-B67BB062A241}.Debug|ARM64.ActiveCfg = Debug|ARM64
		{79A8BBAA-0F75-411D-9216-B67BB062A241}.Debug|ARM64.Build.0 = Debug|ARM64
		{79A8BBAA-0F75-411D-9216-B67BB062A241}.Debug|ARM64.Deploy.0 = Debug|ARM64
		{79A8BBAA-0F75-411D-9216-B67BB062A241}.Debug|ARM64EC.ActiveCfg = Debug|ARM64EC
		{79A8BBAA-0F75-411D-9216-B67BB062A241}.Debug|ARM64EC.Build.0 = Debug|ARM64EC
		{79A8BBAA-0F75-411D-9216-B67BB062A241}.Debug|ARM64EC.Deploy.0 = Debug|ARM64EC
		{79A8BBAA-0F75-411D-9216-B67BB062A241}.Debug|Win32.ActiveCfg = Debug|x86
		{79A8BBAA-0F75-411D-9216-B67BB062A241}.Debug|Win32.Build.0 = Debug|x86
		{79A8BBAA-0F75-411D-9216-B67BB062A241}.Debug|Win32.Deploy.0 = Debug|x86
		{79A8BBAA-0F75-411D-9216-B67BB062A241}.Debug|x64.ActiveCfg = Debug|x64
		{79A8BBAA-0F75-411D-9216-B67BB062A241}.Debug|x64.Build.0 = Debug|x64
		{79A8BBAA-0F75-411D-9216-B67BB062A241}.Debug|x64.Deploy.0 = Debug|x64
		{79A8BBAA-0F75-411D-9216-B67BB062A241}.Debug|x86.ActiveCfg = Debug|x86
		{79A8BBAA-0F75-411D-9216-B67BB062A241}.Debug|x86.Build.0 = Debug|x86
		{79A8BBAA-0F75-411D-9216-B67BB062A241}.Debug|x86.Deploy.0 = Debug|x86
		{79A8BBAA-0F75-411D-9216-B67BB062A241}.Release|Any CPU.ActiveCfg = Release|x64
		{79A8BBAA-0F75-411D-9216-B67BB062A241}.Release|Any CPU.Build.0 = Release|x64
		{79A8BBAA-0F75-411D-9216-B67BB062A241}.Release|Any CPU.Deploy.0 = Release|x64
		{79A8BBAA-0F75-411D-9216-B67BB062A241}.Release|ARM64.ActiveCfg = Release|ARM64
		{79A8BBAA-0F75-411D-9216-B67BB062A241}.Release|ARM64.Build.0 = Release|ARM64
		{79A8BBAA-0F75-411D-9216-B67BB062A241}.Release|ARM64.Deploy.0 = Release|ARM64
		{79A8BBAA-0F75-411D-9216-B67BB062A241}.Release|ARM64EC.ActiveCfg = Release|ARM64EC
		{79A8BBAA-0F75-411D-9216-B67BB062A241}.Release|ARM64EC.Build.0 = Release|ARM64EC
		{79A8BBAA-0F75-411D-9216-B67BB062A241}.Release|ARM64EC.Deploy.0 = Release|ARM64EC
		{79A8BBAA-0F75-411D-9216-B67BB062A241}.Release|Win32.ActiveCfg = Release|x86
		{79A8BBAA-0F75-411D-9216-B67BB062A241}.Release|Win32.Build.0 = Release|x86
		{79A8BBAA-0F75-411D-9216-B67BB062A241}.Release|Win32.Deploy.0 = Release|x86
		{79A8BBAA-0F75-411D-9216-B67BB062A241}.Release|x64.ActiveCfg = Release|x64
		{79A8BBAA-0F75-411D-9216-B67BB062A241}.Release|x64.Build.0 = Release|x64
		{79A8BBAA-0F75-411D-9216-B67BB062A241}.Release|x64.Deploy.0 = Release|x64
		{79A8BBAA-0F75-411D-9216-B67BB062A241}.Release|x86.ActiveCfg = Release|x86
		{79A8BBAA-0F75-411D-9216-B67BB062A241}.Release|x86.Build.0 = Release|x86
		{79A8BBAA-0F75-411D-9216-B67BB062A241}.Release|x86.Deploy.0 = Release|x86
		{4A1CB0BC-5A0F-488D-AD8F-FA3642D18DB8}.Debug_test|Any CPU.ActiveCfg = Debug|x64
		{4A1CB0BC-5A0F-488D-AD8F-FA3642D18DB8}.Debug_test|Any CPU.Build.0 = Debug|x64
		{4A1CB0BC-5A0F-488D-AD8F-FA3642D18DB8}.Debug_test|ARM64.ActiveCfg = Debug|ARM64
		{4A1CB0BC-5A0F-488D-AD8F-FA3642D18DB8}.Debug_test|ARM64.Build.0 = Debug|ARM64
		{4A1CB0BC-5A0F-488D-AD8F-FA3642D18DB8}.Debug_test|ARM64EC.ActiveCfg = Debug|ARM64EC
		{4A1CB0BC-5A0F-488D-AD8F-FA3642D18DB8}.Debug_test|ARM64EC.Build.0 = Debug|ARM64EC
		{4A1CB0BC-5A0F-488D-AD8F-FA3642D18DB8}.Debug_test|Win32.ActiveCfg = Debug|Win32
		{4A1CB0BC-5A0F-488D-AD8F-FA3642D18DB8}.Debug_test|Win32.Build.0 = Debug|Win32
		{4A1CB0BC-5A0F-488D-AD8F-FA3642D18DB8}.Debug_test|x64.ActiveCfg = Debug|x64
		{4A1CB0BC-5A0F-488D-AD8F-FA3642D18DB8}.Debug_test|x64.Build.0 = Debug|x64
		{4A1CB0BC-5A0F-488D-AD8F-FA3642D18DB8}.Debug_test|x86.ActiveCfg = Debug|Win32
		{4A1CB0BC-5A0F-488D-AD8F-FA3642D18DB8}.Debug_test|x86.Build.0 = Debug|Win32
		{4A1CB0BC-5A0F-488D-AD8F-FA3642D18DB8}.Debug|Any CPU.ActiveCfg = Debug|x64
		{4A1CB0BC-5A0F-488D-AD8F-FA3642D18DB8}.Debug|Any CPU.Build.0 = Debug|x64
		{4A1CB0BC-5A0F-488D-AD8F-FA3642D18DB8}.Debug|ARM64.ActiveCfg = Debug|ARM64
		{4A1CB0BC-5A0F-488D-AD8F-FA3642D18DB8}.Debug|ARM64.Build.0 = Debug|ARM64
		{4A1CB0BC-5A0F-488D-AD8F-FA3642D18DB8}.Debug|ARM64EC.ActiveCfg = Debug|ARM64EC
		{4A1CB0BC-5A0F-488D-AD8F-FA3642D18DB8}.Debug|ARM64EC.Build.0 = Debug|ARM64EC
		{4A1CB0BC-5A0F-488D-AD8F-FA3642D18DB8}.Debug|Win32.ActiveCfg = Debug|Win32
		{4A1CB0BC-5A0F-488D-AD8F-FA3642D18DB8}.Debug|Win32.Build.0 = Debug|Win32
		{4A1CB0BC-5A0F-488D-AD8F-FA3642D18DB8}.Debug|x64.ActiveCfg = Debug|x64
		{4A1CB0BC-5A0F-488D-AD8F-FA3642D18DB8}.Debug|x64.Build.0 = Debug|x64
		{4A1CB0BC-5A0F-488D-AD8F-FA3642D18DB8}.Debug|x86.ActiveCfg = Debug|Win32
		{4A1CB0BC-5A0F-488D-AD8F-FA3642D18DB8}.Debug|x86.Build.0 = Debug|Win32
		{4A1CB0BC-5A0F-488D-AD8F-FA3642D18DB8}.Release|Any CPU.ActiveCfg = Release|x64
		{4A1CB0BC-5A0F-488D-AD8F-FA3642D18DB8}.Release|Any CPU.Build.0 = Release|x64
		{4A1CB0BC-5A0F-488D-AD8F-FA3642D18DB8}.Release|ARM64.ActiveCfg = Release|ARM64
		{4A1CB0BC-5A0F-488D-AD8F-FA3642D18DB8}.Release|ARM64.Build.0 = Release|ARM64
		{4A1CB0BC-5A0F-488D-AD8F-FA3642D18DB8}.Release|ARM64EC.ActiveCfg = Release|ARM64EC
		{4A1CB0BC-5A0F-488D-AD8F-FA3642D18DB8}.Release|ARM64EC.Build.0 = Release|ARM64EC
		{4A1CB0BC-5A0F-488D-AD8F-FA3642D18DB8}.Release|Win32.ActiveCfg = Release|Win32
		{4A1CB0BC-5A0F-488D-AD8F-FA3642D18DB8}.Release|Win32.Build.0 = Release|Win32
		{4A1CB0BC-5A0F-488D-AD8F-FA3642D18DB8}.Release|x64.ActiveCfg = Release|x64
		{4A1CB0BC-5A0F-488D-AD8F-FA3642D18DB8}.Release|x64.Build.0 = Release|x64
		{4A1CB0BC-5A0F-488D-AD8F-FA3642D18DB8}.Release|x86.ActiveCfg = Release|Win32
		{4A1CB0BC-5A0F-488D-AD8F-FA3642D18DB8}.Release|x86.Build.0 = Release|Win32
		{794A9F41-F9F8-4A86-9EFD-98BCDB5AEF8F}.Debug_test|Any CPU.ActiveCfg = Debug|x64
		{794A9F41-F9F8-4A86-9EFD-98BCDB5AEF8F}.Debug_test|Any CPU.Build.0 = Debug|x64
		{794A9F41-F9F8-4A86-9EFD-98BCDB5AEF8F}.Debug_test|ARM64.ActiveCfg = Debug|ARM64
		{794A9F41-F9F8-4A86-9EFD-98BCDB5AEF8F}.Debug_test|ARM64.Build.0 = Debug|ARM64
		{794A9F41-F9F8-4A86-9EFD-98BCDB5AEF8F}.Debug_test|ARM64EC.ActiveCfg = Debug|ARM64EC
		{794A9F41-F9F8-4A86-9EFD-98BCDB5AEF8F}.Debug_test|ARM64EC.Build.0 = Debug|ARM64EC
		{794A9F41-F9F8-4A86-9EFD-98BCDB5AEF8F}.Debug_test|Win32.ActiveCfg = Debug|x86
		{794A9F41-F9F8-4A86-9EFD-98BCDB5AEF8F}.Debug_test|Win32.Build.0 = Debug|x86
		{794A9F41-F9F8-4A86-9EFD-98BCDB5AEF8F}.Debug_test|x64.ActiveCfg = Debug|x64
		{794A9F41-F9F8-4A86-9EFD-98BCDB5AEF8F}.Debug_test|x64.Build.0 = Debug|x64
		{794A9F41-F9F8-4A86-9EFD-98BCDB5AEF8F}.Debug_test|x86.ActiveCfg = Debug|x86
		{794A9F41-F9F8-4A86-9EFD-98BCDB5AEF8F}.Debug_test|x86.Build.0 = Debug|x86
		{794A9F41-F9F8-4A86-9EFD-98BCDB5AEF8F}.Debug|Any CPU.ActiveCfg = Debug|x64
		{794A9F41-F9F8-4A86-9EFD-98BCDB5AEF8F}.Debug|Any CPU.Build.0 = Debug|x64
		{794A9F41-F9F8-4A86-9EFD-98BCDB5AEF8F}.Debug|ARM64.ActiveCfg = Debug|ARM64
		{794A9F41-F9F8-4A86-9EFD-98BCDB5AEF8F}.Debug|ARM64.Build.0 = Debug|ARM64
		{794A9F41-F9F8-4A86-9EFD-98BCDB5AEF8F}.Debug|ARM64EC.ActiveCfg = Debug|ARM64EC
		{794A9F41-F9F8-4A86-9EFD-98BCDB5AEF8F}.Debug|ARM64EC.Build.0 = Debug|ARM64EC
		{794A9F41-F9F8-4A86-9EFD-98BCDB5AEF8F}.Debug|Win32.ActiveCfg = Debug|x86
		{794A9F41-F9F8-4A86-9EFD-98BCDB5AEF8F}.Debug|Win32.Build.0 = Debug|x86
		{794A9F41-F9F8-4A86-9EFD-98BCDB5AEF8F}.Debug|x64.ActiveCfg = Debug|x64
		{794A9F41-F9F8-4A86-9EFD-98BCDB5AEF8F}.Debug|x64.Build.0 = Debug|x64
		{794A9F41-F9F8-4A86-9EFD-98BCDB5AEF8F}.Debug|x86.ActiveCfg = Debug|x86
		{794A9F41-F9F8-4A86-9EFD-98BCDB5AEF8F}.Debug|x86.Build.0 = Debug|x86
		{794A9F41-F9F8-4A86-9EFD-98BCDB5AEF8F}.Release|Any CPU.ActiveCfg = Release|x64
		{794A9F41-F9F8-4A86-9EFD-98BCDB5AEF8F}.Release|Any CPU.Build.0 = Release|x64
		{794A9F41-F9F8-4A86-9EFD-98BCDB5AEF8F}.Release|ARM64.ActiveCfg = Release|ARM64
		{794A9F41-F9F8-4A86-9EFD-98BCDB5AEF8F}.Release|ARM64.Build.0 = Release|ARM64
		{794A9F41-F9F8-4A86-9EFD-98BCDB5AEF8F}.Release|ARM64EC.ActiveCfg = Release|ARM64EC
		{794A9F41-F9F8-4A86-9EFD-98BCDB5AEF8F}.Release|ARM64EC.Build.0 = Release|ARM64EC
		{794A9F41-F9F8-4A86-9EFD-98BCDB5AEF8F}.Release|Win32.ActiveCfg = Release|x86
		{794A9F41-F9F8-4A86-9EFD-98BCDB5AEF8F}.Release|Win32.Build.0 = Release|x86
		{794A9F41-F9F8-4A86-9EFD-98BCDB5AEF8F}.Release|x64.ActiveCfg = Release|x64
		{794A9F41-F9F8-4A86-9EFD-98BCDB5AEF8F}.Release|x64.Build.0 = Release|x64
		{794A9F41-F9F8-4A86-9EFD-98BCDB5AEF8F}.Release|x86.ActiveCfg = Release|x86
		{794A9F41-F9F8-4A86-9EFD-98BCDB5AEF8F}.Release|x86.Build.0 = Release|x86
		{F784621A-12BF-4A49-9560-F197B874580B}.Debug_test|Any CPU.ActiveCfg = Debug|x64
		{F784621A-12BF-4A49-9560-F197B874580B}.Debug_test|Any CPU.Build.0 = Debug|x64
		{F784621A-12BF-4A49-9560-F197B874580B}.Debug_test|Any CPU.Deploy.0 = Debug|x64
		{F784621A-12BF-4A49-9560-F197B874580B}.Debug_test|ARM64.ActiveCfg = Debug|ARM64
		{F784621A-12BF-4A49-9560-F197B874580B}.Debug_test|ARM64.Build.0 = Debug|ARM64
		{F784621A-12BF-4A49-9560-F197B874580B}.Debug_test|ARM64.Deploy.0 = Debug|ARM64
		{F784621A-12BF-4A49-9560-F197B874580B}.Debug_test|ARM64EC.ActiveCfg = Debug|ARM64EC
		{F784621A-12BF-4A49-9560-F197B874580B}.Debug_test|ARM64EC.Build.0 = Debug|ARM64EC
		{F784621A-12BF-4A49-9560-F197B874580B}.Debug_test|Win32.ActiveCfg = Debug|x86
		{F784621A-12BF-4A49-9560-F197B874580B}.Debug_test|Win32.Build.0 = Debug|x86
		{F784621A-12BF-4A49-9560-F197B874580B}.Debug_test|Win32.Deploy.0 = Debug|x86
		{F784621A-12BF-4A49-9560-F197B874580B}.Debug_test|x64.ActiveCfg = Debug|x64
		{F784621A-12BF-4A49-9560-F197B874580B}.Debug_test|x64.Build.0 = Debug|x64
		{F784621A-12BF-4A49-9560-F197B874580B}.Debug_test|x64.Deploy.0 = Debug|x64
		{F784621A-12BF-4A49-9560-F197B874580B}.Debug_test|x86.ActiveCfg = Debug|x86
		{F784621A-12BF-4A49-9560-F197B874580B}.Debug_test|x86.Build.0 = Debug|x86
		{F784621A-12BF-4A49-9560-F197B874580B}.Debug_test|x86.Deploy.0 = Debug|x86
		{F784621A-12BF-4A49-9560-F197B874580B}.Debug|Any CPU.ActiveCfg = Debug|x64
		{F784621A-12BF-4A49-9560-F197B874580B}.Debug|Any CPU.Build.0 = Debug|x64
		{F784621A-12BF-4A49-9560-F197B874580B}.Debug|Any CPU.Deploy.0 = Debug|x64
		{F784621A-12BF-4A49-9560-F197B874580B}.Debug|ARM64.ActiveCfg = Debug|ARM64
		{F784621A-12BF-4A49-9560-F197B874580B}.Debug|ARM64.Build.0 = Debug|ARM64
		{F784621A-12BF-4A49-9560-F197B874580B}.Debug|ARM64.Deploy.0 = Debug|ARM64
		{F784621A-12BF-4A49-9560-F197B874580B}.Debug|ARM64EC.ActiveCfg = Debug|ARM64EC
		{F784621A-12BF-4A49-9560-F197B874580B}.Debug|ARM64EC.Build.0 = Debug|ARM64EC
		{F784621A-12BF-4A49-9560-F197B874580B}.Debug|Win32.ActiveCfg = Debug|x86
		{F784621A-12BF-4A49-9560-F197B874580B}.Debug|Win32.Build.0 = Debug|x86
		{F784621A-12BF-4A49-9560-F197B874580B}.Debug|Win32.Deploy.0 = Debug|x86
		{F784621A-12BF-4A49-9560-F197B874580B}.Debug|x64.ActiveCfg = Debug|x64
		{F784621A-12BF-4A49-9560-F197B874580B}.Debug|x64.Build.0 = Debug|x64
		{F784621A-12BF-4A49-9560-F197B874580B}.Debug|x64.Deploy.0 = Debug|x64
		{F784621A-12BF-4A49-9560-F197B874580B}.Debug|x86.ActiveCfg = Debug|x86
		{F784621A-12BF-4A49-9560-F197B874580B}.Debug|x86.Build.0 = Debug|x86
		{F784621A-12BF-4A49-9560-F197B874580B}.Debug|x86.Deploy.0 = Debug|x86
		{F784621A-12BF-4A49-9560-F197B874580B}.Release|Any CPU.ActiveCfg = Release|x64
		{F784621A-12BF-4A49-9560-F197B874580B}.Release|Any CPU.Build.0 = Release|x64
		{F784621A-12BF-4A49-9560-F197B874580B}.Release|Any CPU.Deploy.0 = Release|x64
		{F784621A-12BF-4A49-9560-F197B874580B}.Release|ARM64.ActiveCfg = Release|ARM64
		{F784621A-12BF-4A49-9560-F197B874580B}.Release|ARM64.Build.0 = Release|ARM64
		{F784621A-12BF-4A49-9560-F197B874580B}.Release|ARM64.Deploy.0 = Release|ARM64
		{F784621A-12BF-4A49-9560-F197B874580B}.Release|ARM64EC.ActiveCfg = Release|ARM64EC
		{F784621A-12BF-4A49-9560-F197B874580B}.Release|ARM64EC.Build.0 = Release|ARM64EC
		{F784621A-12BF-4A49-9560-F197B874580B}.Release|Win32.ActiveCfg = Release|x86
		{F784621A-12BF-4A49-9560-F197B874580B}.Release|Win32.Build.0 = Release|x86
		{F784621A-12BF-4A49-9560-F197B874580B}.Release|Win32.Deploy.0 = Release|x86
		{F784621A-12BF-4A49-9560-F197B874580B}.Release|x64.ActiveCfg = Release|x64
		{F784621A-12BF-4A49-9560-F197B874580B}.Release|x64.Build.0 = Release|x64
		{F784621A-12BF-4A49-9560-F197B874580B}.Release|x64.Deploy.0 = Release|x64
		{F784621A-12BF-4A49-9560-F197B874580B}.Release|x86.ActiveCfg = Release|x86
		{F784621A-12BF-4A49-9560-F197B874580B}.Release|x86.Build.0 = Release|x86
		{F784621A-12BF-4A49-9560-F197B874580B}.Release|x86.Deploy.0 = Release|x86
	EndGlobalSection
	GlobalSection(SolutionProperties) = preSolution
		HideSolutionNode = FALSE
	EndGlobalSection
	GlobalSection(ExtensibilityGlobals) = postSolution
		SolutionGuid = {87011EED-3042-4220-AEF4-5EE591E70926}
	EndGlobalSection
EndGlobal
