
Microsoft Visual Studio Solution File, Format Version 12.00
# Visual Studio Version 17
VisualStudioVersion = 17.6.33829.357
MinimumVisualStudioVersion = 10.0.40219.1
Project("{2150E333-8FDC-42A3-9474-1A3956D46DE8}") = "Solution Items", "Solution Items", "{A4E2EED6-A00D-A0AE-AF09-A51A60683734}"
	ProjectSection(SolutionItems) = preProject
		..\Directory.Build.props = ..\Directory.Build.props
		..\..\Packages.props = ..\..\Packages.props
	EndProjectSection
EndProject
Project("{9A19103F-16F7-4668-BE54-9A1E7A4F7556}") = "ManagedDesktopSample", "ManagedDesktopSample\ManagedDesktopSample.csproj", "{AEA55E79-A90F-A222-A708-AD8BBD5166CB}"
EndProject
Global
	GlobalSection(SolutionConfigurationPlatforms) = preSolution
		Debug_test|Any CPU = Debug_test|Any CPU
		Debug_test|ARM64 = Debug_test|ARM64
		Debug_test|x64 = Debug_test|x64
		Debug_test|x86 = Debug_test|x86
		Debug|Any CPU = Debug|Any CPU
		Debug|ARM64 = Debug|ARM64
		Debug|x64 = Debug|x64
		Debug|x86 = Debug|x86
		Release|Any CPU = Release|Any CPU
		Release|ARM64 = Release|ARM64
		Release|x64 = Release|x64
		Release|x86 = Release|x86
	EndGlobalSection
	GlobalSection(ProjectConfigurationPlatforms) = postSolution
		{AEA55E79-A90F-A222-A708-AD8BBD5166CB}.Debug_test|Any CPU.ActiveCfg = Debug|x64
		{AEA55E79-A90F-A222-A708-AD8BBD5166CB}.Debug_test|Any CPU.Build.0 = Debug|x64
		{AEA55E79-A90F-A222-A708-AD8BBD5166CB}.Debug_test|ARM64.ActiveCfg = Debug|ARM64
		{AEA55E79-A90F-A222-A708-AD8BBD5166CB}.Debug_test|ARM64.Build.0 = Debug|ARM64
		{AEA55E79-A90F-A222-A708-AD8BBD5166CB}.Debug_test|x64.ActiveCfg = Debug|x64
		{AEA55E79-A90F-A222-A708-AD8BBD5166CB}.Debug_test|x64.Build.0 = Debug|x64
		{AEA55E79-A90F-A222-A708-AD8BBD5166CB}.Debug_test|x86.ActiveCfg = Debug|x86
		{AEA55E79-A90F-A222-A708-AD8BBD5166CB}.Debug_test|x86.Build.0 = Debug|x86
		{AEA55E79-A90F-A222-A708-AD8BBD5166CB}.Debug|Any CPU.ActiveCfg = Debug|x64
		{AEA55E79-A90F-A222-A708-AD8BBD5166CB}.Debug|Any CPU.Build.0 = Debug|x64
		{AEA55E79-A90F-A222-A708-AD8BBD5166CB}.Debug|ARM64.ActiveCfg = Debug|ARM64
		{AEA55E79-A90F-A222-A708-AD8BBD5166CB}.Debug|ARM64.Build.0 = Debug|ARM64
		{AEA55E79-A90F-A222-A708-AD8BBD5166CB}.Debug|x64.ActiveCfg = Debug|x64
		{AEA55E79-A90F-A222-A708-AD8BBD5166CB}.Debug|x64.Build.0 = Debug|x64
		{AEA55E79-A90F-A222-A708-AD8BBD5166CB}.Debug|x86.ActiveCfg = Debug|x86
		{AEA55E79-A90F-A222-A708-AD8BBD5166CB}.Debug|x86.Build.0 = Debug|x86
		{AEA55E79-A90F-A222-A708-AD8BBD5166CB}.Release|Any CPU.ActiveCfg = Release|x64
		{AEA55E79-A90F-A222-A708-AD8BBD5166CB}.Release|Any CPU.Build.0 = Release|x64
		{AEA55E79-A90F-A222-A708-AD8BBD5166CB}.Release|ARM64.ActiveCfg = Release|ARM64
		{AEA55E79-A90F-A222-A708-AD8BBD5166CB}.Release|ARM64.Build.0 = Release|ARM64
		{AEA55E79-A90F-A222-A708-AD8BBD5166CB}.Release|x64.ActiveCfg = Release|x64
		{AEA55E79-A90F-A222-A708-AD8BBD5166CB}.Release|x64.Build.0 = Release|x64
		{AEA55E79-A90F-A222-A708-AD8BBD5166CB}.Release|x86.ActiveCfg = Release|x86
		{AEA55E79-A90F-A222-A708-AD8BBD5166CB}.Release|x86.Build.0 = Release|x86
	EndGlobalSection
	GlobalSection(SolutionProperties) = preSolution
		HideSolutionNode = FALSE
	EndGlobalSection
	GlobalSection(ExtensibilityGlobals) = postSolution
		SolutionGuid = {A6441A33-A7E5-A4A5-A731-AE9DEF59CB58}
	EndGlobalSection
EndGlobal
