
Microsoft Visual Studio Solution File, Format Version 12.00
# Visual Studio Version 16
VisualStudioVersion = 16.0.32106.194
MinimumVisualStudioVersion = 10.0.40219.1
Project("{FAE04EC0-301F-11D3-BF4B-00C04F79EFBC}") = "XamlOM", "XamlOM\XamlOM.csproj", "{676EA754-7BD5-43EB-9B2C-10B43E59D911}"
	ProjectSection(ProjectDependencies) = postProject
		{25A09BD9-CFF5-4F6B-8BCE-BC3611C3D392} = {25A09BD9-CFF5-4F6B-8BCE-BC3611C3D392}
	EndProjectSection
EndProject
Project("{FAE04EC0-301F-11D3-BF4B-00C04F79EFBC}") = "OM", "OM\OM.csproj", "{25A09BD9-CFF5-4F6B-8BCE-BC3611C3D392}"
EndProject
Project("{FAE04EC0-301F-11D3-BF4B-00C04F79EFBC}") = "XamlGen", "XamlGen\XamlGen.csproj", "{7EF0449A-8CD1-450A-B556-57FC5DF6D5B5}"
	ProjectSection(ProjectDependencies) = postProject
		{0172F700-DB92-46B1-AA21-EE0BA878F499} = {0172F700-DB92-46B1-AA21-EE0BA878F499}
		{676EA754-7BD5-43EB-9B2C-10B43E59D810} = {676EA754-7BD5-43EB-9B2C-10B43E59D810}
		{676EA754-7BD5-43EB-9B2C-10B43E59D911} = {676EA754-7BD5-43EB-9B2C-10B43E59D911}
		{25A09BD9-CFF5-4F6B-8BCE-BC3611C3D392} = {25A09BD9-CFF5-4F6B-8BCE-BC3611C3D392}
		{05078CE6-9828-446C-AAD7-096885E378D8} = {05078CE6-9828-446C-AAD7-096885E378D8}
		{2E7650F4-AF40-43DC-9D05-0C9418E308AA} = {2E7650F4-AF40-43DC-9D05-0C9418E308AA}
	EndProjectSection
EndProject
Project("{2150E333-8FDC-42A3-9474-1A3956D46DE8}") = "Modules", "Modules", "{17CC6CFB-0D71-4CA4-9812-CD31FBBC4EC5}"
EndProject
Project("{FAE04EC0-301F-11D3-BF4B-00C04F79EFBC}") = "XamlOM.Phone", "Modules\Phone\XamlOM.Phone.csproj", "{676EA754-7BD5-43EB-9B2C-10B43E59D810}"
EndProject
Project("{FAE04EC0-301F-11D3-BF4B-00C04F79EFBC}") = "XamlOM.Controls", "Modules\Controls\XamlOM.Controls.csproj", "{0172F700-DB92-46B1-AA21-EE0BA878F499}"
EndProject
Project("{FAE04EC0-301F-11D3-BF4B-00C04F79EFBC}") = "XamlOM.ExCore", "Modules\ExtendedCore\XamlOM.ExCore.csproj", "{2E7650F4-AF40-43DC-9D05-0C9418E308AA}"
EndProject
Project("{FAE04EC0-301F-11D3-BF4B-00C04F79EFBC}") = "XamlOM.AutoSuggestBox", "Modules\AutoSuggestBox\XamlOM.AutoSuggestBox.csproj", "{05078CE6-9828-446C-AAD7-096885E378D8}"
EndProject
Global
	GlobalSection(SolutionConfigurationPlatforms) = preSolution
		Debug|x64 = Debug|x64
		Debug|x86 = Debug|x86
		Release|x64 = Release|x64
		Release|x86 = Release|x86
	EndGlobalSection
	GlobalSection(ProjectConfigurationPlatforms) = postSolution
		{676EA754-7BD5-43EB-9B2C-10B43E59D911}.Debug|x64.ActiveCfg = Debug|x64
		{676EA754-7BD5-43EB-9B2C-10B43E59D911}.Debug|x64.Build.0 = Debug|x64
		{676EA754-7BD5-43EB-9B2C-10B43E59D911}.Debug|x86.ActiveCfg = Debug|x86
		{676EA754-7BD5-43EB-9B2C-10B43E59D911}.Debug|x86.Build.0 = Debug|x86
		{676EA754-7BD5-43EB-9B2C-10B43E59D911}.Release|x64.ActiveCfg = Release|x64
		{676EA754-7BD5-43EB-9B2C-10B43E59D911}.Release|x64.Build.0 = Release|x64
		{676EA754-7BD5-43EB-9B2C-10B43E59D911}.Release|x86.ActiveCfg = Release|x86
		{676EA754-7BD5-43EB-9B2C-10B43E59D911}.Release|x86.Build.0 = Release|x86
		{25A09BD9-CFF5-4F6B-8BCE-BC3611C3D392}.Debug|x64.ActiveCfg = Debug|Any CPU
		{25A09BD9-CFF5-4F6B-8BCE-BC3611C3D392}.Debug|x64.Build.0 = Debug|Any CPU
		{25A09BD9-CFF5-4F6B-8BCE-BC3611C3D392}.Debug|x86.ActiveCfg = Debug|Any CPU
		{25A09BD9-CFF5-4F6B-8BCE-BC3611C3D392}.Debug|x86.Build.0 = Debug|Any CPU
		{25A09BD9-CFF5-4F6B-8BCE-BC3611C3D392}.Release|x64.ActiveCfg = Release|Any CPU
		{25A09BD9-CFF5-4F6B-8BCE-BC3611C3D392}.Release|x64.Build.0 = Release|Any CPU
		{25A09BD9-CFF5-4F6B-8BCE-BC3611C3D392}.Release|x86.ActiveCfg = Release|Any CPU
		{7EF0449A-8CD1-450A-B556-57FC5DF6D5B5}.Debug|x64.ActiveCfg = Debug|x64
		{7EF0449A-8CD1-450A-B556-57FC5DF6D5B5}.Debug|x64.Build.0 = Debug|x64
		{7EF0449A-8CD1-450A-B556-57FC5DF6D5B5}.Debug|x86.ActiveCfg = Debug|Win32
		{7EF0449A-8CD1-450A-B556-57FC5DF6D5B5}.Debug|x86.Build.0 = Debug|Win32
		{7EF0449A-8CD1-450A-B556-57FC5DF6D5B5}.Release|x64.ActiveCfg = Release|x64
		{7EF0449A-8CD1-450A-B556-57FC5DF6D5B5}.Release|x64.Build.0 = Release|x64
		{7EF0449A-8CD1-450A-B556-57FC5DF6D5B5}.Release|x86.ActiveCfg = Release|Win32
		{7EF0449A-8CD1-450A-B556-57FC5DF6D5B5}.Release|x86.Build.0 = Release|Win32
		{676EA754-7BD5-43EB-9B2C-10B43E59D810}.Debug|x64.ActiveCfg = Debug|x64
		{676EA754-7BD5-43EB-9B2C-10B43E59D810}.Debug|x64.Build.0 = Debug|x64
		{676EA754-7BD5-43EB-9B2C-10B43E59D810}.Debug|x86.ActiveCfg = Debug|x86
		{676EA754-7BD5-43EB-9B2C-10B43E59D810}.Debug|x86.Build.0 = Debug|x86
		{676EA754-7BD5-43EB-9B2C-10B43E59D810}.Release|x64.ActiveCfg = Release|x64
		{676EA754-7BD5-43EB-9B2C-10B43E59D810}.Release|x64.Build.0 = Release|x64
		{676EA754-7BD5-43EB-9B2C-10B43E59D810}.Release|x86.ActiveCfg = Release|x86
		{676EA754-7BD5-43EB-9B2C-10B43E59D810}.Release|x86.Build.0 = Release|x86
		{0172F700-DB92-46B1-AA21-EE0BA878F499}.Debug|x64.ActiveCfg = Debug|x64
		{0172F700-DB92-46B1-AA21-EE0BA878F499}.Debug|x64.Build.0 = Debug|x64
		{0172F700-DB92-46B1-AA21-EE0BA878F499}.Debug|x86.ActiveCfg = Debug|x86
		{0172F700-DB92-46B1-AA21-EE0BA878F499}.Debug|x86.Build.0 = Debug|x86
		{0172F700-DB92-46B1-AA21-EE0BA878F499}.Release|x64.ActiveCfg = Release|x64
		{0172F700-DB92-46B1-AA21-EE0BA878F499}.Release|x64.Build.0 = Release|x64
		{0172F700-DB92-46B1-AA21-EE0BA878F499}.Release|x86.ActiveCfg = Release|x86
		{0172F700-DB92-46B1-AA21-EE0BA878F499}.Release|x86.Build.0 = Release|x86
		{2E7650F4-AF40-43DC-9D05-0C9418E308AA}.Debug|x64.ActiveCfg = Debug|x64
		{2E7650F4-AF40-43DC-9D05-0C9418E308AA}.Debug|x64.Build.0 = Debug|x64
		{2E7650F4-AF40-43DC-9D05-0C9418E308AA}.Debug|x86.ActiveCfg = Debug|x86
		{2E7650F4-AF40-43DC-9D05-0C9418E308AA}.Debug|x86.Build.0 = Debug|x86
		{2E7650F4-AF40-43DC-9D05-0C9418E308AA}.Release|x64.ActiveCfg = Release|x64
		{2E7650F4-AF40-43DC-9D05-0C9418E308AA}.Release|x64.Build.0 = Release|x64
		{2E7650F4-AF40-43DC-9D05-0C9418E308AA}.Release|x86.ActiveCfg = Release|x86
		{2E7650F4-AF40-43DC-9D05-0C9418E308AA}.Release|x86.Build.0 = Release|x86
		{05078CE6-9828-446C-AAD7-096885E378D8}.Debug|x64.ActiveCfg = Debug|x64
		{05078CE6-9828-446C-AAD7-096885E378D8}.Debug|x64.Build.0 = Debug|x64
		{05078CE6-9828-446C-AAD7-096885E378D8}.Debug|x86.ActiveCfg = Debug|x86
		{05078CE6-9828-446C-AAD7-096885E378D8}.Debug|x86.Build.0 = Debug|x86
		{05078CE6-9828-446C-AAD7-096885E378D8}.Release|x64.ActiveCfg = Release|x64
		{05078CE6-9828-446C-AAD7-096885E378D8}.Release|x64.Build.0 = Release|x64
		{05078CE6-9828-446C-AAD7-096885E378D8}.Release|x86.ActiveCfg = Release|x86
		{05078CE6-9828-446C-AAD7-096885E378D8}.Release|x86.Build.0 = Release|x86
	EndGlobalSection
	GlobalSection(SolutionProperties) = preSolution
		HideSolutionNode = FALSE
	EndGlobalSection
	GlobalSection(NestedProjects) = preSolution
		{676EA754-7BD5-43EB-9B2C-10B43E59D911} = {17CC6CFB-0D71-4CA4-9812-CD31FBBC4EC5}
		{676EA754-7BD5-43EB-9B2C-10B43E59D810} = {17CC6CFB-0D71-4CA4-9812-CD31FBBC4EC5}
		{0172F700-DB92-46B1-AA21-EE0BA878F499} = {17CC6CFB-0D71-4CA4-9812-CD31FBBC4EC5}
		{2E7650F4-AF40-43DC-9D05-0C9418E308AA} = {17CC6CFB-0D71-4CA4-9812-CD31FBBC4EC5}
		{05078CE6-9828-446C-AAD7-096885E378D8} = {17CC6CFB-0D71-4CA4-9812-CD31FBBC4EC5}
	EndGlobalSection
	GlobalSection(ExtensibilityGlobals) = postSolution
		SolutionGuid = {A96000D8-1B5D-43FA-AE8A-6E17C2EA7191}
	EndGlobalSection
EndGlobal
