
Microsoft Visual Studio Solution File, Format Version 12.00
# Visual Studio 14
VisualStudioVersion = 14.0.23107.0
MinimumVisualStudioVersion = 10.0.40219.1
Project("{8BC9CEB8-8B4A-11D0-8D11-00A0C91BC942}") = "ConsumerCpp", "ConsumerCpp\ConsumerCpp.vcxproj", "{5019C58E-E658-4C44-B346-F12E4CB463BB}"
EndProject
Project("{8BC9CEB8-8B4A-11D0-8D11-00A0C91BC942}") = "ProviderCpp", "ProviderCpp\ProviderCpp.vcxproj", "{2F37EBFC-5E76-4882-83FA-0F58519009BD}"
EndProject
Project("{FAE04EC0-301F-11D3-BF4B-00C04F79EFBC}") = "ConsumerCs", "ConsumerCs\ConsumerCs.csproj", "{01252924-2A45-47A5-8404-740BD3ABD71D}"
EndProject
Project("{FAE04EC0-301F-11D3-BF4B-00C04F79EFBC}") = "ProviderCs", "ProviderCs\ProviderCs.csproj", "{B86D196A-7FC3-491A-A5EE-9194E3BA447B}"
EndProject
Project("{F184B08F-C81C-45F6-A57F-5ABD9991F28F}") = "ConsumerVb", "ConsumerVb\ConsumerVb.vbproj", "{BDB5B6BF-A3EC-4688-8091-32A9FE84014C}"
EndProject
Project("{F184B08F-C81C-45F6-A57F-5ABD9991F28F}") = "ProviderVb", "ProviderVb\ProviderVb.vbproj", "{D1A621B8-37E5-49D4-AB06-19AB9D32F1A1}"
EndProject
Global
	GlobalSection(SolutionConfigurationPlatforms) = preSolution
		Debug|Any CPU = Debug|Any CPU
		Debug|ARM64 = Debug|ARM64
		Debug|x64 = Debug|x64
		Debug|x86 = Debug|x86
		Release|Any CPU = Release|Any CPU
		Release|ARM64 = Release|ARM64
		Release|x64 = Release|x64
		Release|x86 = Release|x86
	EndGlobalSection
	GlobalSection(ProjectConfigurationPlatforms) = postSolution
		{5019C58E-E658-4C44-B346-F12E4CB463BB}.Debug|Any CPU.ActiveCfg = Debug|Win32
		{5019C58E-E658-4C44-B346-F12E4CB463BB}.Debug|ARM64.ActiveCfg = Debug|ARM64
		{5019C58E-E658-4C44-B346-F12E4CB463BB}.Debug|ARM64.Build.0 = Debug|ARM64
		{5019C58E-E658-4C44-B346-F12E4CB463BB}.Debug|ARM64.Deploy.0 = Debug|ARM64
		{5019C58E-E658-4C44-B346-F12E4CB463BB}.Debug|x64.ActiveCfg = Debug|x64
		{5019C58E-E658-4C44-B346-F12E4CB463BB}.Debug|x64.Build.0 = Debug|x64
		{5019C58E-E658-4C44-B346-F12E4CB463BB}.Debug|x64.Deploy.0 = Debug|x64
		{5019C58E-E658-4C44-B346-F12E4CB463BB}.Debug|x86.ActiveCfg = Debug|Win32
		{5019C58E-E658-4C44-B346-F12E4CB463BB}.Debug|x86.Build.0 = Debug|Win32
		{5019C58E-E658-4C44-B346-F12E4CB463BB}.Debug|x86.Deploy.0 = Debug|Win32
		{5019C58E-E658-4C44-B346-F12E4CB463BB}.Release|Any CPU.ActiveCfg = Release|Win32
		{5019C58E-E658-4C44-B346-F12E4CB463BB}.Release|ARM64.ActiveCfg = Release|ARM64
		{5019C58E-E658-4C44-B346-F12E4CB463BB}.Release|ARM64.Build.0 = Release|ARM64
		{5019C58E-E658-4C44-B346-F12E4CB463BB}.Release|ARM64.Deploy.0 = Release|ARM64
		{5019C58E-E658-4C44-B346-F12E4CB463BB}.Release|x64.ActiveCfg = Release|x64
		{5019C58E-E658-4C44-B346-F12E4CB463BB}.Release|x64.Build.0 = Release|x64
		{5019C58E-E658-4C44-B346-F12E4CB463BB}.Release|x64.Deploy.0 = Release|x64
		{5019C58E-E658-4C44-B346-F12E4CB463BB}.Release|x86.ActiveCfg = Release|Win32
		{5019C58E-E658-4C44-B346-F12E4CB463BB}.Release|x86.Build.0 = Release|Win32
		{5019C58E-E658-4C44-B346-F12E4CB463BB}.Release|x86.Deploy.0 = Release|Win32
		{2F37EBFC-5E76-4882-83FA-0F58519009BD}.Debug|Any CPU.ActiveCfg = Debug|Win32
		{2F37EBFC-5E76-4882-83FA-0F58519009BD}.Debug|ARM64.ActiveCfg = Debug|ARM64
		{2F37EBFC-5E76-4882-83FA-0F58519009BD}.Debug|ARM64.Build.0 = Debug|ARM64
		{2F37EBFC-5E76-4882-83FA-0F58519009BD}.Debug|ARM64.Deploy.0 = Debug|ARM64
		{2F37EBFC-5E76-4882-83FA-0F58519009BD}.Debug|x64.ActiveCfg = Debug|x64
		{2F37EBFC-5E76-4882-83FA-0F58519009BD}.Debug|x64.Build.0 = Debug|x64
		{2F37EBFC-5E76-4882-83FA-0F58519009BD}.Debug|x64.Deploy.0 = Debug|x64
		{2F37EBFC-5E76-4882-83FA-0F58519009BD}.Debug|x86.ActiveCfg = Debug|Win32
		{2F37EBFC-5E76-4882-83FA-0F58519009BD}.Debug|x86.Build.0 = Debug|Win32
		{2F37EBFC-5E76-4882-83FA-0F58519009BD}.Debug|x86.Deploy.0 = Debug|Win32
		{2F37EBFC-5E76-4882-83FA-0F58519009BD}.Release|Any CPU.ActiveCfg = Release|Win32
		{2F37EBFC-5E76-4882-83FA-0F58519009BD}.Release|ARM64.ActiveCfg = Release|ARM64
		{2F37EBFC-5E76-4882-83FA-0F58519009BD}.Release|ARM64.Build.0 = Release|ARM64
		{2F37EBFC-5E76-4882-83FA-0F58519009BD}.Release|ARM64.Deploy.0 = Release|ARM64
		{2F37EBFC-5E76-4882-83FA-0F58519009BD}.Release|x64.ActiveCfg = Release|x64
		{2F37EBFC-5E76-4882-83FA-0F58519009BD}.Release|x64.Build.0 = Release|x64
		{2F37EBFC-5E76-4882-83FA-0F58519009BD}.Release|x64.Deploy.0 = Release|x64
		{2F37EBFC-5E76-4882-83FA-0F58519009BD}.Release|x86.ActiveCfg = Release|Win32
		{2F37EBFC-5E76-4882-83FA-0F58519009BD}.Release|x86.Build.0 = Release|Win32
		{2F37EBFC-5E76-4882-83FA-0F58519009BD}.Release|x86.Deploy.0 = Release|Win32
		{01252924-2A45-47A5-8404-740BD3ABD71D}.Debug|Any CPU.ActiveCfg = Debug|x86
		{01252924-2A45-47A5-8404-740BD3ABD71D}.Debug|ARM64.ActiveCfg = Debug|ARM64
		{01252924-2A45-47A5-8404-740BD3ABD71D}.Debug|ARM64.Build.0 = Debug|ARM64
		{01252924-2A45-47A5-8404-740BD3ABD71D}.Debug|ARM64.Deploy.0 = Debug|ARM64
		{01252924-2A45-47A5-8404-740BD3ABD71D}.Debug|x64.ActiveCfg = Debug|x64
		{01252924-2A45-47A5-8404-740BD3ABD71D}.Debug|x64.Build.0 = Debug|x64
		{01252924-2A45-47A5-8404-740BD3ABD71D}.Debug|x64.Deploy.0 = Debug|x64
		{01252924-2A45-47A5-8404-740BD3ABD71D}.Debug|x86.ActiveCfg = Debug|x86
		{01252924-2A45-47A5-8404-740BD3ABD71D}.Debug|x86.Build.0 = Debug|x86
		{01252924-2A45-47A5-8404-740BD3ABD71D}.Debug|x86.Deploy.0 = Debug|x86
		{01252924-2A45-47A5-8404-740BD3ABD71D}.Release|Any CPU.ActiveCfg = Release|x86
		{01252924-2A45-47A5-8404-740BD3ABD71D}.Release|ARM64.ActiveCfg = Release|ARM64
		{01252924-2A45-47A5-8404-740BD3ABD71D}.Release|ARM64.Build.0 = Release|ARM64
		{01252924-2A45-47A5-8404-740BD3ABD71D}.Release|ARM64.Deploy.0 = Release|ARM64
		{01252924-2A45-47A5-8404-740BD3ABD71D}.Release|x64.ActiveCfg = Release|x64
		{01252924-2A45-47A5-8404-740BD3ABD71D}.Release|x64.Build.0 = Release|x64
		{01252924-2A45-47A5-8404-740BD3ABD71D}.Release|x64.Deploy.0 = Release|x64
		{01252924-2A45-47A5-8404-740BD3ABD71D}.Release|x86.ActiveCfg = Release|x86
		{01252924-2A45-47A5-8404-740BD3ABD71D}.Release|x86.Build.0 = Release|x86
		{01252924-2A45-47A5-8404-740BD3ABD71D}.Release|x86.Deploy.0 = Release|x86
		{B86D196A-7FC3-491A-A5EE-9194E3BA447B}.Debug|Any CPU.ActiveCfg = Debug|Any CPU
		{B86D196A-7FC3-491A-A5EE-9194E3BA447B}.Debug|Any CPU.Build.0 = Debug|Any CPU
		{B86D196A-7FC3-491A-A5EE-9194E3BA447B}.Debug|Any CPU.Deploy.0 = Debug|Any CPU
		{B86D196A-7FC3-491A-A5EE-9194E3BA447B}.Debug|ARM64.ActiveCfg = Debug|ARM64
		{B86D196A-7FC3-491A-A5EE-9194E3BA447B}.Debug|ARM64.Build.0 = Debug|ARM64
		{B86D196A-7FC3-491A-A5EE-9194E3BA447B}.Debug|ARM64.Deploy.0 = Debug|ARM64
		{B86D196A-7FC3-491A-A5EE-9194E3BA447B}.Debug|x64.ActiveCfg = Debug|x64
		{B86D196A-7FC3-491A-A5EE-9194E3BA447B}.Debug|x64.Build.0 = Debug|x64
		{B86D196A-7FC3-491A-A5EE-9194E3BA447B}.Debug|x64.Deploy.0 = Debug|x64
		{B86D196A-7FC3-491A-A5EE-9194E3BA447B}.Debug|x86.ActiveCfg = Debug|x86
		{B86D196A-7FC3-491A-A5EE-9194E3BA447B}.Debug|x86.Build.0 = Debug|x86
		{B86D196A-7FC3-491A-A5EE-9194E3BA447B}.Debug|x86.Deploy.0 = Debug|x86
		{B86D196A-7FC3-491A-A5EE-9194E3BA447B}.Release|Any CPU.ActiveCfg = Release|Any CPU
		{B86D196A-7FC3-491A-A5EE-9194E3BA447B}.Release|Any CPU.Build.0 = Release|Any CPU
		{B86D196A-7FC3-491A-A5EE-9194E3BA447B}.Release|Any CPU.Deploy.0 = Release|Any CPU
		{B86D196A-7FC3-491A-A5EE-9194E3BA447B}.Release|ARM64.ActiveCfg = Release|ARM64
		{B86D196A-7FC3-491A-A5EE-9194E3BA447B}.Release|ARM64.Build.0 = Release|ARM64
		{B86D196A-7FC3-491A-A5EE-9194E3BA447B}.Release|ARM64.Deploy.0 = Release|ARM64
		{B86D196A-7FC3-491A-A5EE-9194E3BA447B}.Release|x64.ActiveCfg = Release|x64
		{B86D196A-7FC3-491A-A5EE-9194E3BA447B}.Release|x64.Build.0 = Release|x64
		{B86D196A-7FC3-491A-A5EE-9194E3BA447B}.Release|x64.Deploy.0 = Release|x64
		{B86D196A-7FC3-491A-A5EE-9194E3BA447B}.Release|x86.ActiveCfg = Release|x86
		{B86D196A-7FC3-491A-A5EE-9194E3BA447B}.Release|x86.Build.0 = Release|x86
		{B86D196A-7FC3-491A-A5EE-9194E3BA447B}.Release|x86.Deploy.0 = Release|x86
		{BDB5B6BF-A3EC-4688-8091-32A9FE84014C}.Debug|Any CPU.ActiveCfg = Debug|x86
		{BDB5B6BF-A3EC-4688-8091-32A9FE84014C}.Debug|ARM64.ActiveCfg = Debug|ARM64
		{BDB5B6BF-A3EC-4688-8091-32A9FE84014C}.Debug|ARM64.Build.0 = Debug|ARM64
		{BDB5B6BF-A3EC-4688-8091-32A9FE84014C}.Debug|ARM64.Deploy.0 = Debug|ARM64
		{BDB5B6BF-A3EC-4688-8091-32A9FE84014C}.Debug|x64.ActiveCfg = Debug|x64
		{BDB5B6BF-A3EC-4688-8091-32A9FE84014C}.Debug|x64.Build.0 = Debug|x64
		{BDB5B6BF-A3EC-4688-8091-32A9FE84014C}.Debug|x64.Deploy.0 = Debug|x64
		{BDB5B6BF-A3EC-4688-8091-32A9FE84014C}.Debug|x86.ActiveCfg = Debug|x86
		{BDB5B6BF-A3EC-4688-8091-32A9FE84014C}.Debug|x86.Build.0 = Debug|x86
		{BDB5B6BF-A3EC-4688-8091-32A9FE84014C}.Debug|x86.Deploy.0 = Debug|x86
		{BDB5B6BF-A3EC-4688-8091-32A9FE84014C}.Release|Any CPU.ActiveCfg = Release|x86
		{BDB5B6BF-A3EC-4688-8091-32A9FE84014C}.Release|ARM64.ActiveCfg = Release|ARM64
		{BDB5B6BF-A3EC-4688-8091-32A9FE84014C}.Release|ARM64.Build.0 = Release|ARM64
		{BDB5B6BF-A3EC-4688-8091-32A9FE84014C}.Release|ARM64.Deploy.0 = Release|ARM64
		{BDB5B6BF-A3EC-4688-8091-32A9FE84014C}.Release|x64.ActiveCfg = Release|x64
		{BDB5B6BF-A3EC-4688-8091-32A9FE84014C}.Release|x64.Build.0 = Release|x64
		{BDB5B6BF-A3EC-4688-8091-32A9FE84014C}.Release|x64.Deploy.0 = Release|x64
		{BDB5B6BF-A3EC-4688-8091-32A9FE84014C}.Release|x86.ActiveCfg = Release|x86
		{BDB5B6BF-A3EC-4688-8091-32A9FE84014C}.Release|x86.Build.0 = Release|x86
		{BDB5B6BF-A3EC-4688-8091-32A9FE84014C}.Release|x86.Deploy.0 = Release|x86
		{D1A621B8-37E5-49D4-AB06-19AB9D32F1A1}.Debug|Any CPU.ActiveCfg = Debug|Any CPU
		{D1A621B8-37E5-49D4-AB06-19AB9D32F1A1}.Debug|Any CPU.Build.0 = Debug|Any CPU
		{D1A621B8-37E5-49D4-AB06-19AB9D32F1A1}.Debug|Any CPU.Deploy.0 = Debug|Any CPU
		{D1A621B8-37E5-49D4-AB06-19AB9D32F1A1}.Debug|ARM64.ActiveCfg = Debug|ARM64
		{D1A621B8-37E5-49D4-AB06-19AB9D32F1A1}.Debug|ARM64.Build.0 = Debug|ARM64
		{D1A621B8-37E5-49D4-AB06-19AB9D32F1A1}.Debug|ARM64.Deploy.0 = Debug|ARM64
		{D1A621B8-37E5-49D4-AB06-19AB9D32F1A1}.Debug|x64.ActiveCfg = Debug|x64
		{D1A621B8-37E5-49D4-AB06-19AB9D32F1A1}.Debug|x64.Build.0 = Debug|x64
		{D1A621B8-37E5-49D4-AB06-19AB9D32F1A1}.Debug|x64.Deploy.0 = Debug|x64
		{D1A621B8-37E5-49D4-AB06-19AB9D32F1A1}.Debug|x86.ActiveCfg = Debug|x86
		{D1A621B8-37E5-49D4-AB06-19AB9D32F1A1}.Debug|x86.Build.0 = Debug|x86
		{D1A621B8-37E5-49D4-AB06-19AB9D32F1A1}.Debug|x86.Deploy.0 = Debug|x86
		{D1A621B8-37E5-49D4-AB06-19AB9D32F1A1}.Release|Any CPU.ActiveCfg = Release|Any CPU
		{D1A621B8-37E5-49D4-AB06-19AB9D32F1A1}.Release|Any CPU.Build.0 = Release|Any CPU
		{D1A621B8-37E5-49D4-AB06-19AB9D32F1A1}.Release|Any CPU.Deploy.0 = Release|Any CPU
		{D1A621B8-37E5-49D4-AB06-19AB9D32F1A1}.Release|ARM64.ActiveCfg = Release|ARM64
		{D1A621B8-37E5-49D4-AB06-19AB9D32F1A1}.Release|ARM64.Build.0 = Release|ARM64
		{D1A621B8-37E5-49D4-AB06-19AB9D32F1A1}.Release|ARM64.Deploy.0 = Release|ARM64
		{D1A621B8-37E5-49D4-AB06-19AB9D32F1A1}.Release|x64.ActiveCfg = Release|x64
		{D1A621B8-37E5-49D4-AB06-19AB9D32F1A1}.Release|x64.Build.0 = Release|x64
		{D1A621B8-37E5-49D4-AB06-19AB9D32F1A1}.Release|x64.Deploy.0 = Release|x64
		{D1A621B8-37E5-49D4-AB06-19AB9D32F1A1}.Release|x86.ActiveCfg = Release|x86
		{D1A621B8-37E5-49D4-AB06-19AB9D32F1A1}.Release|x86.Build.0 = Release|x86
		{D1A621B8-37E5-49D4-AB06-19AB9D32F1A1}.Release|x86.Deploy.0 = Release|x86
	EndGlobalSection
	GlobalSection(SolutionProperties) = preSolution
		HideSolutionNode = FALSE
	EndGlobalSection
EndGlobal
