
Microsoft Visual Studio Solution File, Format Version 12.00
# Visual Studio Version 16
VisualStudioVersion = 16.0.31004.235
MinimumVisualStudioVersion = 10.0.40219.1
Project("{FAE04EC0-301F-11D3-BF4B-00C04F79EFBC}") = "Experiments", "Experiments.csproj", "{1C77A6F0-D129-4045-9ACE-5A16D1EFCA33}"
EndProject
Global
	GlobalSection(SolutionConfigurationPlatforms) = preSolution
		Debug_test|ARM = Debug_test|ARM
		Debug_test|ARM64 = Debug_test|ARM64
		Debug_test|x64 = Debug_test|x64
		Debug_test|x86 = Debug_test|x86
		Debug|ARM = Debug|ARM
		Debug|ARM64 = Debug|ARM64
		Debug|x64 = Debug|x64
		Debug|x86 = Debug|x86
		Release|ARM = Release|ARM
		Release|ARM64 = Release|ARM64
		Release|x64 = Release|x64
		Release|x86 = Release|x86
	EndGlobalSection
	GlobalSection(ProjectConfigurationPlatforms) = postSolution
		{1C77A6F0-D129-4045-9ACE-5A16D1EFCA33}.Debug_test|ARM.ActiveCfg = Debug_test|ARM
		{1C77A6F0-D129-4045-9ACE-5A16D1EFCA33}.Debug_test|ARM.Build.0 = Debug_test|ARM
		{1C77A6F0-D129-4045-9ACE-5A16D1EFCA33}.Debug_test|ARM.Deploy.0 = Debug_test|ARM
		{1C77A6F0-D129-4045-9ACE-5A16D1EFCA33}.Debug_test|ARM64.ActiveCfg = Debug_test|ARM64
		{1C77A6F0-D129-4045-9ACE-5A16D1EFCA33}.Debug_test|ARM64.Build.0 = Debug_test|ARM64
		{1C77A6F0-D129-4045-9ACE-5A16D1EFCA33}.Debug_test|ARM64.Deploy.0 = Debug_test|ARM64
		{1C77A6F0-D129-4045-9ACE-5A16D1EFCA33}.Debug_test|x64.ActiveCfg = Debug_test|x64
		{1C77A6F0-D129-4045-9ACE-5A16D1EFCA33}.Debug_test|x64.Build.0 = Debug_test|x64
		{1C77A6F0-D129-4045-9ACE-5A16D1EFCA33}.Debug_test|x64.Deploy.0 = Debug_test|x64
		{1C77A6F0-D129-4045-9ACE-5A16D1EFCA33}.Debug_test|x86.ActiveCfg = Debug_test|x86
		{1C77A6F0-D129-4045-9ACE-5A16D1EFCA33}.Debug_test|x86.Build.0 = Debug_test|x86
		{1C77A6F0-D129-4045-9ACE-5A16D1EFCA33}.Debug_test|x86.Deploy.0 = Debug_test|x86
		{1C77A6F0-D129-4045-9ACE-5A16D1EFCA33}.Debug|ARM.ActiveCfg = Debug|ARM
		{1C77A6F0-D129-4045-9ACE-5A16D1EFCA33}.Debug|ARM.Build.0 = Debug|ARM
		{1C77A6F0-D129-4045-9ACE-5A16D1EFCA33}.Debug|ARM.Deploy.0 = Debug|ARM
		{1C77A6F0-D129-4045-9ACE-5A16D1EFCA33}.Debug|ARM64.ActiveCfg = Debug|ARM64
		{1C77A6F0-D129-4045-9ACE-5A16D1EFCA33}.Debug|ARM64.Build.0 = Debug|ARM64
		{1C77A6F0-D129-4045-9ACE-5A16D1EFCA33}.Debug|ARM64.Deploy.0 = Debug|ARM64
		{1C77A6F0-D129-4045-9ACE-5A16D1EFCA33}.Debug|x64.ActiveCfg = Debug|x64
		{1C77A6F0-D129-4045-9ACE-5A16D1EFCA33}.Debug|x64.Build.0 = Debug|x64
		{1C77A6F0-D129-4045-9ACE-5A16D1EFCA33}.Debug|x64.Deploy.0 = Debug|x64
		{1C77A6F0-D129-4045-9ACE-5A16D1EFCA33}.Debug|x86.ActiveCfg = Debug|x86
		{1C77A6F0-D129-4045-9ACE-5A16D1EFCA33}.Debug|x86.Build.0 = Debug|x86
		{1C77A6F0-D129-4045-9ACE-5A16D1EFCA33}.Debug|x86.Deploy.0 = Debug|x86
		{1C77A6F0-D129-4045-9ACE-5A16D1EFCA33}.Release|ARM.ActiveCfg = Release|ARM
		{1C77A6F0-D129-4045-9ACE-5A16D1EFCA33}.Release|ARM.Build.0 = Release|ARM
		{1C77A6F0-D129-4045-9ACE-5A16D1EFCA33}.Release|ARM.Deploy.0 = Release|ARM
		{1C77A6F0-D129-4045-9ACE-5A16D1EFCA33}.Release|ARM64.ActiveCfg = Release|ARM64
		{1C77A6F0-D129-4045-9ACE-5A16D1EFCA33}.Release|ARM64.Build.0 = Release|ARM64
		{1C77A6F0-D129-4045-9ACE-5A16D1EFCA33}.Release|ARM64.Deploy.0 = Release|ARM64
		{1C77A6F0-D129-4045-9ACE-5A16D1EFCA33}.Release|x64.ActiveCfg = Release|x64
		{1C77A6F0-D129-4045-9ACE-5A16D1EFCA33}.Release|x64.Build.0 = Release|x64
		{1C77A6F0-D129-4045-9ACE-5A16D1EFCA33}.Release|x64.Deploy.0 = Release|x64
		{1C77A6F0-D129-4045-9ACE-5A16D1EFCA33}.Release|x86.ActiveCfg = Release|x86
		{1C77A6F0-D129-4045-9ACE-5A16D1EFCA33}.Release|x86.Build.0 = Release|x86
		{1C77A6F0-D129-4045-9ACE-5A16D1EFCA33}.Release|x86.Deploy.0 = Release|x86
	EndGlobalSection
	GlobalSection(SolutionProperties) = preSolution
		HideSolutionNode = FALSE
	EndGlobalSection
	GlobalSection(ExtensibilityGlobals) = postSolution
		SolutionGuid = {CA0B97A6-2F73-41B9-82D4-02D6F9FCA38F}
	EndGlobalSection
EndGlobal
