
Microsoft Visual Studio Solution File, Format Version 12.00
# Visual Studio Version 17
VisualStudioVersion = 17.8.34330.188
MinimumVisualStudioVersion = 10.0.40219.1
Project("{9A19103F-16F7-4668-BE54-9A1E7A4F7556}") = "XamlPGO.HelloWorld.Cs", "XamlPGO.HelloWorld.Cs\XamlPGO.HelloWorld.Cs.csproj", "{F2C5C5CB-CD4F-4ED5-B5AA-0285F82BB63D}"
EndProject
Project("{8BC9CEB8-8B4A-11D0-8D11-00A0C91BC942}") = "SimpleIslandApp", "cpp-win32-unpackaged\SimpleIslandApp.vcxproj", "{350A5EC2-B156-4AAF-9D80-A864C76BA0C5}"
EndProject
Project("{9A19103F-16F7-4668-BE54-9A1E7A4F7556}") = "XamlPGO.CommonControls1", "XamlPGO.CommonControls1\XamlPGO.CommonControls1.csproj", "{BF27DB67-7C45-4204-AF6A-C98FE0E0E111}"
EndProject
Global
	GlobalSection(SolutionConfigurationPlatforms) = preSolution
		Debug|ARM64 = Debug|ARM64
		Debug|ARM64EC = Debug|ARM64EC
		Debug|x64 = Debug|x64
		Debug|x86 = Debug|x86
		Release|ARM64 = Release|ARM64
		Release|ARM64EC = Release|ARM64EC
		Release|x64 = Release|x64
		Release|x86 = Release|x86
	EndGlobalSection
	GlobalSection(ProjectConfigurationPlatforms) = postSolution
		{F2C5C5CB-CD4F-4ED5-B5AA-0285F82BB63D}.Debug|ARM64.ActiveCfg = Debug|ARM64
		{F2C5C5CB-CD4F-4ED5-B5AA-0285F82BB63D}.Debug|ARM64.Build.0 = Debug|ARM64
		{F2C5C5CB-CD4F-4ED5-B5AA-0285F82BB63D}.Debug|ARM64.Deploy.0 = Debug|ARM64
		{F2C5C5CB-CD4F-4ED5-B5AA-0285F82BB63D}.Debug|ARM64EC.ActiveCfg = Debug|ARM64EC
		{F2C5C5CB-CD4F-4ED5-B5AA-0285F82BB63D}.Debug|ARM64EC.Build.0 = Debug|ARM64EC
		{F2C5C5CB-CD4F-4ED5-B5AA-0285F82BB63D}.Debug|ARM64EC.Deploy.0 = Debug|ARM64EC
		{F2C5C5CB-CD4F-4ED5-B5AA-0285F82BB63D}.Debug|x64.ActiveCfg = Debug|x64
		{F2C5C5CB-CD4F-4ED5-B5AA-0285F82BB63D}.Debug|x64.Build.0 = Debug|x64
		{F2C5C5CB-CD4F-4ED5-B5AA-0285F82BB63D}.Debug|x64.Deploy.0 = Debug|x64
		{F2C5C5CB-CD4F-4ED5-B5AA-0285F82BB63D}.Debug|x86.ActiveCfg = Debug|x86
		{F2C5C5CB-CD4F-4ED5-B5AA-0285F82BB63D}.Debug|x86.Build.0 = Debug|x86
		{F2C5C5CB-CD4F-4ED5-B5AA-0285F82BB63D}.Debug|x86.Deploy.0 = Debug|x86
		{F2C5C5CB-CD4F-4ED5-B5AA-0285F82BB63D}.Release|ARM64.ActiveCfg = Release|ARM64
		{F2C5C5CB-CD4F-4ED5-B5AA-0285F82BB63D}.Release|ARM64.Build.0 = Release|ARM64
		{F2C5C5CB-CD4F-4ED5-B5AA-0285F82BB63D}.Release|ARM64.Deploy.0 = Release|ARM64
		{F2C5C5CB-CD4F-4ED5-B5AA-0285F82BB63D}.Release|ARM64EC.ActiveCfg = Release|ARM64EC
		{F2C5C5CB-CD4F-4ED5-B5AA-0285F82BB63D}.Release|ARM64EC.Build.0 = Release|ARM64EC
		{F2C5C5CB-CD4F-4ED5-B5AA-0285F82BB63D}.Release|ARM64EC.Deploy.0 = Release|ARM64EC
		{F2C5C5CB-CD4F-4ED5-B5AA-0285F82BB63D}.Release|x64.ActiveCfg = Release|x64
		{F2C5C5CB-CD4F-4ED5-B5AA-0285F82BB63D}.Release|x64.Build.0 = Release|x64
		{F2C5C5CB-CD4F-4ED5-B5AA-0285F82BB63D}.Release|x64.Deploy.0 = Release|x64
		{F2C5C5CB-CD4F-4ED5-B5AA-0285F82BB63D}.Release|x86.ActiveCfg = Release|x86
		{F2C5C5CB-CD4F-4ED5-B5AA-0285F82BB63D}.Release|x86.Build.0 = Release|x86
		{F2C5C5CB-CD4F-4ED5-B5AA-0285F82BB63D}.Release|x86.Deploy.0 = Release|x86
		{350A5EC2-B156-4AAF-9D80-A864C76BA0C5}.Debug|ARM64.ActiveCfg = Debug|ARM64
		{350A5EC2-B156-4AAF-9D80-A864C76BA0C5}.Debug|ARM64.Build.0 = Debug|ARM64
		{350A5EC2-B156-4AAF-9D80-A864C76BA0C5}.Debug|ARM64EC.ActiveCfg = Debug|ARM64EC
		{350A5EC2-B156-4AAF-9D80-A864C76BA0C5}.Debug|ARM64EC.Build.0 = Debug|ARM64EC
		{350A5EC2-B156-4AAF-9D80-A864C76BA0C5}.Debug|x64.ActiveCfg = Debug|x64
		{350A5EC2-B156-4AAF-9D80-A864C76BA0C5}.Debug|x64.Build.0 = Debug|x64
		{350A5EC2-B156-4AAF-9D80-A864C76BA0C5}.Debug|x86.ActiveCfg = Debug|Win32
		{350A5EC2-B156-4AAF-9D80-A864C76BA0C5}.Debug|x86.Build.0 = Debug|Win32
		{350A5EC2-B156-4AAF-9D80-A864C76BA0C5}.Release|ARM64.ActiveCfg = Release|ARM64
		{350A5EC2-B156-4AAF-9D80-A864C76BA0C5}.Release|ARM64.Build.0 = Release|ARM64
		{350A5EC2-B156-4AAF-9D80-A864C76BA0C5}.Release|ARM64EC.ActiveCfg = Release|ARM64EC
		{350A5EC2-B156-4AAF-9D80-A864C76BA0C5}.Release|ARM64EC.Build.0 = Release|ARM64EC
		{350A5EC2-B156-4AAF-9D80-A864C76BA0C5}.Release|x64.ActiveCfg = Release|x64
		{350A5EC2-B156-4AAF-9D80-A864C76BA0C5}.Release|x64.Build.0 = Release|x64
		{350A5EC2-B156-4AAF-9D80-A864C76BA0C5}.Release|x86.ActiveCfg = Release|Win32
		{350A5EC2-B156-4AAF-9D80-A864C76BA0C5}.Release|x86.Build.0 = Release|Win32
		{BF27DB67-7C45-4204-AF6A-C98FE0E0E111}.Debug|ARM64.ActiveCfg = Debug|ARM64
		{BF27DB67-7C45-4204-AF6A-C98FE0E0E111}.Debug|ARM64.Build.0 = Debug|ARM64
		{BF27DB67-7C45-4204-AF6A-C98FE0E0E111}.Debug|ARM64.Deploy.0 = Debug|ARM64
		{BF27DB67-7C45-4204-AF6A-C98FE0E0E111}.Debug|ARM64EC.ActiveCfg = Debug|ARM64EC
		{BF27DB67-7C45-4204-AF6A-C98FE0E0E111}.Debug|ARM64EC.Build.0 = Debug|ARM64EC
		{BF27DB67-7C45-4204-AF6A-C98FE0E0E111}.Debug|ARM64EC.Deploy.0 = Debug|ARM64EC
		{BF27DB67-7C45-4204-AF6A-C98FE0E0E111}.Debug|x64.ActiveCfg = Debug|x64
		{BF27DB67-7C45-4204-AF6A-C98FE0E0E111}.Debug|x64.Build.0 = Debug|x64
		{BF27DB67-7C45-4204-AF6A-C98FE0E0E111}.Debug|x64.Deploy.0 = Debug|x64
		{BF27DB67-7C45-4204-AF6A-C98FE0E0E111}.Debug|x86.ActiveCfg = Debug|x86
		{BF27DB67-7C45-4204-AF6A-C98FE0E0E111}.Debug|x86.Build.0 = Debug|x86
		{BF27DB67-7C45-4204-AF6A-C98FE0E0E111}.Debug|x86.Deploy.0 = Debug|x86
		{BF27DB67-7C45-4204-AF6A-C98FE0E0E111}.Release|ARM64.ActiveCfg = Release|ARM64
		{BF27DB67-7C45-4204-AF6A-C98FE0E0E111}.Release|ARM64.Build.0 = Release|ARM64
		{BF27DB67-7C45-4204-AF6A-C98FE0E0E111}.Release|ARM64.Deploy.0 = Release|ARM64
		{BF27DB67-7C45-4204-AF6A-C98FE0E0E111}.Release|ARM64EC.ActiveCfg = Release|ARM64EC
		{BF27DB67-7C45-4204-AF6A-C98FE0E0E111}.Release|ARM64EC.Build.0 = Release|ARM64EC
		{BF27DB67-7C45-4204-AF6A-C98FE0E0E111}.Release|ARM64EC.Deploy.0 = Release|ARM64EC
		{BF27DB67-7C45-4204-AF6A-C98FE0E0E111}.Release|x64.ActiveCfg = Release|x64
		{BF27DB67-7C45-4204-AF6A-C98FE0E0E111}.Release|x64.Build.0 = Release|x64
		{BF27DB67-7C45-4204-AF6A-C98FE0E0E111}.Release|x64.Deploy.0 = Release|x64
		{BF27DB67-7C45-4204-AF6A-C98FE0E0E111}.Release|x86.ActiveCfg = Release|x86
		{BF27DB67-7C45-4204-AF6A-C98FE0E0E111}.Release|x86.Build.0 = Release|x86
		{BF27DB67-7C45-4204-AF6A-C98FE0E0E111}.Release|x86.Deploy.0 = Release|x86
	EndGlobalSection
	GlobalSection(SolutionProperties) = preSolution
		HideSolutionNode = FALSE
	EndGlobalSection
	GlobalSection(ExtensibilityGlobals) = postSolution
		SolutionGuid = {9FFF2A7E-C5EA-49B8-93A3-5BF218CC7979}
	EndGlobalSection
EndGlobal
