
Microsoft Visual Studio Solution File, Format Version 12.00
# Visual Studio Version 17
VisualStudioVersion = 17.0.31903.59
MinimumVisualStudioVersion = 10.0.40219.1
Project("{9A19103F-16F7-4668-BE54-9A1E7A4F7556}") = "IncrementalBuildLocalAsm", "IncrementalBuild\IncrementalBuildLocalAsm.csproj", "{CE476E23-7F5C-40D6-8A8E-9547FC3EFE2C}"
EndProject
Project("{9A19103F-16F7-4668-BE54-9A1E7A4F7556}") = "IncrementalBuildRemoteAsm", "IncrementalBuildRemoteAsm\IncrementalBuildRemoteAsm.csproj", "{28806370-CB30-4B22-B320-8CA5D0450E48}"
EndProject
Global
	GlobalSection(SolutionConfigurationPlatforms) = preSolution
		Debug|ARM64 = Debug|ARM64
		Debug|x64 = Debug|x64
		Debug|x86 = Debug|x86
		Release|ARM64 = Release|ARM64
		Release|x64 = Release|x64
		Release|x86 = Release|x86
	EndGlobalSection
	GlobalSection(ProjectConfigurationPlatforms) = postSolution
		{CE476E23-7F5C-40D6-8A8E-9547FC3EFE2C}.Debug|ARM64.ActiveCfg = Debug|ARM64
		{CE476E23-7F5C-40D6-8A8E-9547FC3EFE2C}.Debug|ARM64.Build.0 = Debug|ARM64
		{CE476E23-7F5C-40D6-8A8E-9547FC3EFE2C}.Debug|ARM64.Deploy.0 = Debug|ARM64
		{CE476E23-7F5C-40D6-8A8E-9547FC3EFE2C}.Debug|x64.ActiveCfg = Debug|x64
		{CE476E23-7F5C-40D6-8A8E-9547FC3EFE2C}.Debug|x64.Build.0 = Debug|x64
		{CE476E23-7F5C-40D6-8A8E-9547FC3EFE2C}.Debug|x64.Deploy.0 = Debug|x64
		{CE476E23-7F5C-40D6-8A8E-9547FC3EFE2C}.Debug|x86.ActiveCfg = Debug|x86
		{CE476E23-7F5C-40D6-8A8E-9547FC3EFE2C}.Debug|x86.Build.0 = Debug|x86
		{CE476E23-7F5C-40D6-8A8E-9547FC3EFE2C}.Debug|x86.Deploy.0 = Debug|x86
		{CE476E23-7F5C-40D6-8A8E-9547FC3EFE2C}.Release|ARM64.ActiveCfg = Release|ARM64
		{CE476E23-7F5C-40D6-8A8E-9547FC3EFE2C}.Release|ARM64.Build.0 = Release|ARM64
		{CE476E23-7F5C-40D6-8A8E-9547FC3EFE2C}.Release|ARM64.Deploy.0 = Release|ARM64
		{CE476E23-7F5C-40D6-8A8E-9547FC3EFE2C}.Release|x64.ActiveCfg = Release|x64
		{CE476E23-7F5C-40D6-8A8E-9547FC3EFE2C}.Release|x64.Build.0 = Release|x64
		{CE476E23-7F5C-40D6-8A8E-9547FC3EFE2C}.Release|x64.Deploy.0 = Release|x64
		{CE476E23-7F5C-40D6-8A8E-9547FC3EFE2C}.Release|x86.ActiveCfg = Release|x86
		{CE476E23-7F5C-40D6-8A8E-9547FC3EFE2C}.Release|x86.Build.0 = Release|x86
		{CE476E23-7F5C-40D6-8A8E-9547FC3EFE2C}.Release|x86.Deploy.0 = Release|x86
		{28806370-CB30-4B22-B320-8CA5D0450E48}.Debug|ARM64.ActiveCfg = Debug|Any CPU
		{28806370-CB30-4B22-B320-8CA5D0450E48}.Debug|ARM64.Build.0 = Debug|Any CPU
		{28806370-CB30-4B22-B320-8CA5D0450E48}.Debug|x64.ActiveCfg = Debug|Any CPU
		{28806370-CB30-4B22-B320-8CA5D0450E48}.Debug|x64.Build.0 = Debug|Any CPU
		{28806370-CB30-4B22-B320-8CA5D0450E48}.Debug|x86.ActiveCfg = Debug|Any CPU
		{28806370-CB30-4B22-B320-8CA5D0450E48}.Debug|x86.Build.0 = Debug|Any CPU
		{28806370-CB30-4B22-B320-8CA5D0450E48}.Release|ARM64.ActiveCfg = Release|Any CPU
		{28806370-CB30-4B22-B320-8CA5D0450E48}.Release|ARM64.Build.0 = Release|Any CPU
		{28806370-CB30-4B22-B320-8CA5D0450E48}.Release|x64.ActiveCfg = Release|Any CPU
		{28806370-CB30-4B22-B320-8CA5D0450E48}.Release|x64.Build.0 = Release|Any CPU
		{28806370-CB30-4B22-B320-8CA5D0450E48}.Release|x86.ActiveCfg = Release|Any CPU
		{28806370-CB30-4B22-B320-8CA5D0450E48}.Release|x86.Build.0 = Release|Any CPU
	EndGlobalSection
	GlobalSection(SolutionProperties) = preSolution
		HideSolutionNode = FALSE
	EndGlobalSection
EndGlobal
