
Microsoft Visual Studio Solution File, Format Version 12.00
# Visual Studio Version 16
VisualStudioVersion = 16.0.29001.49
MinimumVisualStudioVersion = 10.0.40219.1
Project("{8BC9CEB8-8B4A-11D0-8D11-00A0C91BC942}") = "NugetPackageTestAppCX", "NugetPackageTestAppCX\NugetPackageTestAppCX.vcxproj", "{2F339B02-2B8C-4ED8-9C20-93E24A183A2B}"
EndProject
Project("{FAE04EC0-301F-11D3-BF4B-00C04F79EFBC}") = "NugetPackageTestApp", "NugetPackageTestApp\NugetPackageTestApp.csproj", "{CCA3696F-5CAC-421D-8528-4D9122B4D240}"
EndProject
Project("{D954291E-2A0B-460D-934E-DC6B0785DB48}") = "TestAppUtils", "..\TestAppUtils\TestAppUtils.shproj", "{FB0D3053-3135-403F-B542-977F3B781673}"
EndProject
Project("{2150E333-8FDC-42A3-9474-1A3956D46DE8}") = "MUXControls.Test", "MUXControls.Test", "{9D80071C-D596-4FCF-986F-BD393582E83A}"
EndProject
Project("{2150E333-8FDC-42A3-9474-1A3956D46DE8}") = "MUXControls.ReleaseTest", "MUXControls.ReleaseTest", "{1DD8B245-0F13-46C1-94C6-17DBC143BB4C}"
EndProject
Project("{D954291E-2A0B-460D-934E-DC6B0785DB48}") = "MUXControls.ReleaseTest.Shared", "MUXControls.ReleaseTest\MUXControls.ReleaseTest.Shared.shproj", "{815C5F42-3DEB-4DCB-B143-1C088FCE97F9}"
EndProject
Project("{9A19103F-16F7-4668-BE54-9A1E7A4F7556}") = "MUXControls.ReleaseTest", "MUXControls.ReleaseTest\MSTest\MUXControls.ReleaseTest.csproj", "{0FC6E6AF-0FC6-4793-B40E-806AE5C3A485}"
EndProject
Project("{9A19103F-16F7-4668-BE54-9A1E7A4F7556}") = "MUXControls.ReleaseTest.TAEF", "MUXControls.ReleaseTest\TAEF\MUXControls.ReleaseTest.TAEF.csproj", "{14018522-0223-4334-87D2-C343074DDD48}"
EndProject
Project("{D954291E-2A0B-460D-934E-DC6B0785DB48}") = "MUXControls.Test.Shared", "..\MUXControls.Test\MUXControls.Test.Shared.shproj", "{E9FC52CD-519A-41BB-8092-523FFA9D5617}"
EndProject
Project("{9A19103F-16F7-4668-BE54-9A1E7A4F7556}") = "MUXControls.Test", "..\MUXControls.Test\MSTest\MUXControls.Test.csproj", "{EAEB5D2C-B447-41BC-9DE7-BFCB964B6CA5}"
EndProject
Project("{9A19103F-16F7-4668-BE54-9A1E7A4F7556}") = "MUXControls.Test.TAEF", "..\MUXControls.Test\TAEF\MUXControls.Test.TAEF.csproj", "{4D8C5D1B-F982-44A1-B744-DD0E51651BF2}"
EndProject
Project("{FAE04EC0-301F-11D3-BF4B-00C04F79EFBC}") = "LibraryThatUsesMUX", "LibraryThatUsesMUX\LibraryThatUsesMUX.csproj", "{64EF662D-B1E4-47E9-B1D3-ACB6044AC56D}"
EndProject
Project("{FAE04EC0-301F-11D3-BF4B-00C04F79EFBC}") = "AppThatUsesMUXIndirectly", "AppThatUsesMUXIndirectly\AppThatUsesMUXIndirectly.csproj", "{E1F7AB45-FD1A-4220-AC81-874FCBEFD294}"
EndProject
Project("{9A19103F-16F7-4668-BE54-9A1E7A4F7556}") = "MUXTestInfra.MSTest", "..\testinfra\MUXTestInfra\MSTest\MUXTestInfra.MSTest.csproj", "{A3A130B0-993B-4EBC-9E17-81F021EDBEED}"
EndProject
Project("{8BC9CEB8-8B4A-11D0-8D11-00A0C91BC942}") = "AppTestAutomationHelpers", "..\testinfra\AppTestAutomationHelpers\AppTestAutomationHelpers.vcxproj", "{128E6F7A-578C-48DC-BD3F-750EC662C268}"
EndProject
Project("{9A19103F-16F7-4668-BE54-9A1E7A4F7556}") = "MUXTestInfra.TAEF", "..\testinfra\MUXTestInfra\TAEF\MUXTestInfra.TAEF.csproj", "{94DF1545-C2FD-41DC-B68D-2C16D6BA3FD4}"
EndProject
Project("{2150E333-8FDC-42A3-9474-1A3956D46DE8}") = "XamlIslandsTestApp", "XamlIslandsTestApp", "{24B82701-D5C4-43BA-A35B-B20194CBF42D}"
EndProject
Project("{FAE04EC0-301F-11D3-BF4B-00C04F79EFBC}") = "UwpApp", "XamlIslandsTestApp\UwpApp\UwpApp.csproj", "{51654A14-2759-4DD0-96E2-DD05084BA720}"
EndProject
Project("{9A19103F-16F7-4668-BE54-9A1E7A4F7556}") = "WpfApp", "XamlIslandsTestApp\WpfApp\WpfApp.csproj", "{BBF64CD0-9E73-4669-B42B-EE6BD986877C}"
EndProject
Project("{C7167F0D-BC9F-4E6E-AFE1-012C56B48DB5}") = "WpfApp.Package", "XamlIslandsTestApp\WpfApp\WpfApp.Package.wapproj", "{4454B583-39A0-4A91-881C-2078FA26C447}"
	ProjectSection(ProjectDependencies) = postProject
		{51654A14-2759-4DD0-96E2-DD05084BA720} = {51654A14-2759-4DD0-96E2-DD05084BA720}
	EndProjectSection
EndProject
Project("{2150E333-8FDC-42A3-9474-1A3956D46DE8}") = "MUXTestInfra", "MUXTestInfra", "{8BC8219D-1669-4147-9941-1CA911D0A958}"
EndProject
Project("{D954291E-2A0B-460D-934E-DC6B0785DB48}") = "MUXTestInfra.Shared", "..\testinfra\MUXTestInfra\MUXTestInfra.Shared.shproj", "{107794D7-4BE0-407E-A76C-EFA46D1E9F93}"
EndProject
Global
	GlobalSection(SharedMSBuildProjectFiles) = preSolution
		..\testinfra\MUXTestInfra\MUXTestInfra.Shared.projitems*{107794d7-4be0-407e-a76c-efa46d1e9f93}*SharedItemsImports = 13
		..\TestAppUtils\TestAppUtils.projitems*{51654a14-2759-4dd0-96e2-dd05084ba720}*SharedItemsImports = 4
		MUXControls.ReleaseTest\MUXControls.ReleaseTest.Shared.projitems*{815c5f42-3deb-4dcb-b143-1c088fce97f9}*SharedItemsImports = 13
		..\TestAppUtils\TestAppUtils.projitems*{cca3696f-5cac-421d-8528-4d9122b4d240}*SharedItemsImports = 4
		..\TestAppUtils\TestAppUtils.projitems*{e1f7ab45-fd1a-4220-ac81-874fcbefd294}*SharedItemsImports = 4
		..\MUXControls.Test\MUXControls.Test.Shared.projitems*{e9fc52cd-519a-41bb-8092-523ffa9d5617}*SharedItemsImports = 13
		..\TestAppUtils\TestAppUtils.projitems*{fb0d3053-3135-403f-b542-977f3b781673}*SharedItemsImports = 13
	EndGlobalSection
	GlobalSection(SolutionConfigurationPlatforms) = preSolution
		Debug_test|Any CPU = Debug_test|Any CPU
		Debug_test|ARM = Debug_test|ARM
		Debug_test|arm6 = Debug_test|arm6
		Debug_test|arm64 = Debug_test|arm64
		Debug_test|x64 = Debug_test|x64
		Debug_test|x86 = Debug_test|x86
		Debug|Any CPU = Debug|Any CPU
		Debug|ARM = Debug|ARM
		Debug|arm6 = Debug|arm6
		Debug|arm64 = Debug|arm64
		Debug|x64 = Debug|x64
		Debug|x86 = Debug|x86
		Release|Any CPU = Release|Any CPU
		Release|ARM = Release|ARM
		Release|arm6 = Release|arm6
		Release|arm64 = Release|arm64
		Release|x64 = Release|x64
		Release|x86 = Release|x86
	EndGlobalSection
	GlobalSection(ProjectConfigurationPlatforms) = postSolution
		{2F339B02-2B8C-4ED8-9C20-93E24A183A2B}.Debug_test|Any CPU.ActiveCfg = Release|ARM
		{2F339B02-2B8C-4ED8-9C20-93E24A183A2B}.Debug_test|Any CPU.Build.0 = Release|ARM
		{2F339B02-2B8C-4ED8-9C20-93E24A183A2B}.Debug_test|Any CPU.Deploy.0 = Release|ARM
		{2F339B02-2B8C-4ED8-9C20-93E24A183A2B}.Debug_test|ARM.ActiveCfg = Debug|ARM
		{2F339B02-2B8C-4ED8-9C20-93E24A183A2B}.Debug_test|ARM.Build.0 = Debug|ARM
		{2F339B02-2B8C-4ED8-9C20-93E24A183A2B}.Debug_test|ARM.Deploy.0 = Debug|ARM
		{2F339B02-2B8C-4ED8-9C20-93E24A183A2B}.Debug_test|arm6.ActiveCfg = Release|Win32
		{2F339B02-2B8C-4ED8-9C20-93E24A183A2B}.Debug_test|arm6.Build.0 = Release|Win32
		{2F339B02-2B8C-4ED8-9C20-93E24A183A2B}.Debug_test|arm6.Deploy.0 = Release|Win32
		{2F339B02-2B8C-4ED8-9C20-93E24A183A2B}.Debug_test|arm64.ActiveCfg = Release|x64
		{2F339B02-2B8C-4ED8-9C20-93E24A183A2B}.Debug_test|arm64.Build.0 = Release|x64
		{2F339B02-2B8C-4ED8-9C20-93E24A183A2B}.Debug_test|arm64.Deploy.0 = Release|x64
		{2F339B02-2B8C-4ED8-9C20-93E24A183A2B}.Debug_test|x64.ActiveCfg = Debug|x64
		{2F339B02-2B8C-4ED8-9C20-93E24A183A2B}.Debug_test|x64.Build.0 = Debug|x64
		{2F339B02-2B8C-4ED8-9C20-93E24A183A2B}.Debug_test|x64.Deploy.0 = Debug|x64
		{2F339B02-2B8C-4ED8-9C20-93E24A183A2B}.Debug_test|x86.ActiveCfg = Debug|Win32
		{2F339B02-2B8C-4ED8-9C20-93E24A183A2B}.Debug_test|x86.Build.0 = Debug|Win32
		{2F339B02-2B8C-4ED8-9C20-93E24A183A2B}.Debug_test|x86.Deploy.0 = Debug|Win32
		{2F339B02-2B8C-4ED8-9C20-93E24A183A2B}.Debug|Any CPU.ActiveCfg = Debug|Win32
		{2F339B02-2B8C-4ED8-9C20-93E24A183A2B}.Debug|ARM.ActiveCfg = Debug|ARM
		{2F339B02-2B8C-4ED8-9C20-93E24A183A2B}.Debug|ARM.Build.0 = Debug|ARM
		{2F339B02-2B8C-4ED8-9C20-93E24A183A2B}.Debug|ARM.Deploy.0 = Debug|ARM
		{2F339B02-2B8C-4ED8-9C20-93E24A183A2B}.Debug|arm6.ActiveCfg = Debug|Win32
		{2F339B02-2B8C-4ED8-9C20-93E24A183A2B}.Debug|arm64.ActiveCfg = Debug|Win32
		{2F339B02-2B8C-4ED8-9C20-93E24A183A2B}.Debug|x64.ActiveCfg = Debug|x64
		{2F339B02-2B8C-4ED8-9C20-93E24A183A2B}.Debug|x64.Build.0 = Debug|x64
		{2F339B02-2B8C-4ED8-9C20-93E24A183A2B}.Debug|x64.Deploy.0 = Debug|x64
		{2F339B02-2B8C-4ED8-9C20-93E24A183A2B}.Debug|x86.ActiveCfg = Debug|Win32
		{2F339B02-2B8C-4ED8-9C20-93E24A183A2B}.Debug|x86.Build.0 = Debug|Win32
		{2F339B02-2B8C-4ED8-9C20-93E24A183A2B}.Debug|x86.Deploy.0 = Debug|Win32
		{2F339B02-2B8C-4ED8-9C20-93E24A183A2B}.Release|Any CPU.ActiveCfg = Release|Win32
		{2F339B02-2B8C-4ED8-9C20-93E24A183A2B}.Release|ARM.ActiveCfg = Release|ARM
		{2F339B02-2B8C-4ED8-9C20-93E24A183A2B}.Release|ARM.Build.0 = Release|ARM
		{2F339B02-2B8C-4ED8-9C20-93E24A183A2B}.Release|ARM.Deploy.0 = Release|ARM
		{2F339B02-2B8C-4ED8-9C20-93E24A183A2B}.Release|arm6.ActiveCfg = Release|Win32
		{2F339B02-2B8C-4ED8-9C20-93E24A183A2B}.Release|arm64.ActiveCfg = Release|Win32
		{2F339B02-2B8C-4ED8-9C20-93E24A183A2B}.Release|x64.ActiveCfg = Release|x64
		{2F339B02-2B8C-4ED8-9C20-93E24A183A2B}.Release|x64.Build.0 = Release|x64
		{2F339B02-2B8C-4ED8-9C20-93E24A183A2B}.Release|x64.Deploy.0 = Release|x64
		{2F339B02-2B8C-4ED8-9C20-93E24A183A2B}.Release|x86.ActiveCfg = Release|Win32
		{2F339B02-2B8C-4ED8-9C20-93E24A183A2B}.Release|x86.Build.0 = Release|Win32
		{2F339B02-2B8C-4ED8-9C20-93E24A183A2B}.Release|x86.Deploy.0 = Release|Win32
		{CCA3696F-5CAC-421D-8528-4D9122B4D240}.Debug_test|Any CPU.ActiveCfg = Debug_test|x86
		{CCA3696F-5CAC-421D-8528-4D9122B4D240}.Debug_test|ARM.ActiveCfg = Debug_test|ARM
		{CCA3696F-5CAC-421D-8528-4D9122B4D240}.Debug_test|ARM.Build.0 = Debug_test|ARM
		{CCA3696F-5CAC-421D-8528-4D9122B4D240}.Debug_test|ARM.Deploy.0 = Debug_test|ARM
		{CCA3696F-5CAC-421D-8528-4D9122B4D240}.Debug_test|arm6.ActiveCfg = Debug_test|x86
		{CCA3696F-5CAC-421D-8528-4D9122B4D240}.Debug_test|arm64.ActiveCfg = Debug_test|x86
		{CCA3696F-5CAC-421D-8528-4D9122B4D240}.Debug_test|x64.ActiveCfg = Debug_test|x64
		{CCA3696F-5CAC-421D-8528-4D9122B4D240}.Debug_test|x64.Build.0 = Debug_test|x64
		{CCA3696F-5CAC-421D-8528-4D9122B4D240}.Debug_test|x64.Deploy.0 = Debug_test|x64
		{CCA3696F-5CAC-421D-8528-4D9122B4D240}.Debug_test|x86.ActiveCfg = Debug_test|x86
		{CCA3696F-5CAC-421D-8528-4D9122B4D240}.Debug_test|x86.Build.0 = Debug_test|x86
		{CCA3696F-5CAC-421D-8528-4D9122B4D240}.Debug_test|x86.Deploy.0 = Debug_test|x86
		{CCA3696F-5CAC-421D-8528-4D9122B4D240}.Debug|Any CPU.ActiveCfg = Debug|x86
		{CCA3696F-5CAC-421D-8528-4D9122B4D240}.Debug|ARM.ActiveCfg = Debug|ARM
		{CCA3696F-5CAC-421D-8528-4D9122B4D240}.Debug|ARM.Build.0 = Debug|ARM
		{CCA3696F-5CAC-421D-8528-4D9122B4D240}.Debug|ARM.Deploy.0 = Debug|ARM
		{CCA3696F-5CAC-421D-8528-4D9122B4D240}.Debug|arm6.ActiveCfg = Debug|x86
		{CCA3696F-5CAC-421D-8528-4D9122B4D240}.Debug|arm64.ActiveCfg = Debug|x86
		{CCA3696F-5CAC-421D-8528-4D9122B4D240}.Debug|x64.ActiveCfg = Debug|x64
		{CCA3696F-5CAC-421D-8528-4D9122B4D240}.Debug|x64.Build.0 = Debug|x64
		{CCA3696F-5CAC-421D-8528-4D9122B4D240}.Debug|x64.Deploy.0 = Debug|x64
		{CCA3696F-5CAC-421D-8528-4D9122B4D240}.Debug|x86.ActiveCfg = Debug|x86
		{CCA3696F-5CAC-421D-8528-4D9122B4D240}.Debug|x86.Build.0 = Debug|x86
		{CCA3696F-5CAC-421D-8528-4D9122B4D240}.Debug|x86.Deploy.0 = Debug|x86
		{CCA3696F-5CAC-421D-8528-4D9122B4D240}.Release|Any CPU.ActiveCfg = Release|x86
		{CCA3696F-5CAC-421D-8528-4D9122B4D240}.Release|ARM.ActiveCfg = Release|ARM
		{CCA3696F-5CAC-421D-8528-4D9122B4D240}.Release|ARM.Build.0 = Release|ARM
		{CCA3696F-5CAC-421D-8528-4D9122B4D240}.Release|ARM.Deploy.0 = Release|ARM
		{CCA3696F-5CAC-421D-8528-4D9122B4D240}.Release|arm6.ActiveCfg = Release|x86
		{CCA3696F-5CAC-421D-8528-4D9122B4D240}.Release|arm64.ActiveCfg = Release|x86
		{CCA3696F-5CAC-421D-8528-4D9122B4D240}.Release|x64.ActiveCfg = Release|x64
		{CCA3696F-5CAC-421D-8528-4D9122B4D240}.Release|x64.Build.0 = Release|x64
		{CCA3696F-5CAC-421D-8528-4D9122B4D240}.Release|x64.Deploy.0 = Release|x64
		{CCA3696F-5CAC-421D-8528-4D9122B4D240}.Release|x86.ActiveCfg = Release|x86
		{CCA3696F-5CAC-421D-8528-4D9122B4D240}.Release|x86.Build.0 = Release|x86
		{CCA3696F-5CAC-421D-8528-4D9122B4D240}.Release|x86.Deploy.0 = Release|x86
		{0FC6E6AF-0FC6-4793-B40E-806AE5C3A485}.Debug_test|Any CPU.ActiveCfg = Debug|Any CPU
		{0FC6E6AF-0FC6-4793-B40E-806AE5C3A485}.Debug_test|Any CPU.Build.0 = Debug|Any CPU
		{0FC6E6AF-0FC6-4793-B40E-806AE5C3A485}.Debug_test|ARM.ActiveCfg = Debug|Any CPU
		{0FC6E6AF-0FC6-4793-B40E-806AE5C3A485}.Debug_test|ARM.Build.0 = Debug|Any CPU
		{0FC6E6AF-0FC6-4793-B40E-806AE5C3A485}.Debug_test|arm6.ActiveCfg = Debug|Any CPU
		{0FC6E6AF-0FC6-4793-B40E-806AE5C3A485}.Debug_test|arm6.Build.0 = Debug|Any CPU
		{0FC6E6AF-0FC6-4793-B40E-806AE5C3A485}.Debug_test|arm64.ActiveCfg = Debug|Any CPU
		{0FC6E6AF-0FC6-4793-B40E-806AE5C3A485}.Debug_test|arm64.Build.0 = Debug|Any CPU
		{0FC6E6AF-0FC6-4793-B40E-806AE5C3A485}.Debug_test|x64.ActiveCfg = Debug|Any CPU
		{0FC6E6AF-0FC6-4793-B40E-806AE5C3A485}.Debug_test|x64.Build.0 = Debug|Any CPU
		{0FC6E6AF-0FC6-4793-B40E-806AE5C3A485}.Debug_test|x86.ActiveCfg = Debug|Any CPU
		{0FC6E6AF-0FC6-4793-B40E-806AE5C3A485}.Debug_test|x86.Build.0 = Debug|Any CPU
		{0FC6E6AF-0FC6-4793-B40E-806AE5C3A485}.Debug|Any CPU.ActiveCfg = Debug|Any CPU
		{0FC6E6AF-0FC6-4793-B40E-806AE5C3A485}.Debug|Any CPU.Build.0 = Debug|Any CPU
		{0FC6E6AF-0FC6-4793-B40E-806AE5C3A485}.Debug|ARM.ActiveCfg = Debug|Any CPU
		{0FC6E6AF-0FC6-4793-B40E-806AE5C3A485}.Debug|ARM.Build.0 = Debug|Any CPU
		{0FC6E6AF-0FC6-4793-B40E-806AE5C3A485}.Debug|arm6.ActiveCfg = Debug|Any CPU
		{0FC6E6AF-0FC6-4793-B40E-806AE5C3A485}.Debug|arm6.Build.0 = Debug|Any CPU
		{0FC6E6AF-0FC6-4793-B40E-806AE5C3A485}.Debug|arm64.ActiveCfg = Debug|Any CPU
		{0FC6E6AF-0FC6-4793-B40E-806AE5C3A485}.Debug|x64.ActiveCfg = Debug|Any CPU
		{0FC6E6AF-0FC6-4793-B40E-806AE5C3A485}.Debug|x64.Build.0 = Debug|Any CPU
		{0FC6E6AF-0FC6-4793-B40E-806AE5C3A485}.Debug|x86.ActiveCfg = Debug|Any CPU
		{0FC6E6AF-0FC6-4793-B40E-806AE5C3A485}.Debug|x86.Build.0 = Debug|Any CPU
		{0FC6E6AF-0FC6-4793-B40E-806AE5C3A485}.Release|Any CPU.ActiveCfg = Release|Any CPU
		{0FC6E6AF-0FC6-4793-B40E-806AE5C3A485}.Release|Any CPU.Build.0 = Release|Any CPU
		{0FC6E6AF-0FC6-4793-B40E-806AE5C3A485}.Release|ARM.ActiveCfg = Release|Any CPU
		{0FC6E6AF-0FC6-4793-B40E-806AE5C3A485}.Release|ARM.Build.0 = Release|Any CPU
		{0FC6E6AF-0FC6-4793-B40E-806AE5C3A485}.Release|arm6.ActiveCfg = Release|Any CPU
		{0FC6E6AF-0FC6-4793-B40E-806AE5C3A485}.Release|arm6.Build.0 = Release|Any CPU
		{0FC6E6AF-0FC6-4793-B40E-806AE5C3A485}.Release|arm64.ActiveCfg = Release|Any CPU
		{0FC6E6AF-0FC6-4793-B40E-806AE5C3A485}.Release|x64.ActiveCfg = Release|Any CPU
		{0FC6E6AF-0FC6-4793-B40E-806AE5C3A485}.Release|x64.Build.0 = Release|Any CPU
		{0FC6E6AF-0FC6-4793-B40E-806AE5C3A485}.Release|x86.ActiveCfg = Release|Any CPU
		{0FC6E6AF-0FC6-4793-B40E-806AE5C3A485}.Release|x86.Build.0 = Release|Any CPU
		{14018522-0223-4334-87D2-C343074DDD48}.Debug_test|Any CPU.ActiveCfg = Debug|Any CPU
		{14018522-0223-4334-87D2-C343074DDD48}.Debug_test|Any CPU.Build.0 = Debug|Any CPU
		{14018522-0223-4334-87D2-C343074DDD48}.Debug_test|ARM.ActiveCfg = Debug|Any CPU
		{14018522-0223-4334-87D2-C343074DDD48}.Debug_test|ARM.Build.0 = Debug|Any CPU
		{14018522-0223-4334-87D2-C343074DDD48}.Debug_test|arm6.ActiveCfg = Debug|Any CPU
		{14018522-0223-4334-87D2-C343074DDD48}.Debug_test|arm6.Build.0 = Debug|Any CPU
		{14018522-0223-4334-87D2-C343074DDD48}.Debug_test|arm64.ActiveCfg = Debug|Any CPU
		{14018522-0223-4334-87D2-C343074DDD48}.Debug_test|arm64.Build.0 = Debug|Any CPU
		{14018522-0223-4334-87D2-C343074DDD48}.Debug_test|x64.ActiveCfg = Debug|Any CPU
		{14018522-0223-4334-87D2-C343074DDD48}.Debug_test|x64.Build.0 = Debug|Any CPU
		{14018522-0223-4334-87D2-C343074DDD48}.Debug_test|x86.ActiveCfg = Debug|Any CPU
		{14018522-0223-4334-87D2-C343074DDD48}.Debug_test|x86.Build.0 = Debug|Any CPU
		{14018522-0223-4334-87D2-C343074DDD48}.Debug|Any CPU.ActiveCfg = Debug|Any CPU
		{14018522-0223-4334-87D2-C343074DDD48}.Debug|Any CPU.Build.0 = Debug|Any CPU
		{14018522-0223-4334-87D2-C343074DDD48}.Debug|ARM.ActiveCfg = Debug|Any CPU
		{14018522-0223-4334-87D2-C343074DDD48}.Debug|ARM.Build.0 = Debug|Any CPU
		{14018522-0223-4334-87D2-C343074DDD48}.Debug|arm6.ActiveCfg = Debug|Any CPU
		{14018522-0223-4334-87D2-C343074DDD48}.Debug|arm6.Build.0 = Debug|Any CPU
		{14018522-0223-4334-87D2-C343074DDD48}.Debug|arm64.ActiveCfg = Debug|Any CPU
		{14018522-0223-4334-87D2-C343074DDD48}.Debug|x64.ActiveCfg = Debug|Any CPU
		{14018522-0223-4334-87D2-C343074DDD48}.Debug|x64.Build.0 = Debug|Any CPU
		{14018522-0223-4334-87D2-C343074DDD48}.Debug|x86.ActiveCfg = Debug|Any CPU
		{14018522-0223-4334-87D2-C343074DDD48}.Debug|x86.Build.0 = Debug|Any CPU
		{14018522-0223-4334-87D2-C343074DDD48}.Release|Any CPU.ActiveCfg = Release|Any CPU
		{14018522-0223-4334-87D2-C343074DDD48}.Release|Any CPU.Build.0 = Release|Any CPU
		{14018522-0223-4334-87D2-C343074DDD48}.Release|ARM.ActiveCfg = Release|Any CPU
		{14018522-0223-4334-87D2-C343074DDD48}.Release|ARM.Build.0 = Release|Any CPU
		{14018522-0223-4334-87D2-C343074DDD48}.Release|arm6.ActiveCfg = Release|Any CPU
		{14018522-0223-4334-87D2-C343074DDD48}.Release|arm6.Build.0 = Release|Any CPU
		{14018522-0223-4334-87D2-C343074DDD48}.Release|arm64.ActiveCfg = Release|Any CPU
		{14018522-0223-4334-87D2-C343074DDD48}.Release|x64.ActiveCfg = Release|Any CPU
		{14018522-0223-4334-87D2-C343074DDD48}.Release|x64.Build.0 = Release|Any CPU
		{14018522-0223-4334-87D2-C343074DDD48}.Release|x86.ActiveCfg = Release|Any CPU
		{14018522-0223-4334-87D2-C343074DDD48}.Release|x86.Build.0 = Release|Any CPU
		{EAEB5D2C-B447-41BC-9DE7-BFCB964B6CA5}.Debug_test|Any CPU.ActiveCfg = Debug|Any CPU
		{EAEB5D2C-B447-41BC-9DE7-BFCB964B6CA5}.Debug_test|Any CPU.Build.0 = Debug|Any CPU
		{EAEB5D2C-B447-41BC-9DE7-BFCB964B6CA5}.Debug_test|ARM.ActiveCfg = Debug|Any CPU
		{EAEB5D2C-B447-41BC-9DE7-BFCB964B6CA5}.Debug_test|ARM.Build.0 = Debug|Any CPU
		{EAEB5D2C-B447-41BC-9DE7-BFCB964B6CA5}.Debug_test|arm6.ActiveCfg = Debug|Any CPU
		{EAEB5D2C-B447-41BC-9DE7-BFCB964B6CA5}.Debug_test|arm6.Build.0 = Debug|Any CPU
		{EAEB5D2C-B447-41BC-9DE7-BFCB964B6CA5}.Debug_test|arm64.ActiveCfg = Debug|Any CPU
		{EAEB5D2C-B447-41BC-9DE7-BFCB964B6CA5}.Debug_test|arm64.Build.0 = Debug|Any CPU
		{EAEB5D2C-B447-41BC-9DE7-BFCB964B6CA5}.Debug_test|x64.ActiveCfg = Debug|Any CPU
		{EAEB5D2C-B447-41BC-9DE7-BFCB964B6CA5}.Debug_test|x64.Build.0 = Debug|Any CPU
		{EAEB5D2C-B447-41BC-9DE7-BFCB964B6CA5}.Debug_test|x86.ActiveCfg = Debug|Any CPU
		{EAEB5D2C-B447-41BC-9DE7-BFCB964B6CA5}.Debug_test|x86.Build.0 = Debug|Any CPU
		{EAEB5D2C-B447-41BC-9DE7-BFCB964B6CA5}.Debug|Any CPU.ActiveCfg = Debug|Any CPU
		{EAEB5D2C-B447-41BC-9DE7-BFCB964B6CA5}.Debug|Any CPU.Build.0 = Debug|Any CPU
		{EAEB5D2C-B447-41BC-9DE7-BFCB964B6CA5}.Debug|ARM.ActiveCfg = Debug|Any CPU
		{EAEB5D2C-B447-41BC-9DE7-BFCB964B6CA5}.Debug|ARM.Build.0 = Debug|Any CPU
		{EAEB5D2C-B447-41BC-9DE7-BFCB964B6CA5}.Debug|arm6.ActiveCfg = Debug|Any CPU
		{EAEB5D2C-B447-41BC-9DE7-BFCB964B6CA5}.Debug|arm6.Build.0 = Debug|Any CPU
		{EAEB5D2C-B447-41BC-9DE7-BFCB964B6CA5}.Debug|arm64.ActiveCfg = Debug|Any CPU
		{EAEB5D2C-B447-41BC-9DE7-BFCB964B6CA5}.Debug|x64.ActiveCfg = Debug|Any CPU
		{EAEB5D2C-B447-41BC-9DE7-BFCB964B6CA5}.Debug|x64.Build.0 = Debug|Any CPU
		{EAEB5D2C-B447-41BC-9DE7-BFCB964B6CA5}.Debug|x86.ActiveCfg = Debug|Any CPU
		{EAEB5D2C-B447-41BC-9DE7-BFCB964B6CA5}.Debug|x86.Build.0 = Debug|Any CPU
		{EAEB5D2C-B447-41BC-9DE7-BFCB964B6CA5}.Release|Any CPU.ActiveCfg = Release|Any CPU
		{EAEB5D2C-B447-41BC-9DE7-BFCB964B6CA5}.Release|Any CPU.Build.0 = Release|Any CPU
		{EAEB5D2C-B447-41BC-9DE7-BFCB964B6CA5}.Release|ARM.ActiveCfg = Release|Any CPU
		{EAEB5D2C-B447-41BC-9DE7-BFCB964B6CA5}.Release|ARM.Build.0 = Release|Any CPU
		{EAEB5D2C-B447-41BC-9DE7-BFCB964B6CA5}.Release|arm6.ActiveCfg = Release|Any CPU
		{EAEB5D2C-B447-41BC-9DE7-BFCB964B6CA5}.Release|arm6.Build.0 = Release|Any CPU
		{EAEB5D2C-B447-41BC-9DE7-BFCB964B6CA5}.Release|arm64.ActiveCfg = Release|Any CPU
		{EAEB5D2C-B447-41BC-9DE7-BFCB964B6CA5}.Release|x64.ActiveCfg = Release|Any CPU
		{EAEB5D2C-B447-41BC-9DE7-BFCB964B6CA5}.Release|x64.Build.0 = Release|Any CPU
		{EAEB5D2C-B447-41BC-9DE7-BFCB964B6CA5}.Release|x86.ActiveCfg = Release|Any CPU
		{EAEB5D2C-B447-41BC-9DE7-BFCB964B6CA5}.Release|x86.Build.0 = Release|Any CPU
		{4D8C5D1B-F982-44A1-B744-DD0E51651BF2}.Debug_test|Any CPU.ActiveCfg = Debug|Any CPU
		{4D8C5D1B-F982-44A1-B744-DD0E51651BF2}.Debug_test|Any CPU.Build.0 = Debug|Any CPU
		{4D8C5D1B-F982-44A1-B744-DD0E51651BF2}.Debug_test|ARM.ActiveCfg = Debug|Any CPU
		{4D8C5D1B-F982-44A1-B744-DD0E51651BF2}.Debug_test|ARM.Build.0 = Debug|Any CPU
		{4D8C5D1B-F982-44A1-B744-DD0E51651BF2}.Debug_test|arm6.ActiveCfg = Debug|Any CPU
		{4D8C5D1B-F982-44A1-B744-DD0E51651BF2}.Debug_test|arm6.Build.0 = Debug|Any CPU
		{4D8C5D1B-F982-44A1-B744-DD0E51651BF2}.Debug_test|arm64.ActiveCfg = Debug|Any CPU
		{4D8C5D1B-F982-44A1-B744-DD0E51651BF2}.Debug_test|arm64.Build.0 = Debug|Any CPU
		{4D8C5D1B-F982-44A1-B744-DD0E51651BF2}.Debug_test|x64.ActiveCfg = Debug|Any CPU
		{4D8C5D1B-F982-44A1-B744-DD0E51651BF2}.Debug_test|x64.Build.0 = Debug|Any CPU
		{4D8C5D1B-F982-44A1-B744-DD0E51651BF2}.Debug_test|x86.ActiveCfg = Debug|Any CPU
		{4D8C5D1B-F982-44A1-B744-DD0E51651BF2}.Debug_test|x86.Build.0 = Debug|Any CPU
		{4D8C5D1B-F982-44A1-B744-DD0E51651BF2}.Debug|Any CPU.ActiveCfg = Debug|Any CPU
		{4D8C5D1B-F982-44A1-B744-DD0E51651BF2}.Debug|Any CPU.Build.0 = Debug|Any CPU
		{4D8C5D1B-F982-44A1-B744-DD0E51651BF2}.Debug|ARM.ActiveCfg = Debug|Any CPU
		{4D8C5D1B-F982-44A1-B744-DD0E51651BF2}.Debug|ARM.Build.0 = Debug|Any CPU
		{4D8C5D1B-F982-44A1-B744-DD0E51651BF2}.Debug|arm6.ActiveCfg = Debug|Any CPU
		{4D8C5D1B-F982-44A1-B744-DD0E51651BF2}.Debug|arm6.Build.0 = Debug|Any CPU
		{4D8C5D1B-F982-44A1-B744-DD0E51651BF2}.Debug|arm64.ActiveCfg = Debug|Any CPU
		{4D8C5D1B-F982-44A1-B744-DD0E51651BF2}.Debug|x64.ActiveCfg = Debug|Any CPU
		{4D8C5D1B-F982-44A1-B744-DD0E51651BF2}.Debug|x64.Build.0 = Debug|Any CPU
		{4D8C5D1B-F982-44A1-B744-DD0E51651BF2}.Debug|x86.ActiveCfg = Debug|Any CPU
		{4D8C5D1B-F982-44A1-B744-DD0E51651BF2}.Debug|x86.Build.0 = Debug|Any CPU
		{4D8C5D1B-F982-44A1-B744-DD0E51651BF2}.Release|Any CPU.ActiveCfg = Release|Any CPU
		{4D8C5D1B-F982-44A1-B744-DD0E51651BF2}.Release|Any CPU.Build.0 = Release|Any CPU
		{4D8C5D1B-F982-44A1-B744-DD0E51651BF2}.Release|ARM.ActiveCfg = Release|Any CPU
		{4D8C5D1B-F982-44A1-B744-DD0E51651BF2}.Release|ARM.Build.0 = Release|Any CPU
		{4D8C5D1B-F982-44A1-B744-DD0E51651BF2}.Release|arm6.ActiveCfg = Release|Any CPU
		{4D8C5D1B-F982-44A1-B744-DD0E51651BF2}.Release|arm6.Build.0 = Release|Any CPU
		{4D8C5D1B-F982-44A1-B744-DD0E51651BF2}.Release|arm64.ActiveCfg = Release|Any CPU
		{4D8C5D1B-F982-44A1-B744-DD0E51651BF2}.Release|x64.ActiveCfg = Release|Any CPU
		{4D8C5D1B-F982-44A1-B744-DD0E51651BF2}.Release|x64.Build.0 = Release|Any CPU
		{4D8C5D1B-F982-44A1-B744-DD0E51651BF2}.Release|x86.ActiveCfg = Release|Any CPU
		{4D8C5D1B-F982-44A1-B744-DD0E51651BF2}.Release|x86.Build.0 = Release|Any CPU
		{64EF662D-B1E4-47E9-B1D3-ACB6044AC56D}.Debug_test|Any CPU.ActiveCfg = Debug_test|Any CPU
		{64EF662D-B1E4-47E9-B1D3-ACB6044AC56D}.Debug_test|Any CPU.Build.0 = Debug_test|Any CPU
		{64EF662D-B1E4-47E9-B1D3-ACB6044AC56D}.Debug_test|ARM.ActiveCfg = Debug_test|ARM
		{64EF662D-B1E4-47E9-B1D3-ACB6044AC56D}.Debug_test|ARM.Build.0 = Debug_test|ARM
		{64EF662D-B1E4-47E9-B1D3-ACB6044AC56D}.Debug_test|arm6.ActiveCfg = Debug_test|Any CPU
		{64EF662D-B1E4-47E9-B1D3-ACB6044AC56D}.Debug_test|arm6.Build.0 = Debug_test|Any CPU
		{64EF662D-B1E4-47E9-B1D3-ACB6044AC56D}.Debug_test|arm64.ActiveCfg = Debug_test|ARM64
		{64EF662D-B1E4-47E9-B1D3-ACB6044AC56D}.Debug_test|arm64.Build.0 = Debug_test|ARM64
		{64EF662D-B1E4-47E9-B1D3-ACB6044AC56D}.Debug_test|x64.ActiveCfg = Debug_test|x64
		{64EF662D-B1E4-47E9-B1D3-ACB6044AC56D}.Debug_test|x64.Build.0 = Debug_test|x64
		{64EF662D-B1E4-47E9-B1D3-ACB6044AC56D}.Debug_test|x86.ActiveCfg = Debug_test|Win32
		{64EF662D-B1E4-47E9-B1D3-ACB6044AC56D}.Debug_test|x86.Build.0 = Debug_test|Win32
		{64EF662D-B1E4-47E9-B1D3-ACB6044AC56D}.Debug|Any CPU.ActiveCfg = Debug|Any CPU
		{64EF662D-B1E4-47E9-B1D3-ACB6044AC56D}.Debug|Any CPU.Build.0 = Debug|Any CPU
		{64EF662D-B1E4-47E9-B1D3-ACB6044AC56D}.Debug|ARM.ActiveCfg = Debug|ARM
		{64EF662D-B1E4-47E9-B1D3-ACB6044AC56D}.Debug|ARM.Build.0 = Debug|ARM
		{64EF662D-B1E4-47E9-B1D3-ACB6044AC56D}.Debug|arm6.ActiveCfg = Debug|Any CPU
		{64EF662D-B1E4-47E9-B1D3-ACB6044AC56D}.Debug|arm6.Build.0 = Debug|Any CPU
		{64EF662D-B1E4-47E9-B1D3-ACB6044AC56D}.Debug|arm64.ActiveCfg = Debug|ARM64
		{64EF662D-B1E4-47E9-B1D3-ACB6044AC56D}.Debug|arm64.Build.0 = Debug|ARM64
		{64EF662D-B1E4-47E9-B1D3-ACB6044AC56D}.Debug|x64.ActiveCfg = Debug|x64
		{64EF662D-B1E4-47E9-B1D3-ACB6044AC56D}.Debug|x64.Build.0 = Debug|x64
		{64EF662D-B1E4-47E9-B1D3-ACB6044AC56D}.Debug|x86.ActiveCfg = Debug|x86
		{64EF662D-B1E4-47E9-B1D3-ACB6044AC56D}.Debug|x86.Build.0 = Debug|x86
		{64EF662D-B1E4-47E9-B1D3-ACB6044AC56D}.Release|Any CPU.ActiveCfg = Release|Any CPU
		{64EF662D-B1E4-47E9-B1D3-ACB6044AC56D}.Release|Any CPU.Build.0 = Release|Any CPU
		{64EF662D-B1E4-47E9-B1D3-ACB6044AC56D}.Release|ARM.ActiveCfg = Release|ARM
		{64EF662D-B1E4-47E9-B1D3-ACB6044AC56D}.Release|ARM.Build.0 = Release|ARM
		{64EF662D-B1E4-47E9-B1D3-ACB6044AC56D}.Release|arm6.ActiveCfg = Release|Any CPU
		{64EF662D-B1E4-47E9-B1D3-ACB6044AC56D}.Release|arm6.Build.0 = Release|Any CPU
		{64EF662D-B1E4-47E9-B1D3-ACB6044AC56D}.Release|arm64.ActiveCfg = Release|ARM64
		{64EF662D-B1E4-47E9-B1D3-ACB6044AC56D}.Release|arm64.Build.0 = Release|ARM64
		{64EF662D-B1E4-47E9-B1D3-ACB6044AC56D}.Release|x64.ActiveCfg = Release|x64
		{64EF662D-B1E4-47E9-B1D3-ACB6044AC56D}.Release|x64.Build.0 = Release|x64
		{64EF662D-B1E4-47E9-B1D3-ACB6044AC56D}.Release|x86.ActiveCfg = Release|x86
		{64EF662D-B1E4-47E9-B1D3-ACB6044AC56D}.Release|x86.Build.0 = Release|x86
		{E1F7AB45-FD1A-4220-AC81-874FCBEFD294}.Debug_test|Any CPU.ActiveCfg = Debug_test|x86
		{E1F7AB45-FD1A-4220-AC81-874FCBEFD294}.Debug_test|ARM.ActiveCfg = Debug_test|ARM
		{E1F7AB45-FD1A-4220-AC81-874FCBEFD294}.Debug_test|ARM.Build.0 = Debug_test|ARM
		{E1F7AB45-FD1A-4220-AC81-874FCBEFD294}.Debug_test|ARM.Deploy.0 = Debug_test|ARM
		{E1F7AB45-FD1A-4220-AC81-874FCBEFD294}.Debug_test|arm6.ActiveCfg = Debug_test|x86
		{E1F7AB45-FD1A-4220-AC81-874FCBEFD294}.Debug_test|arm64.ActiveCfg = Debug_test|x86
		{E1F7AB45-FD1A-4220-AC81-874FCBEFD294}.Debug_test|x64.ActiveCfg = Debug_test|x64
		{E1F7AB45-FD1A-4220-AC81-874FCBEFD294}.Debug_test|x64.Build.0 = Debug_test|x64
		{E1F7AB45-FD1A-4220-AC81-874FCBEFD294}.Debug_test|x64.Deploy.0 = Debug_test|x64
		{E1F7AB45-FD1A-4220-AC81-874FCBEFD294}.Debug_test|x86.ActiveCfg = Debug_test|x86
		{E1F7AB45-FD1A-4220-AC81-874FCBEFD294}.Debug_test|x86.Build.0 = Debug_test|x86
		{E1F7AB45-FD1A-4220-AC81-874FCBEFD294}.Debug_test|x86.Deploy.0 = Debug_test|x86
		{E1F7AB45-FD1A-4220-AC81-874FCBEFD294}.Debug|Any CPU.ActiveCfg = Debug|x86
		{E1F7AB45-FD1A-4220-AC81-874FCBEFD294}.Debug|ARM.ActiveCfg = Debug|ARM
		{E1F7AB45-FD1A-4220-AC81-874FCBEFD294}.Debug|ARM.Build.0 = Debug|ARM
		{E1F7AB45-FD1A-4220-AC81-874FCBEFD294}.Debug|ARM.Deploy.0 = Debug|ARM
		{E1F7AB45-FD1A-4220-AC81-874FCBEFD294}.Debug|arm6.ActiveCfg = Debug|x86
		{E1F7AB45-FD1A-4220-AC81-874FCBEFD294}.Debug|arm64.ActiveCfg = Debug|x86
		{E1F7AB45-FD1A-4220-AC81-874FCBEFD294}.Debug|x64.ActiveCfg = Debug|x64
		{E1F7AB45-FD1A-4220-AC81-874FCBEFD294}.Debug|x64.Build.0 = Debug|x64
		{E1F7AB45-FD1A-4220-AC81-874FCBEFD294}.Debug|x64.Deploy.0 = Debug|x64
		{E1F7AB45-FD1A-4220-AC81-874FCBEFD294}.Debug|x86.ActiveCfg = Debug|x86
		{E1F7AB45-FD1A-4220-AC81-874FCBEFD294}.Debug|x86.Build.0 = Debug|x86
		{E1F7AB45-FD1A-4220-AC81-874FCBEFD294}.Debug|x86.Deploy.0 = Debug|x86
		{E1F7AB45-FD1A-4220-AC81-874FCBEFD294}.Release|Any CPU.ActiveCfg = Release|x86
		{E1F7AB45-FD1A-4220-AC81-874FCBEFD294}.Release|ARM.ActiveCfg = Release|ARM
		{E1F7AB45-FD1A-4220-AC81-874FCBEFD294}.Release|ARM.Build.0 = Release|ARM
		{E1F7AB45-FD1A-4220-AC81-874FCBEFD294}.Release|ARM.Deploy.0 = Release|ARM
		{E1F7AB45-FD1A-4220-AC81-874FCBEFD294}.Release|arm6.ActiveCfg = Release|x86
		{E1F7AB45-FD1A-4220-AC81-874FCBEFD294}.Release|arm64.ActiveCfg = Release|x86
		{E1F7AB45-FD1A-4220-AC81-874FCBEFD294}.Release|x64.ActiveCfg = Release|x64
		{E1F7AB45-FD1A-4220-AC81-874FCBEFD294}.Release|x64.Build.0 = Release|x64
		{E1F7AB45-FD1A-4220-AC81-874FCBEFD294}.Release|x64.Deploy.0 = Release|x64
		{E1F7AB45-FD1A-4220-AC81-874FCBEFD294}.Release|x86.ActiveCfg = Release|x86
		{E1F7AB45-FD1A-4220-AC81-874FCBEFD294}.Release|x86.Build.0 = Release|x86
		{E1F7AB45-FD1A-4220-AC81-874FCBEFD294}.Release|x86.Deploy.0 = Release|x86
		{A3A130B0-993B-4EBC-9E17-81F021EDBEED}.Debug_test|Any CPU.ActiveCfg = Debug|Any CPU
		{A3A130B0-993B-4EBC-9E17-81F021EDBEED}.Debug_test|Any CPU.Build.0 = Debug|Any CPU
		{A3A130B0-993B-4EBC-9E17-81F021EDBEED}.Debug_test|ARM.ActiveCfg = Debug|Any CPU
		{A3A130B0-993B-4EBC-9E17-81F021EDBEED}.Debug_test|ARM.Build.0 = Debug|Any CPU
		{A3A130B0-993B-4EBC-9E17-81F021EDBEED}.Debug_test|arm6.ActiveCfg = Debug|Any CPU
		{A3A130B0-993B-4EBC-9E17-81F021EDBEED}.Debug_test|arm6.Build.0 = Debug|Any CPU
		{A3A130B0-993B-4EBC-9E17-81F021EDBEED}.Debug_test|arm64.ActiveCfg = Debug|Any CPU
		{A3A130B0-993B-4EBC-9E17-81F021EDBEED}.Debug_test|arm64.Build.0 = Debug|Any CPU
		{A3A130B0-993B-4EBC-9E17-81F021EDBEED}.Debug_test|x64.ActiveCfg = Debug|Any CPU
		{A3A130B0-993B-4EBC-9E17-81F021EDBEED}.Debug_test|x64.Build.0 = Debug|Any CPU
		{A3A130B0-993B-4EBC-9E17-81F021EDBEED}.Debug_test|x86.ActiveCfg = Debug|Any CPU
		{A3A130B0-993B-4EBC-9E17-81F021EDBEED}.Debug_test|x86.Build.0 = Debug|Any CPU
		{A3A130B0-993B-4EBC-9E17-81F021EDBEED}.Debug|Any CPU.ActiveCfg = Debug|Any CPU
		{A3A130B0-993B-4EBC-9E17-81F021EDBEED}.Debug|Any CPU.Build.0 = Debug|Any CPU
		{A3A130B0-993B-4EBC-9E17-81F021EDBEED}.Debug|ARM.ActiveCfg = Debug|Any CPU
		{A3A130B0-993B-4EBC-9E17-81F021EDBEED}.Debug|ARM.Build.0 = Debug|Any CPU
		{A3A130B0-993B-4EBC-9E17-81F021EDBEED}.Debug|arm6.ActiveCfg = Debug|Any CPU
		{A3A130B0-993B-4EBC-9E17-81F021EDBEED}.Debug|arm6.Build.0 = Debug|Any CPU
		{A3A130B0-993B-4EBC-9E17-81F021EDBEED}.Debug|arm64.ActiveCfg = Debug|Any CPU
		{A3A130B0-993B-4EBC-9E17-81F021EDBEED}.Debug|arm64.Build.0 = Debug|Any CPU
		{A3A130B0-993B-4EBC-9E17-81F021EDBEED}.Debug|x64.ActiveCfg = Debug|Any CPU
		{A3A130B0-993B-4EBC-9E17-81F021EDBEED}.Debug|x64.Build.0 = Debug|Any CPU
		{A3A130B0-993B-4EBC-9E17-81F021EDBEED}.Debug|x86.ActiveCfg = Debug|Any CPU
		{A3A130B0-993B-4EBC-9E17-81F021EDBEED}.Debug|x86.Build.0 = Debug|Any CPU
		{A3A130B0-993B-4EBC-9E17-81F021EDBEED}.Release|Any CPU.ActiveCfg = Release|Any CPU
		{A3A130B0-993B-4EBC-9E17-81F021EDBEED}.Release|Any CPU.Build.0 = Release|Any CPU
		{A3A130B0-993B-4EBC-9E17-81F021EDBEED}.Release|ARM.ActiveCfg = Release|Any CPU
		{A3A130B0-993B-4EBC-9E17-81F021EDBEED}.Release|ARM.Build.0 = Release|Any CPU
		{A3A130B0-993B-4EBC-9E17-81F021EDBEED}.Release|arm6.ActiveCfg = Release|Any CPU
		{A3A130B0-993B-4EBC-9E17-81F021EDBEED}.Release|arm6.Build.0 = Release|Any CPU
		{A3A130B0-993B-4EBC-9E17-81F021EDBEED}.Release|arm64.ActiveCfg = Release|Any CPU
		{A3A130B0-993B-4EBC-9E17-81F021EDBEED}.Release|arm64.Build.0 = Release|Any CPU
		{A3A130B0-993B-4EBC-9E17-81F021EDBEED}.Release|x64.ActiveCfg = Release|Any CPU
		{A3A130B0-993B-4EBC-9E17-81F021EDBEED}.Release|x64.Build.0 = Release|Any CPU
		{A3A130B0-993B-4EBC-9E17-81F021EDBEED}.Release|x86.ActiveCfg = Release|Any CPU
		{A3A130B0-993B-4EBC-9E17-81F021EDBEED}.Release|x86.Build.0 = Release|Any CPU
		{128E6F7A-578C-48DC-BD3F-750EC662C268}.Debug_test|Any CPU.ActiveCfg = Release|x64
		{128E6F7A-578C-48DC-BD3F-750EC662C268}.Debug_test|Any CPU.Build.0 = Release|x64
		{128E6F7A-578C-48DC-BD3F-750EC662C268}.Debug_test|ARM.ActiveCfg = Debug|ARM
		{128E6F7A-578C-48DC-BD3F-750EC662C268}.Debug_test|ARM.Build.0 = Debug|ARM
		{128E6F7A-578C-48DC-BD3F-750EC662C268}.Debug_test|arm6.ActiveCfg = Release|Win32
		{128E6F7A-578C-48DC-BD3F-750EC662C268}.Debug_test|arm6.Build.0 = Release|Win32
		{128E6F7A-578C-48DC-BD3F-750EC662C268}.Debug_test|arm64.ActiveCfg = Debug|ARM64
		{128E6F7A-578C-48DC-BD3F-750EC662C268}.Debug_test|arm64.Build.0 = Debug|ARM64
		{128E6F7A-578C-48DC-BD3F-750EC662C268}.Debug_test|x64.ActiveCfg = Debug|x64
		{128E6F7A-578C-48DC-BD3F-750EC662C268}.Debug_test|x64.Build.0 = Debug|x64
		{128E6F7A-578C-48DC-BD3F-750EC662C268}.Debug_test|x86.ActiveCfg = Debug|Win32
		{128E6F7A-578C-48DC-BD3F-750EC662C268}.Debug_test|x86.Build.0 = Debug|Win32
		{128E6F7A-578C-48DC-BD3F-750EC662C268}.Debug|Any CPU.ActiveCfg = Debug|Win32
		{128E6F7A-578C-48DC-BD3F-750EC662C268}.Debug|ARM.ActiveCfg = Debug|ARM
		{128E6F7A-578C-48DC-BD3F-750EC662C268}.Debug|ARM.Build.0 = Debug|ARM
		{128E6F7A-578C-48DC-BD3F-750EC662C268}.Debug|arm6.ActiveCfg = Debug|Win32
		{128E6F7A-578C-48DC-BD3F-750EC662C268}.Debug|arm64.ActiveCfg = Debug|ARM64
		{128E6F7A-578C-48DC-BD3F-750EC662C268}.Debug|arm64.Build.0 = Debug|ARM64
		{128E6F7A-578C-48DC-BD3F-750EC662C268}.Debug|x64.ActiveCfg = Debug|x64
		{128E6F7A-578C-48DC-BD3F-750EC662C268}.Debug|x64.Build.0 = Debug|x64
		{128E6F7A-578C-48DC-BD3F-750EC662C268}.Debug|x86.ActiveCfg = Debug|Win32
		{128E6F7A-578C-48DC-BD3F-750EC662C268}.Debug|x86.Build.0 = Debug|Win32
		{128E6F7A-578C-48DC-BD3F-750EC662C268}.Release|Any CPU.ActiveCfg = Release|Win32
		{128E6F7A-578C-48DC-BD3F-750EC662C268}.Release|ARM.ActiveCfg = Release|ARM
		{128E6F7A-578C-48DC-BD3F-750EC662C268}.Release|ARM.Build.0 = Release|ARM
		{128E6F7A-578C-48DC-BD3F-750EC662C268}.Release|arm6.ActiveCfg = Release|Win32
		{128E6F7A-578C-48DC-BD3F-750EC662C268}.Release|arm64.ActiveCfg = Release|ARM64
		{128E6F7A-578C-48DC-BD3F-750EC662C268}.Release|arm64.Build.0 = Release|ARM64
		{128E6F7A-578C-48DC-BD3F-750EC662C268}.Release|x64.ActiveCfg = Release|x64
		{128E6F7A-578C-48DC-BD3F-750EC662C268}.Release|x64.Build.0 = Release|x64
		{128E6F7A-578C-48DC-BD3F-750EC662C268}.Release|x86.ActiveCfg = Release|Win32
		{128E6F7A-578C-48DC-BD3F-750EC662C268}.Release|x86.Build.0 = Release|Win32
		{94DF1545-C2FD-41DC-B68D-2C16D6BA3FD4}.Debug_test|Any CPU.ActiveCfg = Debug|Any CPU
		{94DF1545-C2FD-41DC-B68D-2C16D6BA3FD4}.Debug_test|Any CPU.Build.0 = Debug|Any CPU
		{94DF1545-C2FD-41DC-B68D-2C16D6BA3FD4}.Debug_test|ARM.ActiveCfg = Debug|Any CPU
		{94DF1545-C2FD-41DC-B68D-2C16D6BA3FD4}.Debug_test|ARM.Build.0 = Debug|Any CPU
		{94DF1545-C2FD-41DC-B68D-2C16D6BA3FD4}.Debug_test|arm6.ActiveCfg = Debug|Any CPU
		{94DF1545-C2FD-41DC-B68D-2C16D6BA3FD4}.Debug_test|arm6.Build.0 = Debug|Any CPU
		{94DF1545-C2FD-41DC-B68D-2C16D6BA3FD4}.Debug_test|arm64.ActiveCfg = Debug|Any CPU
		{94DF1545-C2FD-41DC-B68D-2C16D6BA3FD4}.Debug_test|arm64.Build.0 = Debug|Any CPU
		{94DF1545-C2FD-41DC-B68D-2C16D6BA3FD4}.Debug_test|x64.ActiveCfg = Debug|Any CPU
		{94DF1545-C2FD-41DC-B68D-2C16D6BA3FD4}.Debug_test|x64.Build.0 = Debug|Any CPU
		{94DF1545-C2FD-41DC-B68D-2C16D6BA3FD4}.Debug_test|x86.ActiveCfg = Debug|Any CPU
		{94DF1545-C2FD-41DC-B68D-2C16D6BA3FD4}.Debug_test|x86.Build.0 = Debug|Any CPU
		{94DF1545-C2FD-41DC-B68D-2C16D6BA3FD4}.Debug|Any CPU.ActiveCfg = Debug|Any CPU
		{94DF1545-C2FD-41DC-B68D-2C16D6BA3FD4}.Debug|Any CPU.Build.0 = Debug|Any CPU
		{94DF1545-C2FD-41DC-B68D-2C16D6BA3FD4}.Debug|ARM.ActiveCfg = Debug|Any CPU
		{94DF1545-C2FD-41DC-B68D-2C16D6BA3FD4}.Debug|ARM.Build.0 = Debug|Any CPU
		{94DF1545-C2FD-41DC-B68D-2C16D6BA3FD4}.Debug|arm6.ActiveCfg = Debug|Any CPU
		{94DF1545-C2FD-41DC-B68D-2C16D6BA3FD4}.Debug|arm6.Build.0 = Debug|Any CPU
		{94DF1545-C2FD-41DC-B68D-2C16D6BA3FD4}.Debug|arm64.ActiveCfg = Debug|Any CPU
		{94DF1545-C2FD-41DC-B68D-2C16D6BA3FD4}.Debug|arm64.Build.0 = Debug|Any CPU
		{94DF1545-C2FD-41DC-B68D-2C16D6BA3FD4}.Debug|x64.ActiveCfg = Debug|Any CPU
		{94DF1545-C2FD-41DC-B68D-2C16D6BA3FD4}.Debug|x64.Build.0 = Debug|Any CPU
		{94DF1545-C2FD-41DC-B68D-2C16D6BA3FD4}.Debug|x86.ActiveCfg = Debug|Any CPU
		{94DF1545-C2FD-41DC-B68D-2C16D6BA3FD4}.Debug|x86.Build.0 = Debug|Any CPU
		{94DF1545-C2FD-41DC-B68D-2C16D6BA3FD4}.Release|Any CPU.ActiveCfg = Release|Any CPU
		{94DF1545-C2FD-41DC-B68D-2C16D6BA3FD4}.Release|Any CPU.Build.0 = Release|Any CPU
		{94DF1545-C2FD-41DC-B68D-2C16D6BA3FD4}.Release|ARM.ActiveCfg = Release|Any CPU
		{94DF1545-C2FD-41DC-B68D-2C16D6BA3FD4}.Release|ARM.Build.0 = Release|Any CPU
		{94DF1545-C2FD-41DC-B68D-2C16D6BA3FD4}.Release|arm6.ActiveCfg = Release|Any CPU
		{94DF1545-C2FD-41DC-B68D-2C16D6BA3FD4}.Release|arm6.Build.0 = Release|Any CPU
		{94DF1545-C2FD-41DC-B68D-2C16D6BA3FD4}.Release|arm64.ActiveCfg = Release|Any CPU
		{94DF1545-C2FD-41DC-B68D-2C16D6BA3FD4}.Release|arm64.Build.0 = Release|Any CPU
		{94DF1545-C2FD-41DC-B68D-2C16D6BA3FD4}.Release|x64.ActiveCfg = Release|Any CPU
		{94DF1545-C2FD-41DC-B68D-2C16D6BA3FD4}.Release|x64.Build.0 = Release|Any CPU
		{94DF1545-C2FD-41DC-B68D-2C16D6BA3FD4}.Release|x86.ActiveCfg = Release|Any CPU
		{94DF1545-C2FD-41DC-B68D-2C16D6BA3FD4}.Release|x86.Build.0 = Release|Any CPU
		{51654A14-2759-4DD0-96E2-DD05084BA720}.Debug_test|Any CPU.ActiveCfg = Debug_test|x86
		{51654A14-2759-4DD0-96E2-DD05084BA720}.Debug_test|ARM.ActiveCfg = Debug_test|ARM
		{51654A14-2759-4DD0-96E2-DD05084BA720}.Debug_test|ARM.Build.0 = Debug_test|ARM
		{51654A14-2759-4DD0-96E2-DD05084BA720}.Debug_test|ARM.Deploy.0 = Debug_test|ARM
		{51654A14-2759-4DD0-96E2-DD05084BA720}.Debug_test|arm6.ActiveCfg = Debug_test|x86
		{51654A14-2759-4DD0-96E2-DD05084BA720}.Debug_test|arm64.ActiveCfg = Debug_test|ARM64
		{51654A14-2759-4DD0-96E2-DD05084BA720}.Debug_test|arm64.Build.0 = Debug_test|ARM64
		{51654A14-2759-4DD0-96E2-DD05084BA720}.Debug_test|arm64.Deploy.0 = Debug_test|ARM64
		{51654A14-2759-4DD0-96E2-DD05084BA720}.Debug_test|x64.ActiveCfg = Debug_test|x64
		{51654A14-2759-4DD0-96E2-DD05084BA720}.Debug_test|x64.Build.0 = Debug_test|x64
		{51654A14-2759-4DD0-96E2-DD05084BA720}.Debug_test|x64.Deploy.0 = Debug_test|x64
		{51654A14-2759-4DD0-96E2-DD05084BA720}.Debug_test|x86.ActiveCfg = Debug_test|x86
		{51654A14-2759-4DD0-96E2-DD05084BA720}.Debug_test|x86.Build.0 = Debug_test|x86
		{51654A14-2759-4DD0-96E2-DD05084BA720}.Debug_test|x86.Deploy.0 = Debug_test|x86
		{51654A14-2759-4DD0-96E2-DD05084BA720}.Debug|Any CPU.ActiveCfg = Debug|x86
		{51654A14-2759-4DD0-96E2-DD05084BA720}.Debug|ARM.ActiveCfg = Debug|ARM
		{51654A14-2759-4DD0-96E2-DD05084BA720}.Debug|ARM.Build.0 = Debug|ARM
		{51654A14-2759-4DD0-96E2-DD05084BA720}.Debug|ARM.Deploy.0 = Debug|ARM
		{51654A14-2759-4DD0-96E2-DD05084BA720}.Debug|arm6.ActiveCfg = Debug|x86
		{51654A14-2759-4DD0-96E2-DD05084BA720}.Debug|arm64.ActiveCfg = Debug|ARM64
		{51654A14-2759-4DD0-96E2-DD05084BA720}.Debug|arm64.Build.0 = Debug|ARM64
		{51654A14-2759-4DD0-96E2-DD05084BA720}.Debug|arm64.Deploy.0 = Debug|ARM64
		{51654A14-2759-4DD0-96E2-DD05084BA720}.Debug|x64.ActiveCfg = Debug|x64
		{51654A14-2759-4DD0-96E2-DD05084BA720}.Debug|x64.Build.0 = Debug|x64
		{51654A14-2759-4DD0-96E2-DD05084BA720}.Debug|x64.Deploy.0 = Debug|x64
		{51654A14-2759-4DD0-96E2-DD05084BA720}.Debug|x86.ActiveCfg = Debug|x86
		{51654A14-2759-4DD0-96E2-DD05084BA720}.Debug|x86.Build.0 = Debug|x86
		{51654A14-2759-4DD0-96E2-DD05084BA720}.Debug|x86.Deploy.0 = Debug|x86
		{51654A14-2759-4DD0-96E2-DD05084BA720}.Release|Any CPU.ActiveCfg = Release|x86
		{51654A14-2759-4DD0-96E2-DD05084BA720}.Release|ARM.ActiveCfg = Release|ARM
		{51654A14-2759-4DD0-96E2-DD05084BA720}.Release|ARM.Build.0 = Release|ARM
		{51654A14-2759-4DD0-96E2-DD05084BA720}.Release|ARM.Deploy.0 = Release|ARM
		{51654A14-2759-4DD0-96E2-DD05084BA720}.Release|arm6.ActiveCfg = Release|x86
		{51654A14-2759-4DD0-96E2-DD05084BA720}.Release|arm64.ActiveCfg = Release|ARM64
		{51654A14-2759-4DD0-96E2-DD05084BA720}.Release|arm64.Build.0 = Release|ARM64
		{51654A14-2759-4DD0-96E2-DD05084BA720}.Release|arm64.Deploy.0 = Release|ARM64
		{51654A14-2759-4DD0-96E2-DD05084BA720}.Release|x64.ActiveCfg = Release|x64
		{51654A14-2759-4DD0-96E2-DD05084BA720}.Release|x64.Build.0 = Release|x64
		{51654A14-2759-4DD0-96E2-DD05084BA720}.Release|x64.Deploy.0 = Release|x64
		{51654A14-2759-4DD0-96E2-DD05084BA720}.Release|x86.ActiveCfg = Release|x86
		{51654A14-2759-4DD0-96E2-DD05084BA720}.Release|x86.Build.0 = Release|x86
		{51654A14-2759-4DD0-96E2-DD05084BA720}.Release|x86.Deploy.0 = Release|x86
		{BBF64CD0-9E73-4669-B42B-EE6BD986877C}.Debug_test|Any CPU.ActiveCfg = Release|x64
		{BBF64CD0-9E73-4669-B42B-EE6BD986877C}.Debug_test|Any CPU.Build.0 = Release|x64
		{BBF64CD0-9E73-4669-B42B-EE6BD986877C}.Debug_test|ARM.ActiveCfg = Debug|arm
		{BBF64CD0-9E73-4669-B42B-EE6BD986877C}.Debug_test|ARM.Build.0 = Debug|arm
		{BBF64CD0-9E73-4669-B42B-EE6BD986877C}.Debug_test|arm6.ActiveCfg = Release|x86
		{BBF64CD0-9E73-4669-B42B-EE6BD986877C}.Debug_test|arm6.Build.0 = Release|x86
		{BBF64CD0-9E73-4669-B42B-EE6BD986877C}.Debug_test|arm64.ActiveCfg = Debug|arm64
		{BBF64CD0-9E73-4669-B42B-EE6BD986877C}.Debug_test|arm64.Build.0 = Debug|arm64
		{BBF64CD0-9E73-4669-B42B-EE6BD986877C}.Debug_test|x64.ActiveCfg = Debug|x64
		{BBF64CD0-9E73-4669-B42B-EE6BD986877C}.Debug_test|x64.Build.0 = Debug|x64
		{BBF64CD0-9E73-4669-B42B-EE6BD986877C}.Debug_test|x86.ActiveCfg = Debug|x86
		{BBF64CD0-9E73-4669-B42B-EE6BD986877C}.Debug_test|x86.Build.0 = Debug|x86
		{BBF64CD0-9E73-4669-B42B-EE6BD986877C}.Debug|Any CPU.ActiveCfg = Debug|x86
		{BBF64CD0-9E73-4669-B42B-EE6BD986877C}.Debug|ARM.ActiveCfg = Debug|arm
		{BBF64CD0-9E73-4669-B42B-EE6BD986877C}.Debug|ARM.Build.0 = Debug|arm
		{BBF64CD0-9E73-4669-B42B-EE6BD986877C}.Debug|arm6.ActiveCfg = Debug|x86
		{BBF64CD0-9E73-4669-B42B-EE6BD986877C}.Debug|arm64.ActiveCfg = Debug|arm64
		{BBF64CD0-9E73-4669-B42B-EE6BD986877C}.Debug|arm64.Build.0 = Debug|arm64
		{BBF64CD0-9E73-4669-B42B-EE6BD986877C}.Debug|x64.ActiveCfg = Debug|x64
		{BBF64CD0-9E73-4669-B42B-EE6BD986877C}.Debug|x64.Build.0 = Debug|x64
		{BBF64CD0-9E73-4669-B42B-EE6BD986877C}.Debug|x86.ActiveCfg = Debug|x86
		{BBF64CD0-9E73-4669-B42B-EE6BD986877C}.Debug|x86.Build.0 = Debug|x86
		{BBF64CD0-9E73-4669-B42B-EE6BD986877C}.Release|Any CPU.ActiveCfg = Release|x86
		{BBF64CD0-9E73-4669-B42B-EE6BD986877C}.Release|ARM.ActiveCfg = Release|arm
		{BBF64CD0-9E73-4669-B42B-EE6BD986877C}.Release|ARM.Build.0 = Release|arm
		{BBF64CD0-9E73-4669-B42B-EE6BD986877C}.Release|arm6.ActiveCfg = Release|x86
		{BBF64CD0-9E73-4669-B42B-EE6BD986877C}.Release|arm64.ActiveCfg = Release|arm64
		{BBF64CD0-9E73-4669-B42B-EE6BD986877C}.Release|arm64.Build.0 = Release|arm64
		{BBF64CD0-9E73-4669-B42B-EE6BD986877C}.Release|x64.ActiveCfg = Release|x64
		{BBF64CD0-9E73-4669-B42B-EE6BD986877C}.Release|x64.Build.0 = Release|x64
		{BBF64CD0-9E73-4669-B42B-EE6BD986877C}.Release|x86.ActiveCfg = Release|x86
		{BBF64CD0-9E73-4669-B42B-EE6BD986877C}.Release|x86.Build.0 = Release|x86
		{4454B583-39A0-4A91-881C-2078FA26C447}.Debug_test|Any CPU.ActiveCfg = Release|x64
		{4454B583-39A0-4A91-881C-2078FA26C447}.Debug_test|Any CPU.Build.0 = Release|x64
		{4454B583-39A0-4A91-881C-2078FA26C447}.Debug_test|Any CPU.Deploy.0 = Release|x64
		{4454B583-39A0-4A91-881C-2078FA26C447}.Debug_test|ARM.ActiveCfg = Release|arm
		{4454B583-39A0-4A91-881C-2078FA26C447}.Debug_test|ARM.Build.0 = Release|arm
		{4454B583-39A0-4A91-881C-2078FA26C447}.Debug_test|ARM.Deploy.0 = Release|arm
		{4454B583-39A0-4A91-881C-2078FA26C447}.Debug_test|arm6.ActiveCfg = Debug|arm6
		{4454B583-39A0-4A91-881C-2078FA26C447}.Debug_test|arm6.Build.0 = Debug|arm6
		{4454B583-39A0-4A91-881C-2078FA26C447}.Debug_test|arm6.Deploy.0 = Debug|arm6
		{4454B583-39A0-4A91-881C-2078FA26C447}.Debug_test|arm64.ActiveCfg = Debug|arm64
		{4454B583-39A0-4A91-881C-2078FA26C447}.Debug_test|arm64.Build.0 = Debug|arm64
		{4454B583-39A0-4A91-881C-2078FA26C447}.Debug_test|arm64.Deploy.0 = Debug|arm64
		{4454B583-39A0-4A91-881C-2078FA26C447}.Debug_test|x64.ActiveCfg = Debug|x64
		{4454B583-39A0-4A91-881C-2078FA26C447}.Debug_test|x64.Build.0 = Debug|x64
		{4454B583-39A0-4A91-881C-2078FA26C447}.Debug_test|x64.Deploy.0 = Debug|x64
		{4454B583-39A0-4A91-881C-2078FA26C447}.Debug_test|x86.ActiveCfg = Debug|x86
		{4454B583-39A0-4A91-881C-2078FA26C447}.Debug_test|x86.Build.0 = Debug|x86
		{4454B583-39A0-4A91-881C-2078FA26C447}.Debug_test|x86.Deploy.0 = Debug|x86
		{4454B583-39A0-4A91-881C-2078FA26C447}.Debug|Any CPU.ActiveCfg = Debug|x86
		{4454B583-39A0-4A91-881C-2078FA26C447}.Debug|ARM.ActiveCfg = Debug|x86
		{4454B583-39A0-4A91-881C-2078FA26C447}.Debug|arm6.ActiveCfg = Debug|arm6
		{4454B583-39A0-4A91-881C-2078FA26C447}.Debug|arm6.Build.0 = Debug|arm6
		{4454B583-39A0-4A91-881C-2078FA26C447}.Debug|arm6.Deploy.0 = Debug|arm6
		{4454B583-39A0-4A91-881C-2078FA26C447}.Debug|arm64.ActiveCfg = Debug|arm64
		{4454B583-39A0-4A91-881C-2078FA26C447}.Debug|arm64.Build.0 = Debug|arm64
		{4454B583-39A0-4A91-881C-2078FA26C447}.Debug|arm64.Deploy.0 = Debug|arm64
		{4454B583-39A0-4A91-881C-2078FA26C447}.Debug|x64.ActiveCfg = Debug|x64
		{4454B583-39A0-4A91-881C-2078FA26C447}.Debug|x64.Build.0 = Debug|x64
		{4454B583-39A0-4A91-881C-2078FA26C447}.Debug|x64.Deploy.0 = Debug|x64
		{4454B583-39A0-4A91-881C-2078FA26C447}.Debug|x86.ActiveCfg = Debug|x86
		{4454B583-39A0-4A91-881C-2078FA26C447}.Debug|x86.Build.0 = Debug|x86
		{4454B583-39A0-4A91-881C-2078FA26C447}.Debug|x86.Deploy.0 = Debug|x86
		{4454B583-39A0-4A91-881C-2078FA26C447}.Release|Any CPU.ActiveCfg = Release|x86
		{4454B583-39A0-4A91-881C-2078FA26C447}.Release|ARM.ActiveCfg = Release|arm
		{4454B583-39A0-4A91-881C-2078FA26C447}.Release|ARM.Build.0 = Release|arm
		{4454B583-39A0-4A91-881C-2078FA26C447}.Release|ARM.Deploy.0 = Release|arm
		{4454B583-39A0-4A91-881C-2078FA26C447}.Release|arm6.ActiveCfg = Release|x86
		{4454B583-39A0-4A91-881C-2078FA26C447}.Release|arm64.ActiveCfg = Release|arm64
		{4454B583-39A0-4A91-881C-2078FA26C447}.Release|arm64.Build.0 = Release|arm64
		{4454B583-39A0-4A91-881C-2078FA26C447}.Release|arm64.Deploy.0 = Release|arm64
		{4454B583-39A0-4A91-881C-2078FA26C447}.Release|x64.ActiveCfg = Release|x64
		{4454B583-39A0-4A91-881C-2078FA26C447}.Release|x64.Build.0 = Release|x64
		{4454B583-39A0-4A91-881C-2078FA26C447}.Release|x64.Deploy.0 = Release|x64
		{4454B583-39A0-4A91-881C-2078FA26C447}.Release|x86.ActiveCfg = Release|x86
		{4454B583-39A0-4A91-881C-2078FA26C447}.Release|x86.Build.0 = Release|x86
		{4454B583-39A0-4A91-881C-2078FA26C447}.Release|x86.Deploy.0 = Release|x86
	EndGlobalSection
	GlobalSection(SolutionProperties) = preSolution
		HideSolutionNode = FALSE
	EndGlobalSection
	GlobalSection(NestedProjects) = preSolution
		{815C5F42-3DEB-4DCB-B143-1C088FCE97F9} = {1DD8B245-0F13-46C1-94C6-17DBC143BB4C}
		{0FC6E6AF-0FC6-4793-B40E-806AE5C3A485} = {1DD8B245-0F13-46C1-94C6-17DBC143BB4C}
		{14018522-0223-4334-87D2-C343074DDD48} = {1DD8B245-0F13-46C1-94C6-17DBC143BB4C}
		{E9FC52CD-519A-41BB-8092-523FFA9D5617} = {9D80071C-D596-4FCF-986F-BD393582E83A}
		{EAEB5D2C-B447-41BC-9DE7-BFCB964B6CA5} = {9D80071C-D596-4FCF-986F-BD393582E83A}
		{4D8C5D1B-F982-44A1-B744-DD0E51651BF2} = {9D80071C-D596-4FCF-986F-BD393582E83A}
		{A3A130B0-993B-4EBC-9E17-81F021EDBEED} = {8BC8219D-1669-4147-9941-1CA911D0A958}
		{94DF1545-C2FD-41DC-B68D-2C16D6BA3FD4} = {8BC8219D-1669-4147-9941-1CA911D0A958}
		{51654A14-2759-4DD0-96E2-DD05084BA720} = {24B82701-D5C4-43BA-A35B-B20194CBF42D}
		{BBF64CD0-9E73-4669-B42B-EE6BD986877C} = {24B82701-D5C4-43BA-A35B-B20194CBF42D}
		{4454B583-39A0-4A91-881C-2078FA26C447} = {24B82701-D5C4-43BA-A35B-B20194CBF42D}
		{107794D7-4BE0-407E-A76C-EFA46D1E9F93} = {8BC8219D-1669-4147-9941-1CA911D0A958}
	EndGlobalSection
	GlobalSection(ExtensibilityGlobals) = postSolution
		SolutionGuid = {E45DFF44-1BEF-4538-9DC4-E0FC5B89B857}
	EndGlobalSection
EndGlobal
