
Microsoft Visual Studio Solution File, Format Version 12.00
# Visual Studio Version 17
VisualStudioVersion = 17.13.35931.197
MinimumVisualStudioVersion = 10.0.40219.1
Project("{FAE04EC0-301F-11D3-BF4B-00C04F79EFBC}") = "WinUI3CSPerf", "WinUI3CSPerf\WinUI3CSPerf.csproj", "{C3C3D521-EE6C-49D8-AE4E-7CEB3DFB53F3}"
EndProject
Global
	GlobalSection(SolutionConfigurationPlatforms) = preSolution
		Debug|ARM64 = Debug|ARM64
		Debug|x64 = Debug|x64
		Debug|x86 = Debug|x86
		Release|ARM64 = Release|ARM64
		Release|x64 = Release|x64
		Release|x86 = Release|x86
	EndGlobalSection
	GlobalSection(ProjectConfigurationPlatforms) = postSolution
		{C3C3D521-EE6C-49D8-AE4E-7CEB3DFB53F3}.Debug|ARM64.ActiveCfg = Debug|ARM64
		{C3C3D521-EE6C-49D8-AE4E-7CEB3DFB53F3}.Debug|ARM64.Build.0 = Debug|ARM64
		{C3C3D521-EE6C-49D8-AE4E-7CEB3DFB53F3}.Debug|ARM64.Deploy.0 = Debug|ARM64
		{C3C3D521-EE6C-49D8-AE4E-7CEB3DFB53F3}.Debug|x64.ActiveCfg = Debug|x64
		{C3C3D521-EE6C-49D8-AE4E-7CEB3DFB53F3}.Debug|x64.Build.0 = Debug|x64
		{C3C3D521-EE6C-49D8-AE4E-7CEB3DFB53F3}.Debug|x64.Deploy.0 = Debug|x64
		{C3C3D521-EE6C-49D8-AE4E-7CEB3DFB53F3}.Debug|x86.ActiveCfg = Debug|x86
		{C3C3D521-EE6C-49D8-AE4E-7CEB3DFB53F3}.Debug|x86.Build.0 = Debug|x86
		{C3C3D521-EE6C-49D8-AE4E-7CEB3DFB53F3}.Debug|x86.Deploy.0 = Debug|x86
		{C3C3D521-EE6C-49D8-AE4E-7CEB3DFB53F3}.Release|ARM64.ActiveCfg = Release|ARM64
		{C3C3D521-EE6C-49D8-AE4E-7CEB3DFB53F3}.Release|ARM64.Build.0 = Release|ARM64
		{C3C3D521-EE6C-49D8-AE4E-7CEB3DFB53F3}.Release|ARM64.Deploy.0 = Release|ARM64
		{C3C3D521-EE6C-49D8-AE4E-7CEB3DFB53F3}.Release|x64.ActiveCfg = Release|x64
		{C3C3D521-EE6C-49D8-AE4E-7CEB3DFB53F3}.Release|x64.Build.0 = Release|x64
		{C3C3D521-EE6C-49D8-AE4E-7CEB3DFB53F3}.Release|x64.Deploy.0 = Release|x64
		{C3C3D521-EE6C-49D8-AE4E-7CEB3DFB53F3}.Release|x86.ActiveCfg = Release|x86
		{C3C3D521-EE6C-49D8-AE4E-7CEB3DFB53F3}.Release|x86.Build.0 = Release|x86
		{C3C3D521-EE6C-49D8-AE4E-7CEB3DFB53F3}.Release|x86.Deploy.0 = Release|x86
	EndGlobalSection
	GlobalSection(SolutionProperties) = preSolution
		HideSolutionNode = FALSE
	EndGlobalSection
	GlobalSection(ExtensibilityGlobals) = postSolution
		SolutionGuid = {B7A70E6F-DFB6-4D99-83C0-B103A7A856D6}
	EndGlobalSection
EndGlobal
