
Microsoft Visual Studio Solution File, Format Version 12.00
# Visual Studio Version 17
VisualStudioVersion = 17.14.37314.3
MinimumVisualStudioVersion = 10.0.40219.1
Project("{8BC9CEB8-8B4A-11D0-8D11-00A0C91BC942}") = "ChartAppCppUnpackaged", "ChartAppCppUnpackaged\ChartAppCppUnpackaged.vcxproj", "{85D07E77-18F8-45F8-989C-26FB15EE8F0D}"
EndProject
Project("{8BC9CEB8-8B4A-11D0-8D11-00A0C91BC942}") = "ChartAppCppPackaged", "ChartAppCppPackaged\ChartAppCppPackaged.vcxproj", "{76C98D2A-8B64-4088-BEC3-18AFB55D6BC4}"
EndProject
Project("{FAE04EC0-301F-11D3-BF4B-00C04F79EFBC}") = "ChartAppCsUnpackaged", "ChartAppCsUnpackaged\ChartAppCsUnpackaged.csproj", "{3F1C9A26-6C0E-4F5E-9E1B-2A7D4B8E5C31}"
EndProject
Project("{FAE04EC0-301F-11D3-BF4B-00C04F79EFBC}") = "ChartAppCsPackaged", "ChartAppCsPackaged\ChartAppCsPackaged.csproj", "{9D4E7B12-8A35-4C60-B7F9-1E6C3A5D2F84}"
EndProject
Global
	GlobalSection(SolutionConfigurationPlatforms) = preSolution
		Debug|ARM64 = Debug|ARM64
		Debug|ARM64EC = Debug|ARM64EC
		Debug|Win32 = Debug|Win32
		Debug|x64 = Debug|x64
		Debug|x86 = Debug|x86
		Release|ARM64 = Release|ARM64
		Release|ARM64EC = Release|ARM64EC
		Release|Win32 = Release|Win32
		Release|x64 = Release|x64
		Release|x86 = Release|x86
	EndGlobalSection
	GlobalSection(ProjectConfigurationPlatforms) = postSolution
		{85D07E77-18F8-45F8-989C-26FB15EE8F0D}.Debug|ARM64.ActiveCfg = Debug|ARM64
		{85D07E77-18F8-45F8-989C-26FB15EE8F0D}.Debug|ARM64.Build.0 = Debug|ARM64
		{85D07E77-18F8-45F8-989C-26FB15EE8F0D}.Debug|ARM64EC.ActiveCfg = Debug|ARM64EC
		{85D07E77-18F8-45F8-989C-26FB15EE8F0D}.Debug|ARM64EC.Build.0 = Debug|ARM64EC
		{85D07E77-18F8-45F8-989C-26FB15EE8F0D}.Debug|Win32.ActiveCfg = Debug|Win32
		{85D07E77-18F8-45F8-989C-26FB15EE8F0D}.Debug|Win32.Build.0 = Debug|Win32
		{85D07E77-18F8-45F8-989C-26FB15EE8F0D}.Debug|x64.ActiveCfg = Debug|x64
		{85D07E77-18F8-45F8-989C-26FB15EE8F0D}.Debug|x64.Build.0 = Debug|x64
		{85D07E77-18F8-45F8-989C-26FB15EE8F0D}.Debug|x86.ActiveCfg = Debug|Win32
		{85D07E77-18F8-45F8-989C-26FB15EE8F0D}.Debug|x86.Build.0 = Debug|Win32
		{85D07E77-18F8-45F8-989C-26FB15EE8F0D}.Release|ARM64.ActiveCfg = Release|ARM64
		{85D07E77-18F8-45F8-989C-26FB15EE8F0D}.Release|ARM64.Build.0 = Release|ARM64
		{85D07E77-18F8-45F8-989C-26FB15EE8F0D}.Release|ARM64EC.ActiveCfg = Release|ARM64EC
		{85D07E77-18F8-45F8-989C-26FB15EE8F0D}.Release|ARM64EC.Build.0 = Release|ARM64EC
		{85D07E77-18F8-45F8-989C-26FB15EE8F0D}.Release|Win32.ActiveCfg = Release|Win32
		{85D07E77-18F8-45F8-989C-26FB15EE8F0D}.Release|Win32.Build.0 = Release|Win32
		{85D07E77-18F8-45F8-989C-26FB15EE8F0D}.Release|x64.ActiveCfg = Release|x64
		{85D07E77-18F8-45F8-989C-26FB15EE8F0D}.Release|x64.Build.0 = Release|x64
		{85D07E77-18F8-45F8-989C-26FB15EE8F0D}.Release|x86.ActiveCfg = Release|Win32
		{85D07E77-18F8-45F8-989C-26FB15EE8F0D}.Release|x86.Build.0 = Release|Win32
		{76C98D2A-8B64-4088-BEC3-18AFB55D6BC4}.Debug|ARM64.ActiveCfg = Debug|ARM64
		{76C98D2A-8B64-4088-BEC3-18AFB55D6BC4}.Debug|ARM64.Build.0 = Debug|ARM64
		{76C98D2A-8B64-4088-BEC3-18AFB55D6BC4}.Debug|ARM64.Deploy.0 = Debug|ARM64
		{76C98D2A-8B64-4088-BEC3-18AFB55D6BC4}.Debug|ARM64EC.ActiveCfg = Debug|ARM64EC
		{76C98D2A-8B64-4088-BEC3-18AFB55D6BC4}.Debug|ARM64EC.Build.0 = Debug|ARM64EC
		{76C98D2A-8B64-4088-BEC3-18AFB55D6BC4}.Debug|ARM64EC.Deploy.0 = Debug|ARM64EC
		{76C98D2A-8B64-4088-BEC3-18AFB55D6BC4}.Debug|Win32.ActiveCfg = Debug|Win32
		{76C98D2A-8B64-4088-BEC3-18AFB55D6BC4}.Debug|Win32.Build.0 = Debug|Win32
		{76C98D2A-8B64-4088-BEC3-18AFB55D6BC4}.Debug|Win32.Deploy.0 = Debug|Win32
		{76C98D2A-8B64-4088-BEC3-18AFB55D6BC4}.Debug|x64.ActiveCfg = Debug|x64
		{76C98D2A-8B64-4088-BEC3-18AFB55D6BC4}.Debug|x64.Build.0 = Debug|x64
		{76C98D2A-8B64-4088-BEC3-18AFB55D6BC4}.Debug|x64.Deploy.0 = Debug|x64
		{76C98D2A-8B64-4088-BEC3-18AFB55D6BC4}.Debug|x86.ActiveCfg = Debug|Win32
		{76C98D2A-8B64-4088-BEC3-18AFB55D6BC4}.Debug|x86.Build.0 = Debug|Win32
		{76C98D2A-8B64-4088-BEC3-18AFB55D6BC4}.Debug|x86.Deploy.0 = Debug|Win32
		{76C98D2A-8B64-4088-BEC3-18AFB55D6BC4}.Release|ARM64.ActiveCfg = Release|ARM64
		{76C98D2A-8B64-4088-BEC3-18AFB55D6BC4}.Release|ARM64.Build.0 = Release|ARM64
		{76C98D2A-8B64-4088-BEC3-18AFB55D6BC4}.Release|ARM64.Deploy.0 = Release|ARM64
		{76C98D2A-8B64-4088-BEC3-18AFB55D6BC4}.Release|ARM64EC.ActiveCfg = Release|ARM64EC
		{76C98D2A-8B64-4088-BEC3-18AFB55D6BC4}.Release|ARM64EC.Build.0 = Release|ARM64EC
		{76C98D2A-8B64-4088-BEC3-18AFB55D6BC4}.Release|ARM64EC.Deploy.0 = Release|ARM64EC
		{76C98D2A-8B64-4088-BEC3-18AFB55D6BC4}.Release|Win32.ActiveCfg = Release|Win32
		{76C98D2A-8B64-4088-BEC3-18AFB55D6BC4}.Release|Win32.Build.0 = Release|Win32
		{76C98D2A-8B64-4088-BEC3-18AFB55D6BC4}.Release|Win32.Deploy.0 = Release|Win32
		{76C98D2A-8B64-4088-BEC3-18AFB55D6BC4}.Release|x64.ActiveCfg = Release|x64
		{76C98D2A-8B64-4088-BEC3-18AFB55D6BC4}.Release|x64.Build.0 = Release|x64
		{76C98D2A-8B64-4088-BEC3-18AFB55D6BC4}.Release|x64.Deploy.0 = Release|x64
		{76C98D2A-8B64-4088-BEC3-18AFB55D6BC4}.Release|x86.ActiveCfg = Release|Win32
		{76C98D2A-8B64-4088-BEC3-18AFB55D6BC4}.Release|x86.Build.0 = Release|Win32
		{76C98D2A-8B64-4088-BEC3-18AFB55D6BC4}.Release|x86.Deploy.0 = Release|Win32
		{3F1C9A26-6C0E-4F5E-9E1B-2A7D4B8E5C31}.Debug|ARM64.ActiveCfg = Debug|ARM64
		{3F1C9A26-6C0E-4F5E-9E1B-2A7D4B8E5C31}.Debug|ARM64.Build.0 = Debug|ARM64
		{3F1C9A26-6C0E-4F5E-9E1B-2A7D4B8E5C31}.Debug|ARM64EC.ActiveCfg = Debug|ARM64EC
		{3F1C9A26-6C0E-4F5E-9E1B-2A7D4B8E5C31}.Debug|ARM64EC.Build.0 = Debug|ARM64EC
		{3F1C9A26-6C0E-4F5E-9E1B-2A7D4B8E5C31}.Debug|Win32.ActiveCfg = Debug|x86
		{3F1C9A26-6C0E-4F5E-9E1B-2A7D4B8E5C31}.Debug|Win32.Build.0 = Debug|x86
		{3F1C9A26-6C0E-4F5E-9E1B-2A7D4B8E5C31}.Debug|x64.ActiveCfg = Debug|x64
		{3F1C9A26-6C0E-4F5E-9E1B-2A7D4B8E5C31}.Debug|x64.Build.0 = Debug|x64
		{3F1C9A26-6C0E-4F5E-9E1B-2A7D4B8E5C31}.Debug|x86.ActiveCfg = Debug|x86
		{3F1C9A26-6C0E-4F5E-9E1B-2A7D4B8E5C31}.Debug|x86.Build.0 = Debug|x86
		{3F1C9A26-6C0E-4F5E-9E1B-2A7D4B8E5C31}.Release|ARM64.ActiveCfg = Release|ARM64
		{3F1C9A26-6C0E-4F5E-9E1B-2A7D4B8E5C31}.Release|ARM64.Build.0 = Release|ARM64
		{3F1C9A26-6C0E-4F5E-9E1B-2A7D4B8E5C31}.Release|ARM64EC.ActiveCfg = Release|ARM64EC
		{3F1C9A26-6C0E-4F5E-9E1B-2A7D4B8E5C31}.Release|ARM64EC.Build.0 = Release|ARM64EC
		{3F1C9A26-6C0E-4F5E-9E1B-2A7D4B8E5C31}.Release|Win32.ActiveCfg = Release|x86
		{3F1C9A26-6C0E-4F5E-9E1B-2A7D4B8E5C31}.Release|Win32.Build.0 = Release|x86
		{3F1C9A26-6C0E-4F5E-9E1B-2A7D4B8E5C31}.Release|x64.ActiveCfg = Release|x64
		{3F1C9A26-6C0E-4F5E-9E1B-2A7D4B8E5C31}.Release|x64.Build.0 = Release|x64
		{3F1C9A26-6C0E-4F5E-9E1B-2A7D4B8E5C31}.Release|x86.ActiveCfg = Release|x86
		{3F1C9A26-6C0E-4F5E-9E1B-2A7D4B8E5C31}.Release|x86.Build.0 = Release|x86
		{9D4E7B12-8A35-4C60-B7F9-1E6C3A5D2F84}.Debug|ARM64.ActiveCfg = Debug|ARM64
		{9D4E7B12-8A35-4C60-B7F9-1E6C3A5D2F84}.Debug|ARM64.Build.0 = Debug|ARM64
		{9D4E7B12-8A35-4C60-B7F9-1E6C3A5D2F84}.Debug|ARM64.Deploy.0 = Debug|ARM64
		{9D4E7B12-8A35-4C60-B7F9-1E6C3A5D2F84}.Debug|ARM64EC.ActiveCfg = Debug|ARM64EC
		{9D4E7B12-8A35-4C60-B7F9-1E6C3A5D2F84}.Debug|ARM64EC.Build.0 = Debug|ARM64EC
		{9D4E7B12-8A35-4C60-B7F9-1E6C3A5D2F84}.Debug|ARM64EC.Deploy.0 = Debug|ARM64EC
		{9D4E7B12-8A35-4C60-B7F9-1E6C3A5D2F84}.Debug|Win32.ActiveCfg = Debug|x86
		{9D4E7B12-8A35-4C60-B7F9-1E6C3A5D2F84}.Debug|Win32.Build.0 = Debug|x86
		{9D4E7B12-8A35-4C60-B7F9-1E6C3A5D2F84}.Debug|Win32.Deploy.0 = Debug|x86
		{9D4E7B12-8A35-4C60-B7F9-1E6C3A5D2F84}.Debug|x64.ActiveCfg = Debug|x64
		{9D4E7B12-8A35-4C60-B7F9-1E6C3A5D2F84}.Debug|x64.Build.0 = Debug|x64
		{9D4E7B12-8A35-4C60-B7F9-1E6C3A5D2F84}.Debug|x64.Deploy.0 = Debug|x64
		{9D4E7B12-8A35-4C60-B7F9-1E6C3A5D2F84}.Debug|x86.ActiveCfg = Debug|x86
		{9D4E7B12-8A35-4C60-B7F9-1E6C3A5D2F84}.Debug|x86.Build.0 = Debug|x86
		{9D4E7B12-8A35-4C60-B7F9-1E6C3A5D2F84}.Debug|x86.Deploy.0 = Debug|x86
		{9D4E7B12-8A35-4C60-B7F9-1E6C3A5D2F84}.Release|ARM64.ActiveCfg = Release|ARM64
		{9D4E7B12-8A35-4C60-B7F9-1E6C3A5D2F84}.Release|ARM64.Build.0 = Release|ARM64
		{9D4E7B12-8A35-4C60-B7F9-1E6C3A5D2F84}.Release|ARM64.Deploy.0 = Release|ARM64
		{9D4E7B12-8A35-4C60-B7F9-1E6C3A5D2F84}.Release|ARM64EC.ActiveCfg = Release|ARM64EC
		{9D4E7B12-8A35-4C60-B7F9-1E6C3A5D2F84}.Release|ARM64EC.Build.0 = Release|ARM64EC
		{9D4E7B12-8A35-4C60-B7F9-1E6C3A5D2F84}.Release|ARM64EC.Deploy.0 = Release|ARM64EC
		{9D4E7B12-8A35-4C60-B7F9-1E6C3A5D2F84}.Release|Win32.ActiveCfg = Release|x86
		{9D4E7B12-8A35-4C60-B7F9-1E6C3A5D2F84}.Release|Win32.Build.0 = Release|x86
		{9D4E7B12-8A35-4C60-B7F9-1E6C3A5D2F84}.Release|Win32.Deploy.0 = Release|x86
		{9D4E7B12-8A35-4C60-B7F9-1E6C3A5D2F84}.Release|x64.ActiveCfg = Release|x64
		{9D4E7B12-8A35-4C60-B7F9-1E6C3A5D2F84}.Release|x64.Build.0 = Release|x64
		{9D4E7B12-8A35-4C60-B7F9-1E6C3A5D2F84}.Release|x64.Deploy.0 = Release|x64
		{9D4E7B12-8A35-4C60-B7F9-1E6C3A5D2F84}.Release|x86.ActiveCfg = Release|x86
		{9D4E7B12-8A35-4C60-B7F9-1E6C3A5D2F84}.Release|x86.Build.0 = Release|x86
		{9D4E7B12-8A35-4C60-B7F9-1E6C3A5D2F84}.Release|x86.Deploy.0 = Release|x86
	EndGlobalSection
	GlobalSection(SolutionProperties) = preSolution
		HideSolutionNode = FALSE
	EndGlobalSection
	GlobalSection(ExtensibilityGlobals) = postSolution
		SolutionGuid = {6B2F8E14-7C3A-4D95-A0E8-5F1B9C4D7A62}
	EndGlobalSection
EndGlobal
